PODS:
  - AFNetworking (3.2.1):
    - AFNetworking/NSURLSession (= 3.2.1)
    - AFNetworking/Reachability (= 3.2.1)
    - AFNetworking/Security (= 3.2.1)
    - AFNetworking/Serialization (= 3.2.1)
    - AFNetworking/UIKit (= 3.2.1)
  - AFNetworking/NSURLSession (3.2.1):
    - AFNetworking/Reachability
    - AFNetworking/Security
    - AFNetworking/Serialization
  - AFNetworking/Reachability (3.2.1)
  - AFNetworking/Security (3.2.1)
  - AFNetworking/Serialization (3.2.1)
  - AFNetworking/UIKit (3.2.1):
    - AFNetworking/NSURLSession
  - NTMonthYearPicker (1.0.0)
  - OCMock (3.4.1)

DEPENDENCIES:
  - AFNetworking (~> 3.2.1)
  - NTMonthYearPicker (~> 1.0)
  - OCMock (~> 3.4.1)

SPEC REPOS:
  https://github.com/cocoapods/specs.git:
    - AFNetworking
    - NTMonthYearPicker
    - OCMock

SPEC CHECKSUMS:
  AFNetworking: b6f891fdfaed196b46c7a83cf209e09697b94057
  NTMonthYearPicker: 27e1739d6e29428628c8275a7c1a9e4835c352f4
  OCMock: 2cd0716969bab32a2283ff3a46fd26a8c8b4c5e3

PODFILE CHECKSUM: fa0ef27d4a223ed63718b123e4ccf39788cfb3c9

COCOAPODS: 1.5.3
