// !$*UTF8*$!
{
	archiveVersion = 1;
	classes = {
	};
	objectVersion = 46;
	objects = {

/* Begin PBXBuildFile section */
		810A924E179CCEC800DAA963 /* libzbar.a in Frameworks */ = {isa = PBXBuildFile; fileRef = 810A9247179CCEC800DAA963 /* libzbar.a */; };
		810A924F179CCEC800DAA963 /* zbar-back.png in Resources */ = {isa = PBXBuildFile; fileRef = 810A9249179CCEC800DAA963 /* zbar-back.png */; };
		810A9250179CCEC800DAA963 /* zbar-back.png in Resources */ = {isa = PBXBuildFile; fileRef = 810A9249179CCEC800DAA963 /* zbar-back.png */; };
		810A9251179CCEC800DAA963 /* zbar-help.html in Resources */ = {isa = PBXBuildFile; fileRef = 810A924A179CCEC800DAA963 /* zbar-help.html */; };
		810A9252179CCEC800DAA963 /* zbar-help.html in Resources */ = {isa = PBXBuildFile; fileRef = 810A924A179CCEC800DAA963 /* zbar-help.html */; };
		810A9253179CCEC800DAA963 /* zbar-helpicons.png in Resources */ = {isa = PBXBuildFile; fileRef = 810A924B179CCEC800DAA963 /* zbar-helpicons.png */; };
		810A9254179CCEC800DAA963 /* zbar-helpicons.png in Resources */ = {isa = PBXBuildFile; fileRef = 810A924B179CCEC800DAA963 /* zbar-helpicons.png */; };
		810A9255179CCEC800DAA963 /* zbar-samples.png in Resources */ = {isa = PBXBuildFile; fileRef = 810A924C179CCEC800DAA963 /* zbar-samples.png */; };
		810A9256179CCEC800DAA963 /* zbar-samples.png in Resources */ = {isa = PBXBuildFile; fileRef = 810A924C179CCEC800DAA963 /* zbar-samples.png */; };
		810A9257179CD10000DAA963 /* libzbar.a in Frameworks */ = {isa = PBXBuildFile; fileRef = 810A9247179CCEC800DAA963 /* libzbar.a */; };
		810A926C179CD1C500DAA963 /* AFHTTPClient.m in Sources */ = {isa = PBXBuildFile; fileRef = 810A925A179CD1C500DAA963 /* AFHTTPClient.m */; };
		810A926D179CD1C500DAA963 /* AFHTTPClient.m in Sources */ = {isa = PBXBuildFile; fileRef = 810A925A179CD1C500DAA963 /* AFHTTPClient.m */; };
		810A926E179CD1C500DAA963 /* AFHTTPRequestOperation.m in Sources */ = {isa = PBXBuildFile; fileRef = 810A925C179CD1C500DAA963 /* AFHTTPRequestOperation.m */; };
		810A926F179CD1C500DAA963 /* AFHTTPRequestOperation.m in Sources */ = {isa = PBXBuildFile; fileRef = 810A925C179CD1C500DAA963 /* AFHTTPRequestOperation.m */; };
		810A9270179CD1C500DAA963 /* AFImageRequestOperation.m in Sources */ = {isa = PBXBuildFile; fileRef = 810A925E179CD1C500DAA963 /* AFImageRequestOperation.m */; };
		810A9271179CD1C500DAA963 /* AFImageRequestOperation.m in Sources */ = {isa = PBXBuildFile; fileRef = 810A925E179CD1C500DAA963 /* AFImageRequestOperation.m */; };
		810A9272179CD1C500DAA963 /* AFJSONRequestOperation.m in Sources */ = {isa = PBXBuildFile; fileRef = 810A9260179CD1C500DAA963 /* AFJSONRequestOperation.m */; };
		810A9273179CD1C500DAA963 /* AFJSONRequestOperation.m in Sources */ = {isa = PBXBuildFile; fileRef = 810A9260179CD1C500DAA963 /* AFJSONRequestOperation.m */; };
		810A9274179CD1C500DAA963 /* AFNetworkActivityIndicatorManager.m in Sources */ = {isa = PBXBuildFile; fileRef = 810A9262179CD1C500DAA963 /* AFNetworkActivityIndicatorManager.m */; };
		810A9275179CD1C500DAA963 /* AFNetworkActivityIndicatorManager.m in Sources */ = {isa = PBXBuildFile; fileRef = 810A9262179CD1C500DAA963 /* AFNetworkActivityIndicatorManager.m */; };
		810A9276179CD1C500DAA963 /* AFPropertyListRequestOperation.m in Sources */ = {isa = PBXBuildFile; fileRef = 810A9265179CD1C500DAA963 /* AFPropertyListRequestOperation.m */; };
		810A9277179CD1C500DAA963 /* AFPropertyListRequestOperation.m in Sources */ = {isa = PBXBuildFile; fileRef = 810A9265179CD1C500DAA963 /* AFPropertyListRequestOperation.m */; };
		810A9278179CD1C500DAA963 /* AFURLConnectionOperation.m in Sources */ = {isa = PBXBuildFile; fileRef = 810A9267179CD1C500DAA963 /* AFURLConnectionOperation.m */; };
		810A9279179CD1C500DAA963 /* AFURLConnectionOperation.m in Sources */ = {isa = PBXBuildFile; fileRef = 810A9267179CD1C500DAA963 /* AFURLConnectionOperation.m */; };
		810A927A179CD1C500DAA963 /* AFXMLRequestOperation.m in Sources */ = {isa = PBXBuildFile; fileRef = 810A9269179CD1C500DAA963 /* AFXMLRequestOperation.m */; };
		810A927B179CD1C500DAA963 /* AFXMLRequestOperation.m in Sources */ = {isa = PBXBuildFile; fileRef = 810A9269179CD1C500DAA963 /* AFXMLRequestOperation.m */; };
		810A927C179CD1C500DAA963 /* UIImageView+AFNetworking.m in Sources */ = {isa = PBXBuildFile; fileRef = 810A926B179CD1C500DAA963 /* UIImageView+AFNetworking.m */; };
		810A927D179CD1C500DAA963 /* UIImageView+AFNetworking.m in Sources */ = {isa = PBXBuildFile; fileRef = 810A926B179CD1C500DAA963 /* UIImageView+AFNetworking.m */; };
		810A928D179CD50A00DAA963 /* Security.framework in Frameworks */ = {isa = PBXBuildFile; fileRef = 810A928C179CD50A00DAA963 /* Security.framework */; };
		810A928F179CFED900DAA963 /* Default-568h@2x.png in Resources */ = {isa = PBXBuildFile; fileRef = 810A928E179CFED900DAA963 /* Default-568h@2x.png */; };
		8129BA56153D46F100CB5896 /* Reachability.m in Sources */ = {isa = PBXBuildFile; fileRef = 8129BA55153D46F100CB5896 /* Reachability.m */; };
		8129BA59153D480100CB5896 /* SystemConfiguration.framework in Frameworks */ = {isa = PBXBuildFile; fileRef = 8129BA58153D480100CB5896 /* SystemConfiguration.framework */; };
		812B9A4917AF6D3B0001A5A8 /* fontawesome-webfont.ttf in Resources */ = {isa = PBXBuildFile; fileRef = 812B9A4817AF6D3B0001A5A8 /* fontawesome-webfont.ttf */; };
		812B9A4A17AF6D3B0001A5A8 /* fontawesome-webfont.ttf in Resources */ = {isa = PBXBuildFile; fileRef = 812B9A4817AF6D3B0001A5A8 /* fontawesome-webfont.ttf */; };
		812B9A4D17AF7DF50001A5A8 /* SettingsViewController.m in Sources */ = {isa = PBXBuildFile; fileRef = 812B9A4C17AF7DF50001A5A8 /* SettingsViewController.m */; };
		812B9A4E17AF7DF50001A5A8 /* SettingsViewController.m in Sources */ = {isa = PBXBuildFile; fileRef = 812B9A4C17AF7DF50001A5A8 /* SettingsViewController.m */; };
		812C922D153880D100B355F9 /* CHANGELOG.md in Resources */ = {isa = PBXBuildFile; fileRef = 812C9229153880D100B355F9 /* CHANGELOG.md */; };
		812C922E153880D100B355F9 /* JSONKit.m in Sources */ = {isa = PBXBuildFile; fileRef = 812C922B153880D100B355F9 /* JSONKit.m */; settings = {COMPILER_FLAGS = "-fno-objc-arc"; }; };
		812C922F153880D100B355F9 /* README.md in Resources */ = {isa = PBXBuildFile; fileRef = 812C922C153880D100B355F9 /* README.md */; };
		812E6F19153DB7E500009A04 /* icon-72.png in Resources */ = {isa = PBXBuildFile; fileRef = 812E6F16153DB7E500009A04 /* icon-72.png */; };
		812E6F1A153DB7E500009A04 /* icon.png in Resources */ = {isa = PBXBuildFile; fileRef = 812E6F17153DB7E500009A04 /* icon.png */; };
		812E6F1B153DB7E500009A04 /* icon@2x.png in Resources */ = {isa = PBXBuildFile; fileRef = 812E6F18153DB7E500009A04 /* icon@2x.png */; };
		8148C65B17B0B9530037EE81 /* SettingsDetailViewController.m in Sources */ = {isa = PBXBuildFile; fileRef = 8148C65A17B0B9530037EE81 /* SettingsDetailViewController.m */; };
		8148C65C17B0B9530037EE81 /* SettingsDetailViewController.m in Sources */ = {isa = PBXBuildFile; fileRef = 8148C65A17B0B9530037EE81 /* SettingsDetailViewController.m */; };
		819273681535D56E0060859C /* UIKit.framework in Frameworks */ = {isa = PBXBuildFile; fileRef = 819273671535D56E0060859C /* UIKit.framework */; };
		8192736A1535D56E0060859C /* Foundation.framework in Frameworks */ = {isa = PBXBuildFile; fileRef = 819273691535D56E0060859C /* Foundation.framework */; };
		8192736C1535D56E0060859C /* CoreGraphics.framework in Frameworks */ = {isa = PBXBuildFile; fileRef = 8192736B1535D56E0060859C /* CoreGraphics.framework */; };
		819273721535D56E0060859C /* InfoPlist.strings in Resources */ = {isa = PBXBuildFile; fileRef = 819273701535D56E0060859C /* InfoPlist.strings */; };
		819273741535D56E0060859C /* main.m in Sources */ = {isa = PBXBuildFile; fileRef = 819273731535D56E0060859C /* main.m */; };
		819273781535D56E0060859C /* AppDelegate.m in Sources */ = {isa = PBXBuildFile; fileRef = 819273771535D56E0060859C /* AppDelegate.m */; };
		819273811535D56E0060859C /* MasterViewController.m in Sources */ = {isa = PBXBuildFile; fileRef = 819273801535D56E0060859C /* MasterViewController.m */; };
		8192738C1535D56E0060859C /* SenTestingKit.framework in Frameworks */ = {isa = PBXBuildFile; fileRef = 8192738B1535D56E0060859C /* SenTestingKit.framework */; };
		8192738D1535D56E0060859C /* UIKit.framework in Frameworks */ = {isa = PBXBuildFile; fileRef = 819273671535D56E0060859C /* UIKit.framework */; };
		8192738E1535D56E0060859C /* Foundation.framework in Frameworks */ = {isa = PBXBuildFile; fileRef = 819273691535D56E0060859C /* Foundation.framework */; };
		819273961535D56E0060859C /* InfoPlist.strings in Resources */ = {isa = PBXBuildFile; fileRef = 819273941535D56E0060859C /* InfoPlist.strings */; };
		819273991535D56E0060859C /* generikaTests.m in Sources */ = {isa = PBXBuildFile; fileRef = 819273981535D56E0060859C /* generikaTests.m */; };
		819273A31535D5D90060859C /* AVFoundation.framework in Frameworks */ = {isa = PBXBuildFile; fileRef = 819273A21535D5D90060859C /* AVFoundation.framework */; };
		819273A51535D6780060859C /* CoreMedia.framework in Frameworks */ = {isa = PBXBuildFile; fileRef = 819273A41535D6780060859C /* CoreMedia.framework */; };
		819273A71535D6870060859C /* CoreVideo.framework in Frameworks */ = {isa = PBXBuildFile; fileRef = 819273A61535D6870060859C /* CoreVideo.framework */; };
		819273A91535D6990060859C /* QuartzCore.framework in Frameworks */ = {isa = PBXBuildFile; fileRef = 819273A81535D6990060859C /* QuartzCore.framework */; };
		819273AB1535D6B00060859C /* libiconv.dylib in Frameworks */ = {isa = PBXBuildFile; fileRef = 819273AA1535D6B00060859C /* libiconv.dylib */; };
		819E165917B20E8B00B315B3 /* Constant.m in Sources */ = {isa = PBXBuildFile; fileRef = 819E165817B20E8B00B315B3 /* Constant.m */; };
		819E165A17B20E8B00B315B3 /* Constant.m in Sources */ = {isa = PBXBuildFile; fileRef = 819E165817B20E8B00B315B3 /* Constant.m */; };
		81B86220153704330054EA0A /* WebViewController.m in Sources */ = {isa = PBXBuildFile; fileRef = 81B8621F153704330054EA0A /* WebViewController.m */; settings = {COMPILER_FLAGS = "-fno-objc-arc"; }; };
/* End PBXBuildFile section */

/* Begin PBXContainerItemProxy section */
		8192738F1535D56E0060859C /* PBXContainerItemProxy */ = {
			isa = PBXContainerItemProxy;
			containerPortal = 8192735A1535D56D0060859C /* Project object */;
			proxyType = 1;
			remoteGlobalIDString = 819273621535D56E0060859C;
			remoteInfo = generika;
		};
/* End PBXContainerItemProxy section */

/* Begin PBXFileReference section */
		810A9233179CCEC800DAA963 /* Decoder.h */ = {isa = PBXFileReference; fileEncoding = 4; lastKnownFileType = sourcecode.c.h; path = Decoder.h; sourceTree = "<group>"; };
		810A9234179CCEC800DAA963 /* Exception.h */ = {isa = PBXFileReference; fileEncoding = 4; lastKnownFileType = sourcecode.c.h; path = Exception.h; sourceTree = "<group>"; };
		810A9235179CCEC800DAA963 /* Image.h */ = {isa = PBXFileReference; fileEncoding = 4; lastKnownFileType = sourcecode.c.h; path = Image.h; sourceTree = "<group>"; };
		810A9236179CCEC800DAA963 /* ImageScanner.h */ = {isa = PBXFileReference; fileEncoding = 4; lastKnownFileType = sourcecode.c.h; path = ImageScanner.h; sourceTree = "<group>"; };
		810A9237179CCEC800DAA963 /* Processor.h */ = {isa = PBXFileReference; fileEncoding = 4; lastKnownFileType = sourcecode.c.h; path = Processor.h; sourceTree = "<group>"; };
		810A9238179CCEC800DAA963 /* Scanner.h */ = {isa = PBXFileReference; fileEncoding = 4; lastKnownFileType = sourcecode.c.h; path = Scanner.h; sourceTree = "<group>"; };
		810A9239179CCEC800DAA963 /* Symbol.h */ = {isa = PBXFileReference; fileEncoding = 4; lastKnownFileType = sourcecode.c.h; path = Symbol.h; sourceTree = "<group>"; };
		810A923A179CCEC800DAA963 /* Video.h */ = {isa = PBXFileReference; fileEncoding = 4; lastKnownFileType = sourcecode.c.h; path = Video.h; sourceTree = "<group>"; };
		810A923B179CCEC800DAA963 /* Window.h */ = {isa = PBXFileReference; fileEncoding = 4; lastKnownFileType = sourcecode.c.h; path = Window.h; sourceTree = "<group>"; };
		810A923C179CCEC800DAA963 /* zbar.h */ = {isa = PBXFileReference; fileEncoding = 4; lastKnownFileType = sourcecode.c.h; path = zbar.h; sourceTree = "<group>"; };
		810A923D179CCEC800DAA963 /* ZBarCameraSimulator.h */ = {isa = PBXFileReference; fileEncoding = 4; lastKnownFileType = sourcecode.c.h; path = ZBarCameraSimulator.h; sourceTree = "<group>"; };
		810A923E179CCEC800DAA963 /* ZBarCaptureReader.h */ = {isa = PBXFileReference; fileEncoding = 4; lastKnownFileType = sourcecode.c.h; path = ZBarCaptureReader.h; sourceTree = "<group>"; };
		810A923F179CCEC800DAA963 /* ZBarHelpController.h */ = {isa = PBXFileReference; fileEncoding = 4; lastKnownFileType = sourcecode.c.h; path = ZBarHelpController.h; sourceTree = "<group>"; };
		810A9240179CCEC800DAA963 /* ZBarImage.h */ = {isa = PBXFileReference; fileEncoding = 4; lastKnownFileType = sourcecode.c.h; path = ZBarImage.h; sourceTree = "<group>"; };
		810A9241179CCEC800DAA963 /* ZBarImageScanner.h */ = {isa = PBXFileReference; fileEncoding = 4; lastKnownFileType = sourcecode.c.h; path = ZBarImageScanner.h; sourceTree = "<group>"; };
		810A9242179CCEC800DAA963 /* ZBarReaderController.h */ = {isa = PBXFileReference; fileEncoding = 4; lastKnownFileType = sourcecode.c.h; path = ZBarReaderController.h; sourceTree = "<group>"; };
		810A9243179CCEC800DAA963 /* ZBarReaderView.h */ = {isa = PBXFileReference; fileEncoding = 4; lastKnownFileType = sourcecode.c.h; path = ZBarReaderView.h; sourceTree = "<group>"; };
		810A9244179CCEC800DAA963 /* ZBarReaderViewController.h */ = {isa = PBXFileReference; fileEncoding = 4; lastKnownFileType = sourcecode.c.h; path = ZBarReaderViewController.h; sourceTree = "<group>"; };
		810A9245179CCEC800DAA963 /* ZBarSDK.h */ = {isa = PBXFileReference; fileEncoding = 4; lastKnownFileType = sourcecode.c.h; path = ZBarSDK.h; sourceTree = "<group>"; };
		810A9246179CCEC800DAA963 /* ZBarSymbol.h */ = {isa = PBXFileReference; fileEncoding = 4; lastKnownFileType = sourcecode.c.h; path = ZBarSymbol.h; sourceTree = "<group>"; };
		810A9247179CCEC800DAA963 /* libzbar.a */ = {isa = PBXFileReference; lastKnownFileType = archive.ar; path = libzbar.a; sourceTree = "<group>"; };
		810A9249179CCEC800DAA963 /* zbar-back.png */ = {isa = PBXFileReference; lastKnownFileType = image.png; path = "zbar-back.png"; sourceTree = "<group>"; };
		810A924A179CCEC800DAA963 /* zbar-help.html */ = {isa = PBXFileReference; fileEncoding = 4; lastKnownFileType = text.html; path = "zbar-help.html"; sourceTree = "<group>"; };
		810A924B179CCEC800DAA963 /* zbar-helpicons.png */ = {isa = PBXFileReference; lastKnownFileType = image.png; path = "zbar-helpicons.png"; sourceTree = "<group>"; };
		810A924C179CCEC800DAA963 /* zbar-samples.png */ = {isa = PBXFileReference; lastKnownFileType = image.png; path = "zbar-samples.png"; sourceTree = "<group>"; };
		810A9259179CD1C500DAA963 /* AFHTTPClient.h */ = {isa = PBXFileReference; fileEncoding = 4; lastKnownFileType = sourcecode.c.h; path = AFHTTPClient.h; sourceTree = "<group>"; };
		810A925A179CD1C500DAA963 /* AFHTTPClient.m */ = {isa = PBXFileReference; fileEncoding = 4; lastKnownFileType = sourcecode.c.objc; path = AFHTTPClient.m; sourceTree = "<group>"; };
		810A925B179CD1C500DAA963 /* AFHTTPRequestOperation.h */ = {isa = PBXFileReference; fileEncoding = 4; lastKnownFileType = sourcecode.c.h; path = AFHTTPRequestOperation.h; sourceTree = "<group>"; };
		810A925C179CD1C500DAA963 /* AFHTTPRequestOperation.m */ = {isa = PBXFileReference; fileEncoding = 4; lastKnownFileType = sourcecode.c.objc; path = AFHTTPRequestOperation.m; sourceTree = "<group>"; };
		810A925D179CD1C500DAA963 /* AFImageRequestOperation.h */ = {isa = PBXFileReference; fileEncoding = 4; lastKnownFileType = sourcecode.c.h; path = AFImageRequestOperation.h; sourceTree = "<group>"; };
		810A925E179CD1C500DAA963 /* AFImageRequestOperation.m */ = {isa = PBXFileReference; fileEncoding = 4; lastKnownFileType = sourcecode.c.objc; path = AFImageRequestOperation.m; sourceTree = "<group>"; };
		810A925F179CD1C500DAA963 /* AFJSONRequestOperation.h */ = {isa = PBXFileReference; fileEncoding = 4; lastKnownFileType = sourcecode.c.h; path = AFJSONRequestOperation.h; sourceTree = "<group>"; };
		810A9260179CD1C500DAA963 /* AFJSONRequestOperation.m */ = {isa = PBXFileReference; fileEncoding = 4; lastKnownFileType = sourcecode.c.objc; path = AFJSONRequestOperation.m; sourceTree = "<group>"; };
		810A9261179CD1C500DAA963 /* AFNetworkActivityIndicatorManager.h */ = {isa = PBXFileReference; fileEncoding = 4; lastKnownFileType = sourcecode.c.h; path = AFNetworkActivityIndicatorManager.h; sourceTree = "<group>"; };
		810A9262179CD1C500DAA963 /* AFNetworkActivityIndicatorManager.m */ = {isa = PBXFileReference; fileEncoding = 4; lastKnownFileType = sourcecode.c.objc; path = AFNetworkActivityIndicatorManager.m; sourceTree = "<group>"; };
		810A9263179CD1C500DAA963 /* AFNetworking.h */ = {isa = PBXFileReference; fileEncoding = 4; lastKnownFileType = sourcecode.c.h; path = AFNetworking.h; sourceTree = "<group>"; };
		810A9264179CD1C500DAA963 /* AFPropertyListRequestOperation.h */ = {isa = PBXFileReference; fileEncoding = 4; lastKnownFileType = sourcecode.c.h; path = AFPropertyListRequestOperation.h; sourceTree = "<group>"; };
		810A9265179CD1C500DAA963 /* AFPropertyListRequestOperation.m */ = {isa = PBXFileReference; fileEncoding = 4; lastKnownFileType = sourcecode.c.objc; path = AFPropertyListRequestOperation.m; sourceTree = "<group>"; };
		810A9266179CD1C500DAA963 /* AFURLConnectionOperation.h */ = {isa = PBXFileReference; fileEncoding = 4; lastKnownFileType = sourcecode.c.h; path = AFURLConnectionOperation.h; sourceTree = "<group>"; };
		810A9267179CD1C500DAA963 /* AFURLConnectionOperation.m */ = {isa = PBXFileReference; fileEncoding = 4; lastKnownFileType = sourcecode.c.objc; path = AFURLConnectionOperation.m; sourceTree = "<group>"; };
		810A9268179CD1C500DAA963 /* AFXMLRequestOperation.h */ = {isa = PBXFileReference; fileEncoding = 4; lastKnownFileType = sourcecode.c.h; path = AFXMLRequestOperation.h; sourceTree = "<group>"; };
		810A9269179CD1C500DAA963 /* AFXMLRequestOperation.m */ = {isa = PBXFileReference; fileEncoding = 4; lastKnownFileType = sourcecode.c.objc; path = AFXMLRequestOperation.m; sourceTree = "<group>"; };
		810A926A179CD1C500DAA963 /* UIImageView+AFNetworking.h */ = {isa = PBXFileReference; fileEncoding = 4; lastKnownFileType = sourcecode.c.h; path = "UIImageView+AFNetworking.h"; sourceTree = "<group>"; };
		810A926B179CD1C500DAA963 /* UIImageView+AFNetworking.m */ = {isa = PBXFileReference; fileEncoding = 4; lastKnownFileType = sourcecode.c.objc; path = "UIImageView+AFNetworking.m"; sourceTree = "<group>"; };
		810A928C179CD50A00DAA963 /* Security.framework */ = {isa = PBXFileReference; lastKnownFileType = wrapper.framework; name = Security.framework; path = System/Library/Frameworks/Security.framework; sourceTree = SDKROOT; };
		810A928E179CFED900DAA963 /* Default-568h@2x.png */ = {isa = PBXFileReference; lastKnownFileType = image.png; name = "Default-568h@2x.png"; path = "../Default-568h@2x.png"; sourceTree = "<group>"; };
		8129BA54153D46F100CB5896 /* Reachability.h */ = {isa = PBXFileReference; fileEncoding = 4; lastKnownFileType = sourcecode.c.h; path = Reachability.h; sourceTree = "<group>"; };
		8129BA55153D46F100CB5896 /* Reachability.m */ = {isa = PBXFileReference; fileEncoding = 4; lastKnownFileType = sourcecode.c.objc; path = Reachability.m; sourceTree = "<group>"; };
		8129BA58153D480100CB5896 /* SystemConfiguration.framework */ = {isa = PBXFileReference; lastKnownFileType = wrapper.framework; name = SystemConfiguration.framework; path = System/Library/Frameworks/SystemConfiguration.framework; sourceTree = SDKROOT; };
		812B9A4817AF6D3B0001A5A8 /* fontawesome-webfont.ttf */ = {isa = PBXFileReference; lastKnownFileType = file; path = "fontawesome-webfont.ttf"; sourceTree = "<group>"; };
		812B9A4B17AF7DF50001A5A8 /* SettingsViewController.h */ = {isa = PBXFileReference; fileEncoding = 4; lastKnownFileType = sourcecode.c.h; path = SettingsViewController.h; sourceTree = "<group>"; };
		812B9A4C17AF7DF50001A5A8 /* SettingsViewController.m */ = {isa = PBXFileReference; fileEncoding = 4; lastKnownFileType = sourcecode.c.objc; path = SettingsViewController.m; sourceTree = "<group>"; };
		812C9229153880D100B355F9 /* CHANGELOG.md */ = {isa = PBXFileReference; fileEncoding = 4; lastKnownFileType = text; path = CHANGELOG.md; sourceTree = "<group>"; };
		812C922A153880D100B355F9 /* JSONKit.h */ = {isa = PBXFileReference; fileEncoding = 4; lastKnownFileType = sourcecode.c.h; path = JSONKit.h; sourceTree = "<group>"; };
		812C922B153880D100B355F9 /* JSONKit.m */ = {isa = PBXFileReference; fileEncoding = 4; lastKnownFileType = sourcecode.c.objc; path = JSONKit.m; sourceTree = "<group>"; };
		812C922C153880D100B355F9 /* README.md */ = {isa = PBXFileReference; fileEncoding = 4; lastKnownFileType = text; path = README.md; sourceTree = "<group>"; };
		812E6F16153DB7E500009A04 /* icon-72.png */ = {isa = PBXFileReference; lastKnownFileType = image.png; name = "icon-72.png"; path = "resources/icon-72.png"; sourceTree = "<group>"; };
		812E6F17153DB7E500009A04 /* icon.png */ = {isa = PBXFileReference; lastKnownFileType = image.png; name = icon.png; path = resources/icon.png; sourceTree = "<group>"; };
		812E6F18153DB7E500009A04 /* icon@2x.png */ = {isa = PBXFileReference; lastKnownFileType = image.png; name = "icon@2x.png"; path = "resources/icon@2x.png"; sourceTree = "<group>"; };
		8148C65917B0B9530037EE81 /* SettingsDetailViewController.h */ = {isa = PBXFileReference; fileEncoding = 4; lastKnownFileType = sourcecode.c.h; path = SettingsDetailViewController.h; sourceTree = "<group>"; };
		8148C65A17B0B9530037EE81 /* SettingsDetailViewController.m */ = {isa = PBXFileReference; fileEncoding = 4; lastKnownFileType = sourcecode.c.objc; path = SettingsDetailViewController.m; sourceTree = "<group>"; };
		819273631535D56E0060859C /* generika.app */ = {isa = PBXFileReference; explicitFileType = wrapper.application; includeInIndex = 0; path = generika.app; sourceTree = BUILT_PRODUCTS_DIR; };
		819273671535D56E0060859C /* UIKit.framework */ = {isa = PBXFileReference; lastKnownFileType = wrapper.framework; name = UIKit.framework; path = System/Library/Frameworks/UIKit.framework; sourceTree = SDKROOT; };
		819273691535D56E0060859C /* Foundation.framework */ = {isa = PBXFileReference; lastKnownFileType = wrapper.framework; name = Foundation.framework; path = System/Library/Frameworks/Foundation.framework; sourceTree = SDKROOT; };
		8192736B1535D56E0060859C /* CoreGraphics.framework */ = {isa = PBXFileReference; lastKnownFileType = wrapper.framework; name = CoreGraphics.framework; path = System/Library/Frameworks/CoreGraphics.framework; sourceTree = SDKROOT; };
		8192736F1535D56E0060859C /* generika-Info.plist */ = {isa = PBXFileReference; lastKnownFileType = text.plist.xml; path = "generika-Info.plist"; sourceTree = "<group>"; };
		819273711535D56E0060859C /* en */ = {isa = PBXFileReference; lastKnownFileType = text.plist.strings; name = en; path = en.lproj/InfoPlist.strings; sourceTree = "<group>"; };
		819273731535D56E0060859C /* main.m */ = {isa = PBXFileReference; lastKnownFileType = sourcecode.c.objc; path = main.m; sourceTree = "<group>"; };
		819273751535D56E0060859C /* generika-Prefix.pch */ = {isa = PBXFileReference; lastKnownFileType = sourcecode.c.h; path = "generika-Prefix.pch"; sourceTree = "<group>"; };
		819273761535D56E0060859C /* AppDelegate.h */ = {isa = PBXFileReference; lastKnownFileType = sourcecode.c.h; path = AppDelegate.h; sourceTree = "<group>"; };
		819273771535D56E0060859C /* AppDelegate.m */ = {isa = PBXFileReference; lastKnownFileType = sourcecode.c.objc; path = AppDelegate.m; sourceTree = "<group>"; };
		8192737F1535D56E0060859C /* MasterViewController.h */ = {isa = PBXFileReference; lastKnownFileType = sourcecode.c.h; path = MasterViewController.h; sourceTree = "<group>"; };
		819273801535D56E0060859C /* MasterViewController.m */ = {isa = PBXFileReference; lastKnownFileType = sourcecode.c.objc; path = MasterViewController.m; sourceTree = "<group>"; };
		8192738A1535D56E0060859C /* generikaTests.octest */ = {isa = PBXFileReference; explicitFileType = wrapper.cfbundle; includeInIndex = 0; path = generikaTests.octest; sourceTree = BUILT_PRODUCTS_DIR; };
		8192738B1535D56E0060859C /* SenTestingKit.framework */ = {isa = PBXFileReference; lastKnownFileType = wrapper.framework; name = SenTestingKit.framework; path = Library/Frameworks/SenTestingKit.framework; sourceTree = DEVELOPER_DIR; };
		819273931535D56E0060859C /* generikaTests-Info.plist */ = {isa = PBXFileReference; lastKnownFileType = text.plist.xml; path = "generikaTests-Info.plist"; sourceTree = "<group>"; };
		819273951535D56E0060859C /* en */ = {isa = PBXFileReference; lastKnownFileType = text.plist.strings; name = en; path = en.lproj/InfoPlist.strings; sourceTree = "<group>"; };
		819273971535D56E0060859C /* generikaTests.h */ = {isa = PBXFileReference; lastKnownFileType = sourcecode.c.h; path = generikaTests.h; sourceTree = "<group>"; };
		819273981535D56E0060859C /* generikaTests.m */ = {isa = PBXFileReference; lastKnownFileType = sourcecode.c.objc; path = generikaTests.m; sourceTree = "<group>"; };
		819273A21535D5D90060859C /* AVFoundation.framework */ = {isa = PBXFileReference; lastKnownFileType = wrapper.framework; name = AVFoundation.framework; path = System/Library/Frameworks/AVFoundation.framework; sourceTree = SDKROOT; };
		819273A41535D6780060859C /* CoreMedia.framework */ = {isa = PBXFileReference; lastKnownFileType = wrapper.framework; name = CoreMedia.framework; path = System/Library/Frameworks/CoreMedia.framework; sourceTree = SDKROOT; };
		819273A61535D6870060859C /* CoreVideo.framework */ = {isa = PBXFileReference; lastKnownFileType = wrapper.framework; name = CoreVideo.framework; path = System/Library/Frameworks/CoreVideo.framework; sourceTree = SDKROOT; };
		819273A81535D6990060859C /* QuartzCore.framework */ = {isa = PBXFileReference; lastKnownFileType = wrapper.framework; name = QuartzCore.framework; path = System/Library/Frameworks/QuartzCore.framework; sourceTree = SDKROOT; };
		819273AA1535D6B00060859C /* libiconv.dylib */ = {isa = PBXFileReference; lastKnownFileType = "compiled.mach-o.dylib"; name = libiconv.dylib; path = usr/lib/libiconv.dylib; sourceTree = SDKROOT; };
		819E165717B20E8B00B315B3 /* Constant.h */ = {isa = PBXFileReference; fileEncoding = 4; lastKnownFileType = sourcecode.c.h; path = Constant.h; sourceTree = "<group>"; };
		819E165817B20E8B00B315B3 /* Constant.m */ = {isa = PBXFileReference; fileEncoding = 4; lastKnownFileType = sourcecode.c.objc; path = Constant.m; sourceTree = "<group>"; };
		81B8621E153704330054EA0A /* WebViewController.h */ = {isa = PBXFileReference; fileEncoding = 4; lastKnownFileType = sourcecode.c.h; path = WebViewController.h; sourceTree = "<group>"; };
		81B8621F153704330054EA0A /* WebViewController.m */ = {isa = PBXFileReference; fileEncoding = 4; lastKnownFileType = sourcecode.c.objc; path = WebViewController.m; sourceTree = "<group>"; };
/* End PBXFileReference section */

/* Begin PBXFrameworksBuildPhase section */
		819273601535D56E0060859C /* Frameworks */ = {
			isa = PBXFrameworksBuildPhase;
			buildActionMask = 2147483647;
			files = (
				810A928D179CD50A00DAA963 /* Security.framework in Frameworks */,
				810A9257179CD10000DAA963 /* libzbar.a in Frameworks */,
				8129BA59153D480100CB5896 /* SystemConfiguration.framework in Frameworks */,
				819273AB1535D6B00060859C /* libiconv.dylib in Frameworks */,
				819273A91535D6990060859C /* QuartzCore.framework in Frameworks */,
				819273A71535D6870060859C /* CoreVideo.framework in Frameworks */,
				819273A51535D6780060859C /* CoreMedia.framework in Frameworks */,
				819273A31535D5D90060859C /* AVFoundation.framework in Frameworks */,
				819273681535D56E0060859C /* UIKit.framework in Frameworks */,
				8192736A1535D56E0060859C /* Foundation.framework in Frameworks */,
				8192736C1535D56E0060859C /* CoreGraphics.framework in Frameworks */,
			);
			runOnlyForDeploymentPostprocessing = 0;
		};
		819273861535D56E0060859C /* Frameworks */ = {
			isa = PBXFrameworksBuildPhase;
			buildActionMask = 2147483647;
			files = (
				8192738C1535D56E0060859C /* SenTestingKit.framework in Frameworks */,
				8192738D1535D56E0060859C /* UIKit.framework in Frameworks */,
				8192738E1535D56E0060859C /* Foundation.framework in Frameworks */,
				810A924E179CCEC800DAA963 /* libzbar.a in Frameworks */,
			);
			runOnlyForDeploymentPostprocessing = 0;
		};
/* End PBXFrameworksBuildPhase section */

/* Begin PBXGroup section */
		810A922F179CCEC800DAA963 /* ZBarSDK */ = {
			isa = PBXGroup;
			children = (
				810A9230179CCEC800DAA963 /* Headers */,
				810A9247179CCEC800DAA963 /* libzbar.a */,
				810A9248179CCEC800DAA963 /* Resources */,
			);
			path = ZBarSDK;
			sourceTree = "<group>";
		};
		810A9230179CCEC800DAA963 /* Headers */ = {
			isa = PBXGroup;
			children = (
				810A9231179CCEC800DAA963 /* ZBarSDK */,
			);
			path = Headers;
			sourceTree = "<group>";
		};
		810A9231179CCEC800DAA963 /* ZBarSDK */ = {
			isa = PBXGroup;
			children = (
				810A9232179CCEC800DAA963 /* zbar */,
				810A923C179CCEC800DAA963 /* zbar.h */,
				810A923D179CCEC800DAA963 /* ZBarCameraSimulator.h */,
				810A923E179CCEC800DAA963 /* ZBarCaptureReader.h */,
				810A923F179CCEC800DAA963 /* ZBarHelpController.h */,
				810A9240179CCEC800DAA963 /* ZBarImage.h */,
				810A9241179CCEC800DAA963 /* ZBarImageScanner.h */,
				810A9242179CCEC800DAA963 /* ZBarReaderController.h */,
				810A9243179CCEC800DAA963 /* ZBarReaderView.h */,
				810A9244179CCEC800DAA963 /* ZBarReaderViewController.h */,
				810A9245179CCEC800DAA963 /* ZBarSDK.h */,
				810A9246179CCEC800DAA963 /* ZBarSymbol.h */,
			);
			path = ZBarSDK;
			sourceTree = "<group>";
		};
		810A9232179CCEC800DAA963 /* zbar */ = {
			isa = PBXGroup;
			children = (
				810A9233179CCEC800DAA963 /* Decoder.h */,
				810A9234179CCEC800DAA963 /* Exception.h */,
				810A9235179CCEC800DAA963 /* Image.h */,
				810A9236179CCEC800DAA963 /* ImageScanner.h */,
				810A9237179CCEC800DAA963 /* Processor.h */,
				810A9238179CCEC800DAA963 /* Scanner.h */,
				810A9239179CCEC800DAA963 /* Symbol.h */,
				810A923A179CCEC800DAA963 /* Video.h */,
				810A923B179CCEC800DAA963 /* Window.h */,
			);
			path = zbar;
			sourceTree = "<group>";
		};
		810A9248179CCEC800DAA963 /* Resources */ = {
			isa = PBXGroup;
			children = (
				810A9249179CCEC800DAA963 /* zbar-back.png */,
				810A924A179CCEC800DAA963 /* zbar-help.html */,
				810A924B179CCEC800DAA963 /* zbar-helpicons.png */,
				810A924C179CCEC800DAA963 /* zbar-samples.png */,
			);
			path = Resources;
			sourceTree = "<group>";
		};
		810A9258179CD1C500DAA963 /* AFNetworking */ = {
			isa = PBXGroup;
			children = (
				810A9259179CD1C500DAA963 /* AFHTTPClient.h */,
				810A925A179CD1C500DAA963 /* AFHTTPClient.m */,
				810A925B179CD1C500DAA963 /* AFHTTPRequestOperation.h */,
				810A925C179CD1C500DAA963 /* AFHTTPRequestOperation.m */,
				810A925D179CD1C500DAA963 /* AFImageRequestOperation.h */,
				810A925E179CD1C500DAA963 /* AFImageRequestOperation.m */,
				810A925F179CD1C500DAA963 /* AFJSONRequestOperation.h */,
				810A9260179CD1C500DAA963 /* AFJSONRequestOperation.m */,
				810A9261179CD1C500DAA963 /* AFNetworkActivityIndicatorManager.h */,
				810A9262179CD1C500DAA963 /* AFNetworkActivityIndicatorManager.m */,
				810A9263179CD1C500DAA963 /* AFNetworking.h */,
				810A9264179CD1C500DAA963 /* AFPropertyListRequestOperation.h */,
				810A9265179CD1C500DAA963 /* AFPropertyListRequestOperation.m */,
				810A9266179CD1C500DAA963 /* AFURLConnectionOperation.h */,
				810A9267179CD1C500DAA963 /* AFURLConnectionOperation.m */,
				810A9268179CD1C500DAA963 /* AFXMLRequestOperation.h */,
				810A9269179CD1C500DAA963 /* AFXMLRequestOperation.m */,
				810A926A179CD1C500DAA963 /* UIImageView+AFNetworking.h */,
				810A926B179CD1C500DAA963 /* UIImageView+AFNetworking.m */,
			);
			path = AFNetworking;
			sourceTree = "<group>";
		};
		812C9228153880D100B355F9 /* JSONKit */ = {
			isa = PBXGroup;
			children = (
				812C9229153880D100B355F9 /* CHANGELOG.md */,
				812C922A153880D100B355F9 /* JSONKit.h */,
				812C922B153880D100B355F9 /* JSONKit.m */,
				812C922C153880D100B355F9 /* README.md */,
			);
			path = JSONKit;
			sourceTree = "<group>";
		};
		819273581535D56D0060859C = {
			isa = PBXGroup;
			children = (
				810A9258179CD1C500DAA963 /* AFNetworking */,
				8192736D1535D56E0060859C /* generika */,
				819273911535D56E0060859C /* generikaTests */,
				819273661535D56E0060859C /* Frameworks */,
				819273641535D56E0060859C /* Products */,
				810A922F179CCEC800DAA963 /* ZBarSDK */,
				812C9228153880D100B355F9 /* JSONKit */,
			);
			sourceTree = "<group>";
		};
		819273641535D56E0060859C /* Products */ = {
			isa = PBXGroup;
			children = (
				819273631535D56E0060859C /* generika.app */,
				8192738A1535D56E0060859C /* generikaTests.octest */,
			);
			name = Products;
			sourceTree = "<group>";
		};
		819273661535D56E0060859C /* Frameworks */ = {
			isa = PBXGroup;
			children = (
				819273AA1535D6B00060859C /* libiconv.dylib */,
				810A928C179CD50A00DAA963 /* Security.framework */,
				8129BA58153D480100CB5896 /* SystemConfiguration.framework */,
				819273A81535D6990060859C /* QuartzCore.framework */,
				819273A61535D6870060859C /* CoreVideo.framework */,
				819273A41535D6780060859C /* CoreMedia.framework */,
				819273A21535D5D90060859C /* AVFoundation.framework */,
				819273671535D56E0060859C /* UIKit.framework */,
				819273691535D56E0060859C /* Foundation.framework */,
				8192736B1535D56E0060859C /* CoreGraphics.framework */,
				8192738B1535D56E0060859C /* SenTestingKit.framework */,
			);
			name = Frameworks;
			sourceTree = "<group>";
		};
		8192736D1535D56E0060859C /* generika */ = {
			isa = PBXGroup;
			children = (
				819E165717B20E8B00B315B3 /* Constant.h */,
				819E165817B20E8B00B315B3 /* Constant.m */,
				819273761535D56E0060859C /* AppDelegate.h */,
				819273771535D56E0060859C /* AppDelegate.m */,
				8192737F1535D56E0060859C /* MasterViewController.h */,
				819273801535D56E0060859C /* MasterViewController.m */,
				81B8621E153704330054EA0A /* WebViewController.h */,
				81B8621F153704330054EA0A /* WebViewController.m */,
				812B9A4B17AF7DF50001A5A8 /* SettingsViewController.h */,
				812B9A4C17AF7DF50001A5A8 /* SettingsViewController.m */,
				8148C65917B0B9530037EE81 /* SettingsDetailViewController.h */,
				8148C65A17B0B9530037EE81 /* SettingsDetailViewController.m */,
				8129BA54153D46F100CB5896 /* Reachability.h */,
				8129BA55153D46F100CB5896 /* Reachability.m */,
				81FEDA1F1538962900756CAE /* Resources */,
				8192736E1535D56E0060859C /* Supporting Files */,
			);
			path = generika;
			sourceTree = "<group>";
		};
		8192736E1535D56E0060859C /* Supporting Files */ = {
			isa = PBXGroup;
			children = (
				8192736F1535D56E0060859C /* generika-Info.plist */,
				819273701535D56E0060859C /* InfoPlist.strings */,
				819273731535D56E0060859C /* main.m */,
				819273751535D56E0060859C /* generika-Prefix.pch */,
			);
			name = "Supporting Files";
			sourceTree = "<group>";
		};
		819273911535D56E0060859C /* generikaTests */ = {
			isa = PBXGroup;
			children = (
				819273971535D56E0060859C /* generikaTests.h */,
				819273981535D56E0060859C /* generikaTests.m */,
				819273921535D56E0060859C /* Supporting Files */,
			);
			path = generikaTests;
			sourceTree = "<group>";
		};
		819273921535D56E0060859C /* Supporting Files */ = {
			isa = PBXGroup;
			children = (
				819273931535D56E0060859C /* generikaTests-Info.plist */,
				819273941535D56E0060859C /* InfoPlist.strings */,
			);
			name = "Supporting Files";
			sourceTree = "<group>";
		};
		81FEDA1F1538962900756CAE /* Resources */ = {
			isa = PBXGroup;
			children = (
				810A928E179CFED900DAA963 /* Default-568h@2x.png */,
				812B9A4817AF6D3B0001A5A8 /* fontawesome-webfont.ttf */,
				812E6F16153DB7E500009A04 /* icon-72.png */,
				812E6F17153DB7E500009A04 /* icon.png */,
				812E6F18153DB7E500009A04 /* icon@2x.png */,
			);
			name = Resources;
			sourceTree = "<group>";
		};
/* End PBXGroup section */

/* Begin PBXNativeTarget section */
		819273621535D56E0060859C /* generika */ = {
			isa = PBXNativeTarget;
			buildConfigurationList = 8192739C1535D56E0060859C /* Build configuration list for PBXNativeTarget "generika" */;
			buildPhases = (
				8192735F1535D56E0060859C /* Sources */,
				819273601535D56E0060859C /* Frameworks */,
				819273611535D56E0060859C /* Resources */,
			);
			buildRules = (
			);
			dependencies = (
			);
			name = generika;
			productName = generika;
			productReference = 819273631535D56E0060859C /* generika.app */;
			productType = "com.apple.product-type.application";
		};
		819273891535D56E0060859C /* generikaTests */ = {
			isa = PBXNativeTarget;
			buildConfigurationList = 8192739F1535D56E0060859C /* Build configuration list for PBXNativeTarget "generikaTests" */;
			buildPhases = (
				819273851535D56E0060859C /* Sources */,
				819273861535D56E0060859C /* Frameworks */,
				819273871535D56E0060859C /* Resources */,
				819273881535D56E0060859C /* ShellScript */,
			);
			buildRules = (
			);
			dependencies = (
				819273901535D56E0060859C /* PBXTargetDependency */,
			);
			name = generikaTests;
			productName = generikaTests;
			productReference = 8192738A1535D56E0060859C /* generikaTests.octest */;
			productType = "com.apple.product-type.bundle";
		};
/* End PBXNativeTarget section */

/* Begin PBXProject section */
		8192735A1535D56D0060859C /* Project object */ = {
			isa = PBXProject;
			attributes = {
				LastUpgradeCheck = 0460;
				ORGANIZATIONNAME = "ywesee GmbH";
			};
			buildConfigurationList = 8192735D1535D56D0060859C /* Build configuration list for PBXProject "generika" */;
			compatibilityVersion = "Xcode 3.2";
			developmentRegion = English;
			hasScannedForEncodings = 0;
			knownRegions = (
				en,
			);
			mainGroup = 819273581535D56D0060859C;
			productRefGroup = 819273641535D56E0060859C /* Products */;
			projectDirPath = "";
			projectRoot = "";
			targets = (
				819273621535D56E0060859C /* generika */,
				819273891535D56E0060859C /* generikaTests */,
			);
		};
/* End PBXProject section */

/* Begin PBXResourcesBuildPhase section */
		819273611535D56E0060859C /* Resources */ = {
			isa = PBXResourcesBuildPhase;
			buildActionMask = 2147483647;
			files = (
				819273721535D56E0060859C /* InfoPlist.strings in Resources */,
				812C922D153880D100B355F9 /* CHANGELOG.md in Resources */,
				812C922F153880D100B355F9 /* README.md in Resources */,
				812E6F19153DB7E500009A04 /* icon-72.png in Resources */,
				812E6F1A153DB7E500009A04 /* icon.png in Resources */,
				812E6F1B153DB7E500009A04 /* icon@2x.png in Resources */,
				810A924F179CCEC800DAA963 /* zbar-back.png in Resources */,
				810A9251179CCEC800DAA963 /* zbar-help.html in Resources */,
				810A9253179CCEC800DAA963 /* zbar-helpicons.png in Resources */,
				810A9255179CCEC800DAA963 /* zbar-samples.png in Resources */,
				810A928F179CFED900DAA963 /* Default-568h@2x.png in Resources */,
				812B9A4917AF6D3B0001A5A8 /* fontawesome-webfont.ttf in Resources */,
			);
			runOnlyForDeploymentPostprocessing = 0;
		};
		819273871535D56E0060859C /* Resources */ = {
			isa = PBXResourcesBuildPhase;
			buildActionMask = 2147483647;
			files = (
				819273961535D56E0060859C /* InfoPlist.strings in Resources */,
				810A9250179CCEC800DAA963 /* zbar-back.png in Resources */,
				810A9252179CCEC800DAA963 /* zbar-help.html in Resources */,
				810A9254179CCEC800DAA963 /* zbar-helpicons.png in Resources */,
				810A9256179CCEC800DAA963 /* zbar-samples.png in Resources */,
				812B9A4A17AF6D3B0001A5A8 /* fontawesome-webfont.ttf in Resources */,
			);
			runOnlyForDeploymentPostprocessing = 0;
		};
/* End PBXResourcesBuildPhase section */

/* Begin PBXShellScriptBuildPhase section */
		819273881535D56E0060859C /* ShellScript */ = {
			isa = PBXShellScriptBuildPhase;
			buildActionMask = 2147483647;
			files = (
			);
			inputPaths = (
			);
			outputPaths = (
			);
			runOnlyForDeploymentPostprocessing = 0;
			shellPath = /bin/sh;
			shellScript = "# Run the unit tests in this test bundle.\n\"${SYSTEM_DEVELOPER_DIR}/Tools/RunUnitTests\"\n";
		};
/* End PBXShellScriptBuildPhase section */

/* Begin PBXSourcesBuildPhase section */
		8192735F1535D56E0060859C /* Sources */ = {
			isa = PBXSourcesBuildPhase;
			buildActionMask = 2147483647;
			files = (
				819273741535D56E0060859C /* main.m in Sources */,
				819273781535D56E0060859C /* AppDelegate.m in Sources */,
				819273811535D56E0060859C /* MasterViewController.m in Sources */,
				81B86220153704330054EA0A /* WebViewController.m in Sources */,
				812C922E153880D100B355F9 /* JSONKit.m in Sources */,
				8148C65B17B0B9530037EE81 /* SettingsDetailViewController.m in Sources */,
				8129BA56153D46F100CB5896 /* Reachability.m in Sources */,
				810A926C179CD1C500DAA963 /* AFHTTPClient.m in Sources */,
				810A926E179CD1C500DAA963 /* AFHTTPRequestOperation.m in Sources */,
				810A9270179CD1C500DAA963 /* AFImageRequestOperation.m in Sources */,
				810A9272179CD1C500DAA963 /* AFJSONRequestOperation.m in Sources */,
				810A9274179CD1C500DAA963 /* AFNetworkActivityIndicatorManager.m in Sources */,
				810A9276179CD1C500DAA963 /* AFPropertyListRequestOperation.m in Sources */,
				810A9278179CD1C500DAA963 /* AFURLConnectionOperation.m in Sources */,
				810A927A179CD1C500DAA963 /* AFXMLRequestOperation.m in Sources */,
				810A927C179CD1C500DAA963 /* UIImageView+AFNetworking.m in Sources */,
				812B9A4D17AF7DF50001A5A8 /* SettingsViewController.m in Sources */,
				819E165917B20E8B00B315B3 /* Constant.m in Sources */,
			);
			runOnlyForDeploymentPostprocessing = 0;
		};
		819273851535D56E0060859C /* Sources */ = {
			isa = PBXSourcesBuildPhase;
			buildActionMask = 2147483647;
			files = (
				8148C65C17B0B9530037EE81 /* SettingsDetailViewController.m in Sources */,
				819273991535D56E0060859C /* generikaTests.m in Sources */,
				810A926D179CD1C500DAA963 /* AFHTTPClient.m in Sources */,
				810A926F179CD1C500DAA963 /* AFHTTPRequestOperation.m in Sources */,
				810A9271179CD1C500DAA963 /* AFImageRequestOperation.m in Sources */,
				810A9273179CD1C500DAA963 /* AFJSONRequestOperation.m in Sources */,
				810A9275179CD1C500DAA963 /* AFNetworkActivityIndicatorManager.m in Sources */,
				819E165A17B20E8B00B315B3 /* Constant.m in Sources */,
				810A9277179CD1C500DAA963 /* AFPropertyListRequestOperation.m in Sources */,
				810A9279179CD1C500DAA963 /* AFURLConnectionOperation.m in Sources */,
				810A927B179CD1C500DAA963 /* AFXMLRequestOperation.m in Sources */,
				810A927D179CD1C500DAA963 /* UIImageView+AFNetworking.m in Sources */,
				812B9A4E17AF7DF50001A5A8 /* SettingsViewController.m in Sources */,
			);
			runOnlyForDeploymentPostprocessing = 0;
		};
/* End PBXSourcesBuildPhase section */

/* Begin PBXTargetDependency section */
		819273901535D56E0060859C /* PBXTargetDependency */ = {
			isa = PBXTargetDependency;
			target = 819273621535D56E0060859C /* generika */;
			targetProxy = 8192738F1535D56E0060859C /* PBXContainerItemProxy */;
		};
/* End PBXTargetDependency section */

/* Begin PBXVariantGroup section */
		819273701535D56E0060859C /* InfoPlist.strings */ = {
			isa = PBXVariantGroup;
			children = (
				819273711535D56E0060859C /* en */,
			);
			name = InfoPlist.strings;
			sourceTree = "<group>";
		};
		819273941535D56E0060859C /* InfoPlist.strings */ = {
			isa = PBXVariantGroup;
			children = (
				819273951535D56E0060859C /* en */,
			);
			name = InfoPlist.strings;
			sourceTree = "<group>";
		};
/* End PBXVariantGroup section */

/* Begin XCBuildConfiguration section */
		8192739A1535D56E0060859C /* Debug */ = {
			isa = XCBuildConfiguration;
			buildSettings = {
				ALWAYS_SEARCH_USER_PATHS = NO;
				CLANG_ENABLE_OBJC_ARC = YES;
				CLANG_WARN_BOOL_CONVERSION = YES;
				CLANG_WARN_CONSTANT_CONVERSION = YES;
				CLANG_WARN_EMPTY_BODY = YES;
				CLANG_WARN_ENUM_CONVERSION = YES;
				CLANG_WARN_INT_CONVERSION = YES;
				CLANG_WARN__DUPLICATE_METHOD_MATCH = YES;
				CODE_SIGN_IDENTITY = "iPhone Developer";
				"CODE_SIGN_IDENTITY[sdk=iphoneos*]" = "iPhone Developer";
				COPY_PHASE_STRIP = NO;
				GCC_C_LANGUAGE_STANDARD = gnu99;
				GCC_DYNAMIC_NO_PIC = NO;
				GCC_OPTIMIZATION_LEVEL = 0;
				GCC_PREPROCESSOR_DEFINITIONS = (
					"DEBUG=1",
					"$(inherited)",
				);
				GCC_SYMBOLS_PRIVATE_EXTERN = NO;
				GCC_VERSION = com.apple.compilers.llvm.clang.1_0;
				GCC_WARN_ABOUT_RETURN_TYPE = YES;
				GCC_WARN_UNDECLARED_SELECTOR = YES;
				GCC_WARN_UNINITIALIZED_AUTOS = YES;
				GCC_WARN_UNUSED_FUNCTION = YES;
				GCC_WARN_UNUSED_VARIABLE = YES;
				IPHONEOS_DEPLOYMENT_TARGET = 5.1;
				ONLY_ACTIVE_ARCH = YES;
				PROVISIONING_PROFILE = "518FBBF4-8573-46F9-BC08-1011599ACAA2";
				SDKROOT = iphoneos;
				TARGETED_DEVICE_FAMILY = "1,2";
			};
			name = Debug;
		};
		8192739B1535D56E0060859C /* Release */ = {
			isa = XCBuildConfiguration;
			buildSettings = {
				ALWAYS_SEARCH_USER_PATHS = NO;
				CLANG_ENABLE_OBJC_ARC = YES;
				CLANG_WARN_BOOL_CONVERSION = YES;
				CLANG_WARN_CONSTANT_CONVERSION = YES;
				CLANG_WARN_EMPTY_BODY = YES;
				CLANG_WARN_ENUM_CONVERSION = YES;
				CLANG_WARN_INT_CONVERSION = YES;
				CLANG_WARN__DUPLICATE_METHOD_MATCH = YES;
				CODE_SIGN_IDENTITY = "iPhone Developer";
				"CODE_SIGN_IDENTITY[sdk=iphoneos*]" = "iPhone Developer";
				COPY_PHASE_STRIP = YES;
				GCC_C_LANGUAGE_STANDARD = gnu99;
				GCC_VERSION = com.apple.compilers.llvm.clang.1_0;
				GCC_WARN_ABOUT_RETURN_TYPE = YES;
				GCC_WARN_UNDECLARED_SELECTOR = YES;
				GCC_WARN_UNINITIALIZED_AUTOS = YES;
				GCC_WARN_UNUSED_FUNCTION = YES;
				GCC_WARN_UNUSED_VARIABLE = YES;
				IPHONEOS_DEPLOYMENT_TARGET = 5.1;
				OTHER_CFLAGS = "-DNS_BLOCK_ASSERTIONS=1";
				PROVISIONING_PROFILE = "";
				"PROVISIONING_PROFILE[sdk=iphoneos*]" = "26E2CE2C-4EF7-4CC4-8C8B-5D1B17F70CD8";
				SDKROOT = iphoneos;
				TARGETED_DEVICE_FAMILY = "1,2";
				VALIDATE_PRODUCT = YES;
			};
			name = Release;
		};
		8192739D1535D56E0060859C /* Debug */ = {
			isa = XCBuildConfiguration;
			buildSettings = {
				CLANG_ENABLE_OBJC_ARC = YES;
				CODE_SIGN_IDENTITY = "iPhone Distribution";
				"CODE_SIGN_IDENTITY[sdk=iphoneos*]" = "iPhone Developer";
				GCC_PRECOMPILE_PREFIX_HEADER = YES;
				GCC_PREFIX_HEADER = "generika/generika-Prefix.pch";
				GCC_VERSION = com.apple.compilers.llvm.clang.1_0;
				GCC_WARN_UNINITIALIZED_AUTOS = YES;
				INFOPLIST_FILE = "generika/generika-Info.plist";
				IPHONEOS_DEPLOYMENT_TARGET = 6.1;
				LIBRARY_SEARCH_PATHS = (
					"$(inherited)",
					"\"$(SRCROOT)/ZBarSDK\"",
				);
				ONLY_ACTIVE_ARCH = NO;
				PRODUCT_NAME = "$(TARGET_NAME)";
				PROVISIONING_PROFILE = "";
				"PROVISIONING_PROFILE[sdk=iphoneos*]" = "";
				SDKROOT = iphoneos;
				VALIDATE_PRODUCT = NO;
				VALID_ARCHS = "armv7 armv7s";
				WRAPPER_EXTENSION = app;
			};
			name = Debug;
		};
		8192739E1535D56E0060859C /* Release */ = {
			isa = XCBuildConfiguration;
			buildSettings = {
				CLANG_ENABLE_OBJC_ARC = YES;
				CODE_SIGN_IDENTITY = "iPhone Distribution: ywesee GmbH (4B37356EGR)";
				"CODE_SIGN_IDENTITY[sdk=iphoneos*]" = "iPhone Distribution";
				GCC_PRECOMPILE_PREFIX_HEADER = YES;
				GCC_PREFIX_HEADER = "generika/generika-Prefix.pch";
				GCC_VERSION = com.apple.compilers.llvm.clang.1_0;
				GCC_WARN_UNINITIALIZED_AUTOS = YES;
				INFOPLIST_FILE = "generika/generika-Info.plist";
				IPHONEOS_DEPLOYMENT_TARGET = 6.1;
				LIBRARY_SEARCH_PATHS = (
					"$(inherited)",
					"\"$(SRCROOT)/ZBarSDK\"",
				);
				ONLY_ACTIVE_ARCH = NO;
				PRODUCT_NAME = "$(TARGET_NAME)";
				PROVISIONING_PROFILE = "DA013CAE-D27B-4DD7-BB54-1E95A5F70BFB";
				"PROVISIONING_PROFILE[sdk=iphoneos*]" = "";
				SDKROOT = iphoneos;
				VALIDATE_PRODUCT = YES;
				VALID_ARCHS = "armv7 armv7s";
				WRAPPER_EXTENSION = app;
			};
			name = Release;
		};
		819273A01535D56E0060859C /* Debug */ = {
			isa = XCBuildConfiguration;
			buildSettings = {
				BUNDLE_LOADER = "$(BUILT_PRODUCTS_DIR)/generika.app/generika";
				FRAMEWORK_SEARCH_PATHS = (
					"$(SDKROOT)/Developer/Library/Frameworks",
					"$(DEVELOPER_LIBRARY_DIR)/Frameworks",
				);
				GCC_PRECOMPILE_PREFIX_HEADER = YES;
				GCC_PREFIX_HEADER = "generika/generika-Prefix.pch";
				INFOPLIST_FILE = "generikaTests/generikaTests-Info.plist";
				LIBRARY_SEARCH_PATHS = (
					"$(inherited)",
					"\"$(SRCROOT)/ZBarSDK\"",
				);
				PRODUCT_NAME = "$(TARGET_NAME)";
				TEST_HOST = "$(BUNDLE_LOADER)";
				WRAPPER_EXTENSION = octest;
			};
			name = Debug;
		};
		819273A11535D56E0060859C /* Release */ = {
			isa = XCBuildConfiguration;
			buildSettings = {
				BUNDLE_LOADER = "$(BUILT_PRODUCTS_DIR)/generika.app/generika";
				FRAMEWORK_SEARCH_PATHS = (
					"$(SDKROOT)/Developer/Library/Frameworks",
					"$(DEVELOPER_LIBRARY_DIR)/Frameworks",
				);
				GCC_PRECOMPILE_PREFIX_HEADER = YES;
				GCC_PREFIX_HEADER = "generika/generika-Prefix.pch";
				INFOPLIST_FILE = "generikaTests/generikaTests-Info.plist";
				LIBRARY_SEARCH_PATHS = (
					"$(inherited)",
					"\"$(SRCROOT)/ZBarSDK\"",
				);
				PRODUCT_NAME = "$(TARGET_NAME)";
				TEST_HOST = "$(BUNDLE_LOADER)";
				WRAPPER_EXTENSION = octest;
			};
			name = Release;
		};
		935F8A45153DBCBE00642BDB /* generika_AppStore */ = {
			isa = XCBuildConfiguration;
			buildSettings = {
				ALWAYS_SEARCH_USER_PATHS = NO;
				CLANG_ENABLE_OBJC_ARC = YES;
				CLANG_WARN_CONSTANT_CONVERSION = YES;
				CLANG_WARN_ENUM_CONVERSION = YES;
				CLANG_WARN_INT_CONVERSION = YES;
				CLANG_WARN__DUPLICATE_METHOD_MATCH = YES;
				CODE_SIGN_IDENTITY = "iPhone Distribution";
				"CODE_SIGN_IDENTITY[sdk=iphoneos*]" = "iPhone Distribution";
				COPY_PHASE_STRIP = YES;
				GCC_C_LANGUAGE_STANDARD = gnu99;
				GCC_VERSION = com.apple.compilers.llvm.clang.1_0;
				GCC_WARN_ABOUT_RETURN_TYPE = YES;
				GCC_WARN_UNDECLARED_SELECTOR = YES;
				GCC_WARN_UNINITIALIZED_AUTOS = YES;
				GCC_WARN_UNUSED_FUNCTION = YES;
				GCC_WARN_UNUSED_VARIABLE = YES;
				IPHONEOS_DEPLOYMENT_TARGET = 5.1;
				OTHER_CFLAGS = "-DNS_BLOCK_ASSERTIONS=1";
				PROVISIONING_PROFILE = "";
				"PROVISIONING_PROFILE[sdk=iphoneos*]" = "26E2CE2C-4EF7-4CC4-8C8B-5D1B17F70CD8";
				SDKROOT = iphoneos;
				TARGETED_DEVICE_FAMILY = "1,2";
				VALIDATE_PRODUCT = YES;
			};
			name = generika_AppStore;
		};
		935F8A46153DBCBE00642BDB /* generika_AppStore */ = {
			isa = XCBuildConfiguration;
			buildSettings = {
				CLANG_ENABLE_OBJC_ARC = YES;
				CODE_SIGN_IDENTITY = "iPhone Distribution";
				"CODE_SIGN_IDENTITY[sdk=*]" = "iPhone Distribution";
				"CODE_SIGN_IDENTITY[sdk=iphoneos*]" = "iPhone Distribution";
				GCC_PRECOMPILE_PREFIX_HEADER = YES;
				GCC_PREFIX_HEADER = "generika/generika-Prefix.pch";
				GCC_VERSION = com.apple.compilers.llvm.clang.1_0;
				GCC_WARN_UNINITIALIZED_AUTOS = YES;
				INFOPLIST_FILE = "generika/generika-Info.plist";
				IPHONEOS_DEPLOYMENT_TARGET = 6.1;
				LIBRARY_SEARCH_PATHS = (
					"$(inherited)",
					"\"$(SRCROOT)/ZBarSDK\"",
				);
				ONLY_ACTIVE_ARCH = NO;
				PRODUCT_NAME = "$(TARGET_NAME)";
				PROVISIONING_PROFILE = "";
				"PROVISIONING_PROFILE[sdk=*]" = "";
				"PROVISIONING_PROFILE[sdk=iphoneos*]" = "";
				SDKROOT = iphoneos;
				VALID_ARCHS = "armv7 armv7s";
				WRAPPER_EXTENSION = app;
			};
			name = generika_AppStore;
		};
		935F8A47153DBCBE00642BDB /* generika_AppStore */ = {
			isa = XCBuildConfiguration;
			buildSettings = {
				BUNDLE_LOADER = "$(BUILT_PRODUCTS_DIR)/generika.app/generika";
				FRAMEWORK_SEARCH_PATHS = (
					"$(SDKROOT)/Developer/Library/Frameworks",
					"$(DEVELOPER_LIBRARY_DIR)/Frameworks",
				);
				GCC_PRECOMPILE_PREFIX_HEADER = YES;
				GCC_PREFIX_HEADER = "generika/generika-Prefix.pch";
				INFOPLIST_FILE = "generikaTests/generikaTests-Info.plist";
				LIBRARY_SEARCH_PATHS = (
					"$(inherited)",
					"\"$(SRCROOT)/ZBarSDK\"",
				);
				PRODUCT_NAME = "$(TARGET_NAME)";
				TEST_HOST = "$(BUNDLE_LOADER)";
				WRAPPER_EXTENSION = octest;
			};
			name = generika_AppStore;
		};
/* End XCBuildConfiguration section */

/* Begin XCConfigurationList section */
		8192735D1535D56D0060859C /* Build configuration list for PBXProject "generika" */ = {
			isa = XCConfigurationList;
			buildConfigurations = (
				8192739A1535D56E0060859C /* Debug */,
				8192739B1535D56E0060859C /* Release */,
				935F8A45153DBCBE00642BDB /* generika_AppStore */,
			);
			defaultConfigurationIsVisible = 0;
			defaultConfigurationName = Release;
		};
		8192739C1535D56E0060859C /* Build configuration list for PBXNativeTarget "generika" */ = {
			isa = XCConfigurationList;
			buildConfigurations = (
				8192739D1535D56E0060859C /* Debug */,
				8192739E1535D56E0060859C /* Release */,
				935F8A46153DBCBE00642BDB /* generika_AppStore */,
			);
			defaultConfigurationIsVisible = 0;
			defaultConfigurationName = Release;
		};
		8192739F1535D56E0060859C /* Build configuration list for PBXNativeTarget "generikaTests" */ = {
			isa = XCConfigurationList;
			buildConfigurations = (
				819273A01535D56E0060859C /* Debug */,
				819273A11535D56E0060859C /* Release */,
				935F8A47153DBCBE00642BDB /* generika_AppStore */,
			);
			defaultConfigurationIsVisible = 0;
			defaultConfigurationName = Release;
		};
/* End XCConfigurationList section */
	};
	rootObject = 8192735A1535D56D0060859C /* Project object */;
}
