// !$*UTF8*$!
{
	archiveVersion = 1;
	classes = {
	};
	objectVersion = 46;
	objects = {

/* Begin PBXBuildFile section */
		7E68DFADF869B42009A4D4F9 /* libPods.a in Frameworks */ = {isa = PBXBuildFile; fileRef = 725D9B9D754DAD6B6E974266 /* libPods.a */; };
		810A928D179CD50A00DAA963 /* Security.framework in Frameworks */ = {isa = PBXBuildFile; fileRef = 810A928C179CD50A00DAA963 /* Security.framework */; };
		8129BA56153D46F100CB5896 /* Reachability.m in Sources */ = {isa = PBXBuildFile; fileRef = 8129BA55153D46F100CB5896 /* Reachability.m */; };
		8129BA59153D480100CB5896 /* SystemConfiguration.framework in Frameworks */ = {isa = PBXBuildFile; fileRef = 8129BA58153D480100CB5896 /* SystemConfiguration.framework */; };
		812B9A4D17AF7DF50001A5A8 /* SettingsViewController.m in Sources */ = {isa = PBXBuildFile; fileRef = 812B9A4C17AF7DF50001A5A8 /* SettingsViewController.m */; };
		812B9A4E17AF7DF50001A5A8 /* SettingsViewController.m in Sources */ = {isa = PBXBuildFile; fileRef = 812B9A4C17AF7DF50001A5A8 /* SettingsViewController.m */; };
		812E6F19153DB7E500009A04 /* icon-72.png in Resources */ = {isa = PBXBuildFile; fileRef = 812E6F16153DB7E500009A04 /* icon-72.png */; };
		812E6F1A153DB7E500009A04 /* icon.png in Resources */ = {isa = PBXBuildFile; fileRef = 812E6F17153DB7E500009A04 /* icon.png */; };
		812E6F1B153DB7E500009A04 /* icon@2x.png in Resources */ = {isa = PBXBuildFile; fileRef = 812E6F18153DB7E500009A04 /* icon@2x.png */; };
		8148C65B17B0B9530037EE81 /* SettingsDetailViewController.m in Sources */ = {isa = PBXBuildFile; fileRef = 8148C65A17B0B9530037EE81 /* SettingsDetailViewController.m */; };
		8148C65C17B0B9530037EE81 /* SettingsDetailViewController.m in Sources */ = {isa = PBXBuildFile; fileRef = 8148C65A17B0B9530037EE81 /* SettingsDetailViewController.m */; };
		819273681535D56E0060859C /* UIKit.framework in Frameworks */ = {isa = PBXBuildFile; fileRef = 819273671535D56E0060859C /* UIKit.framework */; };
		8192736A1535D56E0060859C /* Foundation.framework in Frameworks */ = {isa = PBXBuildFile; fileRef = 819273691535D56E0060859C /* Foundation.framework */; };
		8192736C1535D56E0060859C /* CoreGraphics.framework in Frameworks */ = {isa = PBXBuildFile; fileRef = 8192736B1535D56E0060859C /* CoreGraphics.framework */; };
		819273721535D56E0060859C /* InfoPlist.strings in Resources */ = {isa = PBXBuildFile; fileRef = 819273701535D56E0060859C /* InfoPlist.strings */; };
		819273741535D56E0060859C /* main.m in Sources */ = {isa = PBXBuildFile; fileRef = 819273731535D56E0060859C /* main.m */; };
		819273781535D56E0060859C /* AppDelegate.m in Sources */ = {isa = PBXBuildFile; fileRef = 819273771535D56E0060859C /* AppDelegate.m */; };
		819273811535D56E0060859C /* MasterViewController.m in Sources */ = {isa = PBXBuildFile; fileRef = 819273801535D56E0060859C /* MasterViewController.m */; };
		8192738D1535D56E0060859C /* UIKit.framework in Frameworks */ = {isa = PBXBuildFile; fileRef = 819273671535D56E0060859C /* UIKit.framework */; };
		8192738E1535D56E0060859C /* Foundation.framework in Frameworks */ = {isa = PBXBuildFile; fileRef = 819273691535D56E0060859C /* Foundation.framework */; };
		819273961535D56E0060859C /* InfoPlist.strings in Resources */ = {isa = PBXBuildFile; fileRef = 819273941535D56E0060859C /* InfoPlist.strings */; };
		819273991535D56E0060859C /* GenerikaTests.m in Sources */ = {isa = PBXBuildFile; fileRef = 819273981535D56E0060859C /* GenerikaTests.m */; };
		819273A31535D5D90060859C /* AVFoundation.framework in Frameworks */ = {isa = PBXBuildFile; fileRef = 819273A21535D5D90060859C /* AVFoundation.framework */; };
		819273A51535D6780060859C /* CoreMedia.framework in Frameworks */ = {isa = PBXBuildFile; fileRef = 819273A41535D6780060859C /* CoreMedia.framework */; };
		819273A71535D6870060859C /* CoreVideo.framework in Frameworks */ = {isa = PBXBuildFile; fileRef = 819273A61535D6870060859C /* CoreVideo.framework */; };
		819273A91535D6990060859C /* QuartzCore.framework in Frameworks */ = {isa = PBXBuildFile; fileRef = 819273A81535D6990060859C /* QuartzCore.framework */; };
		819273AB1535D6B00060859C /* libiconv.dylib in Frameworks */ = {isa = PBXBuildFile; fileRef = 819273AA1535D6B00060859C /* libiconv.dylib */; };
		819E165917B20E8B00B315B3 /* Constant.m in Sources */ = {isa = PBXBuildFile; fileRef = 819E165817B20E8B00B315B3 /* Constant.m */; };
		819E165A17B20E8B00B315B3 /* Constant.m in Sources */ = {isa = PBXBuildFile; fileRef = 819E165817B20E8B00B315B3 /* Constant.m */; };
		81B86220153704330054EA0A /* WebViewController.m in Sources */ = {isa = PBXBuildFile; fileRef = 81B8621F153704330054EA0A /* WebViewController.m */; };
		81B8CEB917D46EDE00DF463B /* Product.m in Sources */ = {isa = PBXBuildFile; fileRef = 81B8CEB817D46EDE00DF463B /* Product.m */; };
		81B8CEBA17D46EDE00DF463B /* Product.m in Sources */ = {isa = PBXBuildFile; fileRef = 81B8CEB817D46EDE00DF463B /* Product.m */; };
		81B8CEC017D4767500DF463B /* ProductManager.m in Sources */ = {isa = PBXBuildFile; fileRef = 81B8CEBF17D4767500DF463B /* ProductManager.m */; };
		81B8CEC117D4767500DF463B /* ProductManager.m in Sources */ = {isa = PBXBuildFile; fileRef = 81B8CEBF17D4767500DF463B /* ProductManager.m */; };
		81F2DEE817B877490058AC62 /* fontawesome-webfont.ttf in Resources */ = {isa = PBXBuildFile; fileRef = 81F2DEE517B877490058AC62 /* fontawesome-webfont.ttf */; };
		81F2DEE917B877490058AC62 /* fontawesome-webfont.ttf in Resources */ = {isa = PBXBuildFile; fileRef = 81F2DEE517B877490058AC62 /* fontawesome-webfont.ttf */; };
		81F2DEF117B879EB0058AC62 /* Default-568h@2x.png in Resources */ = {isa = PBXBuildFile; fileRef = 81F2DEF017B879EB0058AC62 /* Default-568h@2x.png */; };
		933D3B4B17EB0AA8000D63CF /* icon-76.png in Resources */ = {isa = PBXBuildFile; fileRef = 933D3B4A17EB0AA8000D63CF /* icon-76.png */; };
		933D3B4D17EB0AB7000D63CF /* icon-120.png in Resources */ = {isa = PBXBuildFile; fileRef = 933D3B4C17EB0AB7000D63CF /* icon-120.png */; };
		933D3B4F17EB0AC4000D63CF /* icon-152.png in Resources */ = {isa = PBXBuildFile; fileRef = 933D3B4E17EB0AC4000D63CF /* icon-152.png */; };
/* End PBXBuildFile section */

/* Begin PBXContainerItemProxy section */
		8192738F1535D56E0060859C /* PBXContainerItemProxy */ = {
			isa = PBXContainerItemProxy;
			containerPortal = 8192735A1535D56D0060859C /* Project object */;
			proxyType = 1;
			remoteGlobalIDString = 819273621535D56E0060859C;
			remoteInfo = Generika;
		};
/* End PBXContainerItemProxy section */

/* Begin PBXFileReference section */
		0497976919B7586F308E1BEB /* Pods.Generika_appstore.xcconfig */ = {isa = PBXFileReference; includeInIndex = 1; lastKnownFileType = text.xcconfig; name = Pods.Generika_appstore.xcconfig; path = "Pods/Target Support Files/Pods/Pods.Generika_appstore.xcconfig"; sourceTree = "<group>"; };
		162DE2905605009DB1A3C51F /* Pods.debug.xcconfig */ = {isa = PBXFileReference; includeInIndex = 1; lastKnownFileType = text.xcconfig; name = Pods.debug.xcconfig; path = "Pods/Target Support Files/Pods/Pods.debug.xcconfig"; sourceTree = "<group>"; };
		725D9B9D754DAD6B6E974266 /* libPods.a */ = {isa = PBXFileReference; explicitFileType = archive.ar; includeInIndex = 0; path = libPods.a; sourceTree = BUILT_PRODUCTS_DIR; };
		810A928C179CD50A00DAA963 /* Security.framework */ = {isa = PBXFileReference; lastKnownFileType = wrapper.framework; name = Security.framework; path = System/Library/Frameworks/Security.framework; sourceTree = SDKROOT; };
		81245DC617D70E1500995F5C /* Generika.entitlements */ = {isa = PBXFileReference; lastKnownFileType = text.xml; path = Generika.entitlements; sourceTree = "<group>"; };
		8129BA54153D46F100CB5896 /* Reachability.h */ = {isa = PBXFileReference; fileEncoding = 4; lastKnownFileType = sourcecode.c.h; path = Reachability.h; sourceTree = "<group>"; };
		8129BA55153D46F100CB5896 /* Reachability.m */ = {isa = PBXFileReference; fileEncoding = 4; lastKnownFileType = sourcecode.c.objc; path = Reachability.m; sourceTree = "<group>"; };
		8129BA58153D480100CB5896 /* SystemConfiguration.framework */ = {isa = PBXFileReference; lastKnownFileType = wrapper.framework; name = SystemConfiguration.framework; path = System/Library/Frameworks/SystemConfiguration.framework; sourceTree = SDKROOT; };
		812B9A4B17AF7DF50001A5A8 /* SettingsViewController.h */ = {isa = PBXFileReference; fileEncoding = 4; lastKnownFileType = sourcecode.c.h; path = SettingsViewController.h; sourceTree = "<group>"; };
		812B9A4C17AF7DF50001A5A8 /* SettingsViewController.m */ = {isa = PBXFileReference; fileEncoding = 4; lastKnownFileType = sourcecode.c.objc; path = SettingsViewController.m; sourceTree = "<group>"; };
		812E6F16153DB7E500009A04 /* icon-72.png */ = {isa = PBXFileReference; lastKnownFileType = image.png; name = "icon-72.png"; path = "resources/icon-72.png"; sourceTree = "<group>"; };
		812E6F17153DB7E500009A04 /* icon.png */ = {isa = PBXFileReference; lastKnownFileType = image.png; name = icon.png; path = resources/icon.png; sourceTree = "<group>"; };
		812E6F18153DB7E500009A04 /* icon@2x.png */ = {isa = PBXFileReference; lastKnownFileType = image.png; name = "icon@2x.png"; path = "resources/icon@2x.png"; sourceTree = "<group>"; };
		8148C65917B0B9530037EE81 /* SettingsDetailViewController.h */ = {isa = PBXFileReference; fileEncoding = 4; lastKnownFileType = sourcecode.c.h; path = SettingsDetailViewController.h; sourceTree = "<group>"; };
		8148C65A17B0B9530037EE81 /* SettingsDetailViewController.m */ = {isa = PBXFileReference; fileEncoding = 4; lastKnownFileType = sourcecode.c.objc; path = SettingsDetailViewController.m; sourceTree = "<group>"; };
		8181AD8A1A31BB9D004454C8 /* generika.app */ = {isa = PBXFileReference; explicitFileType = wrapper.application; includeInIndex = 0; path = generika.app; sourceTree = BUILT_PRODUCTS_DIR; };
		8181AD8B1A31BC9F004454C8 /* generikaTests.xctest */ = {isa = PBXFileReference; explicitFileType = wrapper.cfbundle; includeInIndex = 0; path = generikaTests.xctest; sourceTree = BUILT_PRODUCTS_DIR; };
		819273671535D56E0060859C /* UIKit.framework */ = {isa = PBXFileReference; lastKnownFileType = wrapper.framework; name = UIKit.framework; path = System/Library/Frameworks/UIKit.framework; sourceTree = SDKROOT; };
		819273691535D56E0060859C /* Foundation.framework */ = {isa = PBXFileReference; lastKnownFileType = wrapper.framework; name = Foundation.framework; path = System/Library/Frameworks/Foundation.framework; sourceTree = SDKROOT; };
		8192736B1535D56E0060859C /* CoreGraphics.framework */ = {isa = PBXFileReference; lastKnownFileType = wrapper.framework; name = CoreGraphics.framework; path = System/Library/Frameworks/CoreGraphics.framework; sourceTree = SDKROOT; };
		8192736F1535D56E0060859C /* Generika-Info.plist */ = {isa = PBXFileReference; lastKnownFileType = text.plist.xml; path = "Generika-Info.plist"; sourceTree = "<group>"; };
		819273711535D56E0060859C /* en */ = {isa = PBXFileReference; lastKnownFileType = text.plist.strings; name = en; path = en.lproj/InfoPlist.strings; sourceTree = "<group>"; };
		819273731535D56E0060859C /* main.m */ = {isa = PBXFileReference; lastKnownFileType = sourcecode.c.objc; path = main.m; sourceTree = "<group>"; };
		819273751535D56E0060859C /* Generika-Prefix.pch */ = {isa = PBXFileReference; lastKnownFileType = sourcecode.c.h; path = "Generika-Prefix.pch"; sourceTree = "<group>"; };
		819273761535D56E0060859C /* AppDelegate.h */ = {isa = PBXFileReference; lastKnownFileType = sourcecode.c.h; path = AppDelegate.h; sourceTree = "<group>"; };
		819273771535D56E0060859C /* AppDelegate.m */ = {isa = PBXFileReference; lastKnownFileType = sourcecode.c.objc; path = AppDelegate.m; sourceTree = "<group>"; };
		8192737F1535D56E0060859C /* MasterViewController.h */ = {isa = PBXFileReference; lastKnownFileType = sourcecode.c.h; path = MasterViewController.h; sourceTree = "<group>"; };
		819273801535D56E0060859C /* MasterViewController.m */ = {isa = PBXFileReference; lastKnownFileType = sourcecode.c.objc; path = MasterViewController.m; sourceTree = "<group>"; };
		819273931535D56E0060859C /* GenerikaTests-Info.plist */ = {isa = PBXFileReference; lastKnownFileType = text.plist.xml; path = "GenerikaTests-Info.plist"; sourceTree = "<group>"; };
		819273951535D56E0060859C /* en */ = {isa = PBXFileReference; lastKnownFileType = text.plist.strings; name = en; path = en.lproj/InfoPlist.strings; sourceTree = "<group>"; };
		819273981535D56E0060859C /* GenerikaTests.m */ = {isa = PBXFileReference; lastKnownFileType = sourcecode.c.objc; path = GenerikaTests.m; sourceTree = "<group>"; };
		819273A21535D5D90060859C /* AVFoundation.framework */ = {isa = PBXFileReference; lastKnownFileType = wrapper.framework; name = AVFoundation.framework; path = System/Library/Frameworks/AVFoundation.framework; sourceTree = SDKROOT; };
		819273A41535D6780060859C /* CoreMedia.framework */ = {isa = PBXFileReference; lastKnownFileType = wrapper.framework; name = CoreMedia.framework; path = System/Library/Frameworks/CoreMedia.framework; sourceTree = SDKROOT; };
		819273A61535D6870060859C /* CoreVideo.framework */ = {isa = PBXFileReference; lastKnownFileType = wrapper.framework; name = CoreVideo.framework; path = System/Library/Frameworks/CoreVideo.framework; sourceTree = SDKROOT; };
		819273A81535D6990060859C /* QuartzCore.framework */ = {isa = PBXFileReference; lastKnownFileType = wrapper.framework; name = QuartzCore.framework; path = System/Library/Frameworks/QuartzCore.framework; sourceTree = SDKROOT; };
		819273AA1535D6B00060859C /* libiconv.dylib */ = {isa = PBXFileReference; lastKnownFileType = "compiled.mach-o.dylib"; name = libiconv.dylib; path = usr/lib/libiconv.dylib; sourceTree = SDKROOT; };
		819E165717B20E8B00B315B3 /* Constant.h */ = {isa = PBXFileReference; fileEncoding = 4; lastKnownFileType = sourcecode.c.h; path = Constant.h; sourceTree = "<group>"; };
		819E165817B20E8B00B315B3 /* Constant.m */ = {isa = PBXFileReference; fileEncoding = 4; lastKnownFileType = sourcecode.c.objc; path = Constant.m; sourceTree = "<group>"; };
		81B8621E153704330054EA0A /* WebViewController.h */ = {isa = PBXFileReference; fileEncoding = 4; lastKnownFileType = sourcecode.c.h; path = WebViewController.h; sourceTree = "<group>"; };
		81B8621F153704330054EA0A /* WebViewController.m */ = {isa = PBXFileReference; fileEncoding = 4; lastKnownFileType = sourcecode.c.objc; path = WebViewController.m; sourceTree = "<group>"; };
		81B8CEB717D46EDE00DF463B /* Product.h */ = {isa = PBXFileReference; fileEncoding = 4; lastKnownFileType = sourcecode.c.h; path = Product.h; sourceTree = "<group>"; };
		81B8CEB817D46EDE00DF463B /* Product.m */ = {isa = PBXFileReference; fileEncoding = 4; lastKnownFileType = sourcecode.c.objc; path = Product.m; sourceTree = "<group>"; };
		81B8CEBE17D4767500DF463B /* ProductManager.h */ = {isa = PBXFileReference; fileEncoding = 4; lastKnownFileType = sourcecode.c.h; path = ProductManager.h; sourceTree = "<group>"; };
		81B8CEBF17D4767500DF463B /* ProductManager.m */ = {isa = PBXFileReference; fileEncoding = 4; lastKnownFileType = sourcecode.c.objc; path = ProductManager.m; sourceTree = "<group>"; };
		81F2DEE517B877490058AC62 /* fontawesome-webfont.ttf */ = {isa = PBXFileReference; lastKnownFileType = file; name = "fontawesome-webfont.ttf"; path = "resources/fontawesome-webfont.ttf"; sourceTree = "<group>"; };
		81F2DEF017B879EB0058AC62 /* Default-568h@2x.png */ = {isa = PBXFileReference; lastKnownFileType = image.png; name = "Default-568h@2x.png"; path = "resources/Default-568h@2x.png"; sourceTree = "<group>"; };
		82E1CEA7A3A88A55C2F64414 /* Pods.release.xcconfig */ = {isa = PBXFileReference; includeInIndex = 1; lastKnownFileType = text.xcconfig; name = Pods.release.xcconfig; path = "Pods/Target Support Files/Pods/Pods.release.xcconfig"; sourceTree = "<group>"; };
		933D3B4A17EB0AA8000D63CF /* icon-76.png */ = {isa = PBXFileReference; lastKnownFileType = image.png; name = "icon-76.png"; path = "resources/icon-76.png"; sourceTree = "<group>"; };
		933D3B4C17EB0AB7000D63CF /* icon-120.png */ = {isa = PBXFileReference; lastKnownFileType = image.png; name = "icon-120.png"; path = "resources/icon-120.png"; sourceTree = "<group>"; };
		933D3B4E17EB0AC4000D63CF /* icon-152.png */ = {isa = PBXFileReference; lastKnownFileType = image.png; name = "icon-152.png"; path = "resources/icon-152.png"; sourceTree = "<group>"; };
/* End PBXFileReference section */

/* Begin PBXFrameworksBuildPhase section */
		819273601535D56E0060859C /* Frameworks */ = {
			isa = PBXFrameworksBuildPhase;
			buildActionMask = 2147483647;
			files = (
				810A928D179CD50A00DAA963 /* Security.framework in Frameworks */,
				8129BA59153D480100CB5896 /* SystemConfiguration.framework in Frameworks */,
				819273AB1535D6B00060859C /* libiconv.dylib in Frameworks */,
				819273A91535D6990060859C /* QuartzCore.framework in Frameworks */,
				819273A71535D6870060859C /* CoreVideo.framework in Frameworks */,
				819273A51535D6780060859C /* CoreMedia.framework in Frameworks */,
				819273A31535D5D90060859C /* AVFoundation.framework in Frameworks */,
				819273681535D56E0060859C /* UIKit.framework in Frameworks */,
				8192736A1535D56E0060859C /* Foundation.framework in Frameworks */,
				8192736C1535D56E0060859C /* CoreGraphics.framework in Frameworks */,
				7E68DFADF869B42009A4D4F9 /* libPods.a in Frameworks */,
			);
			runOnlyForDeploymentPostprocessing = 0;
		};
		819273861535D56E0060859C /* Frameworks */ = {
			isa = PBXFrameworksBuildPhase;
			buildActionMask = 2147483647;
			files = (
				8192738D1535D56E0060859C /* UIKit.framework in Frameworks */,
				8192738E1535D56E0060859C /* Foundation.framework in Frameworks */,
			);
			runOnlyForDeploymentPostprocessing = 0;
		};
/* End PBXFrameworksBuildPhase section */

/* Begin PBXGroup section */
		8181AD8C1A31BCB4004454C8 /* Products */ = {
			isa = PBXGroup;
			children = (
				8181AD8B1A31BC9F004454C8 /* generikaTests.xctest */,
				8181AD8A1A31BB9D004454C8 /* generika.app */,
			);
			name = Products;
			sourceTree = "<group>";
		};
		819273581535D56D0060859C = {
			isa = PBXGroup;
			children = (
				8192736D1535D56E0060859C /* Generika */,
				819273911535D56E0060859C /* GenerikaTests */,
				819273661535D56E0060859C /* Frameworks */,
				8181AD8C1A31BCB4004454C8 /* Products */,
				F028C00659F81CB7A0255219 /* Pods */,
			);
			sourceTree = "<group>";
		};
		819273661535D56E0060859C /* Frameworks */ = {
			isa = PBXGroup;
			children = (
				819273AA1535D6B00060859C /* libiconv.dylib */,
				810A928C179CD50A00DAA963 /* Security.framework */,
				8129BA58153D480100CB5896 /* SystemConfiguration.framework */,
				819273A81535D6990060859C /* QuartzCore.framework */,
				819273A61535D6870060859C /* CoreVideo.framework */,
				819273A41535D6780060859C /* CoreMedia.framework */,
				819273A21535D5D90060859C /* AVFoundation.framework */,
				819273671535D56E0060859C /* UIKit.framework */,
				819273691535D56E0060859C /* Foundation.framework */,
				8192736B1535D56E0060859C /* CoreGraphics.framework */,
				725D9B9D754DAD6B6E974266 /* libPods.a */,
			);
			name = Frameworks;
			sourceTree = "<group>";
		};
		8192736D1535D56E0060859C /* Generika */ = {
			isa = PBXGroup;
			children = (
				81B8CEBB17D4724E00DF463B /* Model */,
				81B8CEBC17D473C300DF463B /* UI */,
				81B8CEBD17D4762600DF463B /* Utility */,
				81FEDA1F1538962900756CAE /* Resources */,
				8192736E1535D56E0060859C /* Supporting Files */,
			);
			path = Generika;
			sourceTree = "<group>";
		};
		8192736E1535D56E0060859C /* Supporting Files */ = {
			isa = PBXGroup;
			children = (
				81245DC617D70E1500995F5C /* Generika.entitlements */,
				8192736F1535D56E0060859C /* Generika-Info.plist */,
				819273701535D56E0060859C /* InfoPlist.strings */,
				819273751535D56E0060859C /* Generika-Prefix.pch */,
			);
			name = "Supporting Files";
			sourceTree = "<group>";
		};
		819273911535D56E0060859C /* GenerikaTests */ = {
			isa = PBXGroup;
			children = (
				819273981535D56E0060859C /* GenerikaTests.m */,
				819273921535D56E0060859C /* Supporting Files */,
			);
			path = GenerikaTests;
			sourceTree = "<group>";
		};
		819273921535D56E0060859C /* Supporting Files */ = {
			isa = PBXGroup;
			children = (
				819273931535D56E0060859C /* GenerikaTests-Info.plist */,
				819273941535D56E0060859C /* InfoPlist.strings */,
			);
			name = "Supporting Files";
			sourceTree = "<group>";
		};
		81B8CEBB17D4724E00DF463B /* Model */ = {
			isa = PBXGroup;
			children = (
				81B8CEB717D46EDE00DF463B /* Product.h */,
				81B8CEB817D46EDE00DF463B /* Product.m */,
				81B8CEBE17D4767500DF463B /* ProductManager.h */,
				81B8CEBF17D4767500DF463B /* ProductManager.m */,
			);
			name = Model;
			sourceTree = "<group>";
		};
		81B8CEBC17D473C300DF463B /* UI */ = {
			isa = PBXGroup;
			children = (
				819273761535D56E0060859C /* AppDelegate.h */,
				819273771535D56E0060859C /* AppDelegate.m */,
				819273731535D56E0060859C /* main.m */,
				8192737F1535D56E0060859C /* MasterViewController.h */,
				819273801535D56E0060859C /* MasterViewController.m */,
				81B8621E153704330054EA0A /* WebViewController.h */,
				81B8621F153704330054EA0A /* WebViewController.m */,
				812B9A4B17AF7DF50001A5A8 /* SettingsViewController.h */,
				812B9A4C17AF7DF50001A5A8 /* SettingsViewController.m */,
				8148C65917B0B9530037EE81 /* SettingsDetailViewController.h */,
				8148C65A17B0B9530037EE81 /* SettingsDetailViewController.m */,
			);
			name = UI;
			sourceTree = "<group>";
		};
		81B8CEBD17D4762600DF463B /* Utility */ = {
			isa = PBXGroup;
			children = (
				819E165717B20E8B00B315B3 /* Constant.h */,
				819E165817B20E8B00B315B3 /* Constant.m */,
				8129BA54153D46F100CB5896 /* Reachability.h */,
				8129BA55153D46F100CB5896 /* Reachability.m */,
			);
			name = Utility;
			sourceTree = "<group>";
		};
		81FEDA1F1538962900756CAE /* Resources */ = {
			isa = PBXGroup;
			children = (
				933D3B4E17EB0AC4000D63CF /* icon-152.png */,
				933D3B4C17EB0AB7000D63CF /* icon-120.png */,
				933D3B4A17EB0AA8000D63CF /* icon-76.png */,
				81F2DEF017B879EB0058AC62 /* Default-568h@2x.png */,
				81F2DEE517B877490058AC62 /* fontawesome-webfont.ttf */,
				812E6F16153DB7E500009A04 /* icon-72.png */,
				812E6F17153DB7E500009A04 /* icon.png */,
				812E6F18153DB7E500009A04 /* icon@2x.png */,
			);
			name = Resources;
			sourceTree = "<group>";
		};
		F028C00659F81CB7A0255219 /* Pods */ = {
			isa = PBXGroup;
			children = (
				162DE2905605009DB1A3C51F /* Pods.debug.xcconfig */,
				82E1CEA7A3A88A55C2F64414 /* Pods.release.xcconfig */,
				0497976919B7586F308E1BEB /* Pods.Generika_appstore.xcconfig */,
			);
			name = Pods;
			sourceTree = "<group>";
		};
/* End PBXGroup section */

/* Begin PBXNativeTarget section */
		819273621535D56E0060859C /* Generika */ = {
			isa = PBXNativeTarget;
			buildConfigurationList = 8192739C1535D56E0060859C /* Build configuration list for PBXNativeTarget "Generika" */;
			buildPhases = (
				058BFE95388A60B7C48CCFAC /* Check Pods Manifest.lock */,
				8192735F1535D56E0060859C /* Sources */,
				819273601535D56E0060859C /* Frameworks */,
				819273611535D56E0060859C /* Resources */,
				930018CACFA18E3FB6A535FA /* Copy Pods Resources */,
			);
			buildRules = (
			);
			dependencies = (
			);
			name = Generika;
			productName = Generika;
			productReference = 8181AD8A1A31BB9D004454C8 /* generika.app */;
			productType = "com.apple.product-type.application";
		};
		819273891535D56E0060859C /* GenerikaTests */ = {
			isa = PBXNativeTarget;
			buildConfigurationList = 8192739F1535D56E0060859C /* Build configuration list for PBXNativeTarget "GenerikaTests" */;
			buildPhases = (
				819273851535D56E0060859C /* Sources */,
				819273861535D56E0060859C /* Frameworks */,
				819273871535D56E0060859C /* Resources */,
			);
			buildRules = (
			);
			dependencies = (
				819273901535D56E0060859C /* PBXTargetDependency */,
			);
			name = GenerikaTests;
			productName = GenerikaTests;
			productReference = 8181AD8B1A31BC9F004454C8 /* generikaTests.xctest */;
			productType = "com.apple.product-type.bundle.unit-test";
		};
/* End PBXNativeTarget section */

/* Begin PBXProject section */
		8192735A1535D56D0060859C /* Project object */ = {
			isa = PBXProject;
			attributes = {
				LastTestingUpgradeCheck = 0610;
				LastUpgradeCheck = 0610;
				ORGANIZATIONNAME = "ywesee GmbH";
				TargetAttributes = {
					819273621535D56E0060859C = {
						DevelopmentTeam = 4B37356EGR;
						SystemCapabilities = {
							com.apple.iCloud = {
								enabled = 1;
							};
						};
					};
					819273891535D56E0060859C = {
						TestTargetID = 819273621535D56E0060859C;
					};
				};
			};
			buildConfigurationList = 8192735D1535D56D0060859C /* Build configuration list for PBXProject "Generika" */;
			compatibilityVersion = "Xcode 3.2";
			developmentRegion = English;
			hasScannedForEncodings = 0;
			knownRegions = (
				en,
			);
			mainGroup = 819273581535D56D0060859C;
			productRefGroup = 819273581535D56D0060859C;
			projectDirPath = "";
			projectRoot = "";
			targets = (
				819273621535D56E0060859C /* Generika */,
				819273891535D56E0060859C /* GenerikaTests */,
			);
		};
/* End PBXProject section */

/* Begin PBXResourcesBuildPhase section */
		819273611535D56E0060859C /* Resources */ = {
			isa = PBXResourcesBuildPhase;
			buildActionMask = 2147483647;
			files = (
				819273721535D56E0060859C /* InfoPlist.strings in Resources */,
				812E6F19153DB7E500009A04 /* icon-72.png in Resources */,
				812E6F1A153DB7E500009A04 /* icon.png in Resources */,
				812E6F1B153DB7E500009A04 /* icon@2x.png in Resources */,
				933D3B4D17EB0AB7000D63CF /* icon-120.png in Resources */,
				81F2DEE817B877490058AC62 /* fontawesome-webfont.ttf in Resources */,
				81F2DEF117B879EB0058AC62 /* Default-568h@2x.png in Resources */,
				933D3B4B17EB0AA8000D63CF /* icon-76.png in Resources */,
				933D3B4F17EB0AC4000D63CF /* icon-152.png in Resources */,
			);
			runOnlyForDeploymentPostprocessing = 0;
		};
		819273871535D56E0060859C /* Resources */ = {
			isa = PBXResourcesBuildPhase;
			buildActionMask = 2147483647;
			files = (
				819273961535D56E0060859C /* InfoPlist.strings in Resources */,
				81F2DEE917B877490058AC62 /* fontawesome-webfont.ttf in Resources */,
			);
			runOnlyForDeploymentPostprocessing = 0;
		};
/* End PBXResourcesBuildPhase section */

/* Begin PBXShellScriptBuildPhase section */
		058BFE95388A60B7C48CCFAC /* Check Pods Manifest.lock */ = {
			isa = PBXShellScriptBuildPhase;
			buildActionMask = 2147483647;
			files = (
			);
			inputPaths = (
			);
			name = "Check Pods Manifest.lock";
			outputPaths = (
			);
			runOnlyForDeploymentPostprocessing = 0;
			shellPath = /bin/sh;
			shellScript = "diff \"${PODS_ROOT}/../Podfile.lock\" \"${PODS_ROOT}/Manifest.lock\" > /dev/null\nif [[ $? != 0 ]] ; then\n    cat << EOM\nerror: The sandbox is not in sync with the Podfile.lock. Run 'pod install' or update your CocoaPods installation.\nEOM\n    exit 1\nfi\n";
			showEnvVarsInLog = 0;
		};
		930018CACFA18E3FB6A535FA /* Copy Pods Resources */ = {
			isa = PBXShellScriptBuildPhase;
			buildActionMask = 2147483647;
			files = (
			);
			inputPaths = (
			);
			name = "Copy Pods Resources";
			outputPaths = (
			);
			runOnlyForDeploymentPostprocessing = 0;
			shellPath = /bin/sh;
			shellScript = "\"${SRCROOT}/Pods/Target Support Files/Pods/Pods-resources.sh\"\n";
			showEnvVarsInLog = 0;
		};
/* End PBXShellScriptBuildPhase section */

/* Begin PBXSourcesBuildPhase section */
		8192735F1535D56E0060859C /* Sources */ = {
			isa = PBXSourcesBuildPhase;
			buildActionMask = 2147483647;
			files = (
				819273741535D56E0060859C /* main.m in Sources */,
				819273781535D56E0060859C /* AppDelegate.m in Sources */,
				81B8CEB917D46EDE00DF463B /* Product.m in Sources */,
				819273811535D56E0060859C /* MasterViewController.m in Sources */,
				81B86220153704330054EA0A /* WebViewController.m in Sources */,
				8148C65B17B0B9530037EE81 /* SettingsDetailViewController.m in Sources */,
				8129BA56153D46F100CB5896 /* Reachability.m in Sources */,
				81B8CEC017D4767500DF463B /* ProductManager.m in Sources */,
				812B9A4D17AF7DF50001A5A8 /* SettingsViewController.m in Sources */,
				819E165917B20E8B00B315B3 /* Constant.m in Sources */,
			);
			runOnlyForDeploymentPostprocessing = 0;
		};
		819273851535D56E0060859C /* Sources */ = {
			isa = PBXSourcesBuildPhase;
			buildActionMask = 2147483647;
			files = (
				8148C65C17B0B9530037EE81 /* SettingsDetailViewController.m in Sources */,
				81B8CEC117D4767500DF463B /* ProductManager.m in Sources */,
				819273991535D56E0060859C /* GenerikaTests.m in Sources */,
				81B8CEBA17D46EDE00DF463B /* Product.m in Sources */,
				819E165A17B20E8B00B315B3 /* Constant.m in Sources */,
				812B9A4E17AF7DF50001A5A8 /* SettingsViewController.m in Sources */,
			);
			runOnlyForDeploymentPostprocessing = 0;
		};
/* End PBXSourcesBuildPhase section */

/* Begin PBXTargetDependency section */
		819273901535D56E0060859C /* PBXTargetDependency */ = {
			isa = PBXTargetDependency;
			target = 819273621535D56E0060859C /* Generika */;
			targetProxy = 8192738F1535D56E0060859C /* PBXContainerItemProxy */;
		};
/* End PBXTargetDependency section */

/* Begin PBXVariantGroup section */
		819273701535D56E0060859C /* InfoPlist.strings */ = {
			isa = PBXVariantGroup;
			children = (
				819273711535D56E0060859C /* en */,
			);
			name = InfoPlist.strings;
			sourceTree = "<group>";
		};
		819273941535D56E0060859C /* InfoPlist.strings */ = {
			isa = PBXVariantGroup;
			children = (
				819273951535D56E0060859C /* en */,
			);
			name = InfoPlist.strings;
			sourceTree = "<group>";
		};
/* End PBXVariantGroup section */

/* Begin XCBuildConfiguration section */
		8192739A1535D56E0060859C /* Debug */ = {
			isa = XCBuildConfiguration;
			buildSettings = {
				ALWAYS_SEARCH_USER_PATHS = NO;
				CLANG_ENABLE_OBJC_ARC = YES;
				CLANG_WARN_BOOL_CONVERSION = YES;
				CLANG_WARN_CONSTANT_CONVERSION = YES;
				CLANG_WARN_EMPTY_BODY = YES;
				CLANG_WARN_ENUM_CONVERSION = YES;
				CLANG_WARN_INT_CONVERSION = YES;
				CLANG_WARN_UNREACHABLE_CODE = YES;
				CLANG_WARN__DUPLICATE_METHOD_MATCH = YES;
				CODE_SIGN_IDENTITY = "iPhone Developer";
				"CODE_SIGN_IDENTITY[sdk=iphoneos*]" = "iPhone Developer";
				COPY_PHASE_STRIP = NO;
				ENABLE_STRICT_OBJC_MSGSEND = YES;
				GCC_C_LANGUAGE_STANDARD = gnu99;
				GCC_DYNAMIC_NO_PIC = NO;
				GCC_OPTIMIZATION_LEVEL = 0;
				GCC_PREPROCESSOR_DEFINITIONS = (
					"DEBUG=1",
					"$(inherited)",
				);
				GCC_SYMBOLS_PRIVATE_EXTERN = NO;
				GCC_VERSION = com.apple.compilers.llvm.clang.1_0;
				GCC_WARN_64_TO_32_BIT_CONVERSION = YES;
				GCC_WARN_ABOUT_RETURN_TYPE = YES;
				GCC_WARN_UNDECLARED_SELECTOR = YES;
				GCC_WARN_UNINITIALIZED_AUTOS = YES;
				GCC_WARN_UNUSED_FUNCTION = YES;
				GCC_WARN_UNUSED_VARIABLE = YES;
				IPHONEOS_DEPLOYMENT_TARGET = 8.1;
				ONLY_ACTIVE_ARCH = NO;
				PROVISIONING_PROFILE = "";
				SDKROOT = iphoneos;
				TARGETED_DEVICE_FAMILY = "1,2";
				VALID_ARCHS = "armv7 armv7s";
			};
			name = Debug;
		};
		8192739B1535D56E0060859C /* Release */ = {
			isa = XCBuildConfiguration;
			buildSettings = {
				ALWAYS_SEARCH_USER_PATHS = NO;
				CLANG_ENABLE_OBJC_ARC = YES;
				CLANG_WARN_BOOL_CONVERSION = YES;
				CLANG_WARN_CONSTANT_CONVERSION = YES;
				CLANG_WARN_EMPTY_BODY = YES;
				CLANG_WARN_ENUM_CONVERSION = YES;
				CLANG_WARN_INT_CONVERSION = YES;
				CLANG_WARN_UNREACHABLE_CODE = YES;
				CLANG_WARN__DUPLICATE_METHOD_MATCH = YES;
				CODE_SIGN_IDENTITY = "iPhone Developer";
				"CODE_SIGN_IDENTITY[sdk=iphoneos*]" = "iPhone Developer";
				COPY_PHASE_STRIP = YES;
				ENABLE_STRICT_OBJC_MSGSEND = YES;
				GCC_C_LANGUAGE_STANDARD = gnu99;
				GCC_VERSION = com.apple.compilers.llvm.clang.1_0;
				GCC_WARN_64_TO_32_BIT_CONVERSION = YES;
				GCC_WARN_ABOUT_RETURN_TYPE = YES;
				GCC_WARN_UNDECLARED_SELECTOR = YES;
				GCC_WARN_UNINITIALIZED_AUTOS = YES;
				GCC_WARN_UNUSED_FUNCTION = YES;
				GCC_WARN_UNUSED_VARIABLE = YES;
				IPHONEOS_DEPLOYMENT_TARGET = 8.1;
				OTHER_CFLAGS = "-DNS_BLOCK_ASSERTIONS=1";
				PROVISIONING_PROFILE = "";
				"PROVISIONING_PROFILE[sdk=iphoneos*]" = "";
				SDKROOT = iphoneos;
				TARGETED_DEVICE_FAMILY = "1,2";
				VALIDATE_PRODUCT = YES;
				VALID_ARCHS = "armv7 armv7s";
			};
			name = Release;
		};
		8192739D1535D56E0060859C /* Debug */ = {
			isa = XCBuildConfiguration;
			baseConfigurationReference = 162DE2905605009DB1A3C51F /* Pods.debug.xcconfig */;
			buildSettings = {
				CLANG_ALLOW_NON_MODULAR_INCLUDES_IN_FRAMEWORK_MODULES = NO;
				CLANG_ENABLE_OBJC_ARC = YES;
				CODE_SIGN_ENTITLEMENTS = Generika/Generika.entitlements;
				CODE_SIGN_IDENTITY = "iPhone Developer";
				"CODE_SIGN_IDENTITY[sdk=iphoneos*]" = "iPhone Developer";
				GCC_PRECOMPILE_PREFIX_HEADER = YES;
				GCC_PREFIX_HEADER = "Generika/Generika-Prefix.pch";
				GCC_VERSION = com.apple.compilers.llvm.clang.1_0;
				GCC_WARN_UNINITIALIZED_AUTOS = YES;
				INFOPLIST_FILE = "Generika/Generika-Info.plist";
				IPHONEOS_DEPLOYMENT_TARGET = 7.0;
				LIBRARY_SEARCH_PATHS = "$(inherited)";
				ONLY_ACTIVE_ARCH = NO;
				PRODUCT_NAME = generika;
				PROVISIONING_PROFILE = "";
				"PROVISIONING_PROFILE[sdk=iphoneos*]" = "";
				SDKROOT = iphoneos;
				VALIDATE_PRODUCT = NO;
				VALID_ARCHS = "armv7 armv7s";
				WRAPPER_EXTENSION = app;
			};
			name = Debug;
		};
		8192739E1535D56E0060859C /* Release */ = {
			isa = XCBuildConfiguration;
			baseConfigurationReference = 82E1CEA7A3A88A55C2F64414 /* Pods.release.xcconfig */;
			buildSettings = {
				CLANG_ALLOW_NON_MODULAR_INCLUDES_IN_FRAMEWORK_MODULES = NO;
				CLANG_ENABLE_OBJC_ARC = YES;
				CODE_SIGN_ENTITLEMENTS = Generika/Generika.entitlements;
				CODE_SIGN_IDENTITY = "iPhone Developer";
				"CODE_SIGN_IDENTITY[sdk=iphoneos*]" = "iPhone Developer";
				GCC_PRECOMPILE_PREFIX_HEADER = YES;
				GCC_PREFIX_HEADER = "Generika/Generika-Prefix.pch";
				GCC_VERSION = com.apple.compilers.llvm.clang.1_0;
				GCC_WARN_UNINITIALIZED_AUTOS = YES;
				INFOPLIST_FILE = "Generika/Generika-Info.plist";
				IPHONEOS_DEPLOYMENT_TARGET = 7.0;
				LIBRARY_SEARCH_PATHS = "$(inherited)";
				ONLY_ACTIVE_ARCH = NO;
				PRODUCT_NAME = generika;
				PROVISIONING_PROFILE = "";
				"PROVISIONING_PROFILE[sdk=iphoneos*]" = "";
				SDKROOT = iphoneos;
				VALIDATE_PRODUCT = YES;
				VALID_ARCHS = "armv7 armv7s";
				WRAPPER_EXTENSION = app;
			};
			name = Release;
		};
		819273A01535D56E0060859C /* Debug */ = {
			isa = XCBuildConfiguration;
			buildSettings = {
				BUNDLE_LOADER = "$(TEST_HOST)";
				CODE_SIGN_IDENTITY = "iPhone Developer";
				"CODE_SIGN_IDENTITY[sdk=iphoneos*]" = "iPhone Developer";
				FRAMEWORK_SEARCH_PATHS = (
					"$(SDKROOT)/Developer/Library/Frameworks",
					"$(inherited)",
				);
				GCC_PRECOMPILE_PREFIX_HEADER = YES;
				GCC_PREFIX_HEADER = "Generika/Generika-Prefix.pch";
				INFOPLIST_FILE = "GenerikaTests/GenerikaTests-Info.plist";
				LIBRARY_SEARCH_PATHS = "$(inherited)";
				ONLY_ACTIVE_ARCH = NO;
				PRODUCT_NAME = generikaTests;
				PROVISIONING_PROFILE = "";
				TEST_HOST = "$(BUILT_PRODUCTS_DIR)/generika.app/generika";
				VALID_ARCHS = "armv7 armv7s";
			};
			name = Debug;
		};
		819273A11535D56E0060859C /* Release */ = {
			isa = XCBuildConfiguration;
			buildSettings = {
				BUNDLE_LOADER = "$(TEST_HOST)";
				CODE_SIGN_IDENTITY = "iPhone Developer";
				"CODE_SIGN_IDENTITY[sdk=iphoneos*]" = "iPhone Developer";
				FRAMEWORK_SEARCH_PATHS = (
					"$(SDKROOT)/Developer/Library/Frameworks",
					"$(inherited)",
				);
				GCC_PRECOMPILE_PREFIX_HEADER = YES;
				GCC_PREFIX_HEADER = "Generika/Generika-Prefix.pch";
				INFOPLIST_FILE = "GenerikaTests/GenerikaTests-Info.plist";
				LIBRARY_SEARCH_PATHS = "$(inherited)";
				PRODUCT_NAME = generikaTests;
				PROVISIONING_PROFILE = "";
				"PROVISIONING_PROFILE[sdk=iphoneos*]" = "";
				TEST_HOST = "$(BUILT_PRODUCTS_DIR)/generika.app/generika";
				VALID_ARCHS = "armv7 armv7s";
			};
			name = Release;
		};
		935F8A45153DBCBE00642BDB /* Generika_AppStore */ = {
			isa = XCBuildConfiguration;
			buildSettings = {
				ALWAYS_SEARCH_USER_PATHS = NO;
				CLANG_ENABLE_OBJC_ARC = YES;
				CLANG_WARN_CONSTANT_CONVERSION = YES;
				CLANG_WARN_ENUM_CONVERSION = YES;
				CLANG_WARN_INT_CONVERSION = YES;
				CLANG_WARN_UNREACHABLE_CODE = YES;
				CLANG_WARN__DUPLICATE_METHOD_MATCH = YES;
				CODE_SIGN_IDENTITY = "iPhone Distribution";
				"CODE_SIGN_IDENTITY[sdk=iphoneos*]" = "iPhone Distribution";
				COPY_PHASE_STRIP = YES;
				ENABLE_STRICT_OBJC_MSGSEND = YES;
				GCC_C_LANGUAGE_STANDARD = gnu99;
				GCC_VERSION = com.apple.compilers.llvm.clang.1_0;
				GCC_WARN_64_TO_32_BIT_CONVERSION = YES;
				GCC_WARN_ABOUT_RETURN_TYPE = YES;
				GCC_WARN_UNDECLARED_SELECTOR = YES;
				GCC_WARN_UNINITIALIZED_AUTOS = YES;
				GCC_WARN_UNUSED_FUNCTION = YES;
				GCC_WARN_UNUSED_VARIABLE = YES;
				IPHONEOS_DEPLOYMENT_TARGET = 8.1;
				OTHER_CFLAGS = "-DNS_BLOCK_ASSERTIONS=1";
				PROVISIONING_PROFILE = "";
				"PROVISIONING_PROFILE[sdk=iphoneos*]" = "";
				SDKROOT = iphoneos;
				TARGETED_DEVICE_FAMILY = "1,2";
				VALIDATE_PRODUCT = YES;
				VALID_ARCHS = "armv7 armv7s";
			};
			name = Generika_AppStore;
		};
		935F8A46153DBCBE00642BDB /* Generika_AppStore */ = {
			isa = XCBuildConfiguration;
			baseConfigurationReference = 0497976919B7586F308E1BEB /* Pods.Generika_appstore.xcconfig */;
			buildSettings = {
				CLANG_ALLOW_NON_MODULAR_INCLUDES_IN_FRAMEWORK_MODULES = NO;
				CLANG_ENABLE_OBJC_ARC = YES;
				CODE_SIGN_ENTITLEMENTS = Generika/Generika.entitlements;
				CODE_SIGN_IDENTITY = "iPhone Developer";
				"CODE_SIGN_IDENTITY[sdk=iphoneos*]" = "iPhone Developer";
				GCC_PRECOMPILE_PREFIX_HEADER = YES;
				GCC_PREFIX_HEADER = "Generika/Generika-Prefix.pch";
				GCC_VERSION = com.apple.compilers.llvm.clang.1_0;
				GCC_WARN_UNINITIALIZED_AUTOS = YES;
				INFOPLIST_FILE = "Generika/Generika-Info.plist";
				IPHONEOS_DEPLOYMENT_TARGET = 7.0;
				LIBRARY_SEARCH_PATHS = "$(inherited)";
				ONLY_ACTIVE_ARCH = NO;
				PRODUCT_NAME = generika;
				PROVISIONING_PROFILE = "";
				"PROVISIONING_PROFILE[sdk=*]" = "";
				"PROVISIONING_PROFILE[sdk=iphoneos*]" = "";
				SDKROOT = iphoneos;
				VALID_ARCHS = "armv7 armv7s";
				WRAPPER_EXTENSION = app;
			};
			name = Generika_AppStore;
		};
		935F8A47153DBCBE00642BDB /* Generika_AppStore */ = {
			isa = XCBuildConfiguration;
			buildSettings = {
				BUNDLE_LOADER = "$(TEST_HOST)";
				CODE_SIGN_IDENTITY = "iPhone Distribution";
				"CODE_SIGN_IDENTITY[sdk=iphoneos*]" = "iPhone Distribution";
				FRAMEWORK_SEARCH_PATHS = (
					"$(SDKROOT)/Developer/Library/Frameworks",
					"$(inherited)",
				);
				GCC_PRECOMPILE_PREFIX_HEADER = YES;
				GCC_PREFIX_HEADER = "Generika/Generika-Prefix.pch";
				INFOPLIST_FILE = "GenerikaTests/GenerikaTests-Info.plist";
				LIBRARY_SEARCH_PATHS = "$(inherited)";
				PRODUCT_NAME = generikaTests;
				PROVISIONING_PROFILE = "";
				"PROVISIONING_PROFILE[sdk=iphoneos*]" = "";
				TEST_HOST = "$(BUILT_PRODUCTS_DIR)/generika.app/generika";
				VALID_ARCHS = "armv7 armv7s";
			};
			name = Generika_AppStore;
		};
/* End XCBuildConfiguration section */

/* Begin XCConfigurationList section */
		8192735D1535D56D0060859C /* Build configuration list for PBXProject "Generika" */ = {
			isa = XCConfigurationList;
			buildConfigurations = (
				8192739A1535D56E0060859C /* Debug */,
				8192739B1535D56E0060859C /* Release */,
				935F8A45153DBCBE00642BDB /* Generika_AppStore */,
			);
			defaultConfigurationIsVisible = 0;
			defaultConfigurationName = Debug;
		};
		8192739C1535D56E0060859C /* Build configuration list for PBXNativeTarget "Generika" */ = {
			isa = XCConfigurationList;
			buildConfigurations = (
				8192739D1535D56E0060859C /* Debug */,
				8192739E1535D56E0060859C /* Release */,
				935F8A46153DBCBE00642BDB /* Generika_AppStore */,
			);
			defaultConfigurationIsVisible = 0;
			defaultConfigurationName = Debug;
		};
		8192739F1535D56E0060859C /* Build configuration list for PBXNativeTarget "GenerikaTests" */ = {
			isa = XCConfigurationList;
			buildConfigurations = (
				819273A01535D56E0060859C /* Debug */,
				819273A11535D56E0060859C /* Release */,
				935F8A47153DBCBE00642BDB /* Generika_AppStore */,
			);
			defaultConfigurationIsVisible = 0;
			defaultConfigurationName = Debug;
		};
/* End XCConfigurationList section */
	};
	rootObject = 8192735A1535D56D0060859C /* Project object */;
}
