// !$*UTF8*$!
{
	archiveVersion = 1;
	classes = {
	};
	objectVersion = 77;
	objects = {

/* Begin PBXBuildFile section */
		655D0B626DC9948729287B91 /* libPods-GenerikaTests.a in Frameworks */ = {isa = PBXBuildFile; fileRef = EB5FAC97AB01AFB8DAA522EC /* libPods-GenerikaTests.a */; };
		810A928D179CD50A00DAA963 /* Security.framework in Frameworks */ = {isa = PBXBuildFile; fileRef = 810A928C179CD50A00DAA963 /* Security.framework */; };
		8127F27D201C4BA30029F080 /* Helper.m in Sources */ = {isa = PBXBuildFile; fileRef = 8127F27B201C4BA20029F080 /* Helper.m */; };
		8127F280201CBEEA0029F080 /* ReceiptViewController.m in Sources */ = {isa = PBXBuildFile; fileRef = 8127F27E201CBEE90029F080 /* ReceiptViewController.m */; };
		8129BA56153D46F100CB5896 /* Reachability.m in Sources */ = {isa = PBXBuildFile; fileRef = 8129BA55153D46F100CB5896 /* Reachability.m */; };
		8129BA59153D480100CB5896 /* SystemConfiguration.framework in Frameworks */ = {isa = PBXBuildFile; fileRef = 8129BA58153D480100CB5896 /* SystemConfiguration.framework */; };
		812B9A4D17AF7DF50001A5A8 /* SettingsViewController.m in Sources */ = {isa = PBXBuildFile; fileRef = 812B9A4C17AF7DF50001A5A8 /* SettingsViewController.m */; };
		812B9A4E17AF7DF50001A5A8 /* SettingsViewController.m in Sources */ = {isa = PBXBuildFile; fileRef = 812B9A4C17AF7DF50001A5A8 /* SettingsViewController.m */; };
		812C846F1FDCEB660020AD87 /* images.xcassets in Resources */ = {isa = PBXBuildFile; fileRef = 812C846E1FDCEB650020AD87 /* images.xcassets */; };
		812C84741FDCEB7B0020AD87 /* screen in Resources */ = {isa = PBXBuildFile; fileRef = 812C84711FDCEB7B0020AD87 /* screen */; };
		812C84751FDCEB7B0020AD87 /* icon in Resources */ = {isa = PBXBuildFile; fileRef = 812C84721FDCEB7B0020AD87 /* icon */; };
		813316681FE66E62002B07D8 /* Receipt.m in Sources */ = {isa = PBXBuildFile; fileRef = 813316671FE66E62002B07D8 /* Receipt.m */; };
		8133166A1FE66E70002B07D8 /* ReceiptManager.m in Sources */ = {isa = PBXBuildFile; fileRef = 813316691FE66E70002B07D8 /* ReceiptManager.m */; };
		8145D9EC1FD3D959002779FD /* ProductTests.m in Sources */ = {isa = PBXBuildFile; fileRef = 8145D9EB1FD3D958002779FD /* ProductTests.m */; };
		8148C65B17B0B9530037EE81 /* SettingsDetailViewController.m in Sources */ = {isa = PBXBuildFile; fileRef = 8148C65A17B0B9530037EE81 /* SettingsDetailViewController.m */; };
		8148C65C17B0B9530037EE81 /* SettingsDetailViewController.m in Sources */ = {isa = PBXBuildFile; fileRef = 8148C65A17B0B9530037EE81 /* SettingsDetailViewController.m */; };
		8173D3E21FDE73C300C7CFF4 /* ProductManagerTests.m in Sources */ = {isa = PBXBuildFile; fileRef = 8173D3E11FDE73C300C7CFF4 /* ProductManagerTests.m */; };
		81888E1C20133F2B00515D3D /* ReceiptUsageViewController.m in Sources */ = {isa = PBXBuildFile; fileRef = 81888E1A20133F2B00515D3D /* ReceiptUsageViewController.m */; };
		819273681535D56E0060859C /* UIKit.framework in Frameworks */ = {isa = PBXBuildFile; fileRef = 819273671535D56E0060859C /* UIKit.framework */; };
		8192736A1535D56E0060859C /* Foundation.framework in Frameworks */ = {isa = PBXBuildFile; fileRef = 819273691535D56E0060859C /* Foundation.framework */; };
		8192736C1535D56E0060859C /* CoreGraphics.framework in Frameworks */ = {isa = PBXBuildFile; fileRef = 8192736B1535D56E0060859C /* CoreGraphics.framework */; };
		819273721535D56E0060859C /* InfoPlist.strings in Resources */ = {isa = PBXBuildFile; fileRef = 819273701535D56E0060859C /* InfoPlist.strings */; };
		819273741535D56E0060859C /* main.m in Sources */ = {isa = PBXBuildFile; fileRef = 819273731535D56E0060859C /* main.m */; };
		819273781535D56E0060859C /* AppDelegate.m in Sources */ = {isa = PBXBuildFile; fileRef = 819273771535D56E0060859C /* AppDelegate.m */; };
		819273811535D56E0060859C /* MasterViewController.m in Sources */ = {isa = PBXBuildFile; fileRef = 819273801535D56E0060859C /* MasterViewController.m */; };
		8192738D1535D56E0060859C /* UIKit.framework in Frameworks */ = {isa = PBXBuildFile; fileRef = 819273671535D56E0060859C /* UIKit.framework */; };
		8192738E1535D56E0060859C /* Foundation.framework in Frameworks */ = {isa = PBXBuildFile; fileRef = 819273691535D56E0060859C /* Foundation.framework */; };
		819273961535D56E0060859C /* InfoPlist.strings in Resources */ = {isa = PBXBuildFile; fileRef = 819273941535D56E0060859C /* InfoPlist.strings */; };
		819273991535D56E0060859C /* GenerikaTests.m in Sources */ = {isa = PBXBuildFile; fileRef = 819273981535D56E0060859C /* GenerikaTests.m */; };
		819273A31535D5D90060859C /* AVFoundation.framework in Frameworks */ = {isa = PBXBuildFile; fileRef = 819273A21535D5D90060859C /* AVFoundation.framework */; };
		819273A51535D6780060859C /* CoreMedia.framework in Frameworks */ = {isa = PBXBuildFile; fileRef = 819273A41535D6780060859C /* CoreMedia.framework */; };
		819273A71535D6870060859C /* CoreVideo.framework in Frameworks */ = {isa = PBXBuildFile; fileRef = 819273A61535D6870060859C /* CoreVideo.framework */; };
		819273A91535D6990060859C /* QuartzCore.framework in Frameworks */ = {isa = PBXBuildFile; fileRef = 819273A81535D6990060859C /* QuartzCore.framework */; };
		819E165917B20E8B00B315B3 /* Constant.m in Sources */ = {isa = PBXBuildFile; fileRef = 819E165817B20E8B00B315B3 /* Constant.m */; };
		819E165A17B20E8B00B315B3 /* Constant.m in Sources */ = {isa = PBXBuildFile; fileRef = 819E165817B20E8B00B315B3 /* Constant.m */; };
		81B86220153704330054EA0A /* WebViewController.m in Sources */ = {isa = PBXBuildFile; fileRef = 81B8621F153704330054EA0A /* WebViewController.m */; };
		81B8CEB917D46EDE00DF463B /* Product.m in Sources */ = {isa = PBXBuildFile; fileRef = 81B8CEB817D46EDE00DF463B /* Product.m */; };
		81B8CEBA17D46EDE00DF463B /* Product.m in Sources */ = {isa = PBXBuildFile; fileRef = 81B8CEB817D46EDE00DF463B /* Product.m */; };
		81B8CEC017D4767500DF463B /* ProductManager.m in Sources */ = {isa = PBXBuildFile; fileRef = 81B8CEBF17D4767500DF463B /* ProductManager.m */; };
		81B8CEC117D4767500DF463B /* ProductManager.m in Sources */ = {isa = PBXBuildFile; fileRef = 81B8CEBF17D4767500DF463B /* ProductManager.m */; };
		81F2DEE817B877490058AC62 /* fontawesome-webfont.ttf in Resources */ = {isa = PBXBuildFile; fileRef = 81F2DEE517B877490058AC62 /* fontawesome-webfont.ttf */; };
		81F2DEE917B877490058AC62 /* fontawesome-webfont.ttf in Resources */ = {isa = PBXBuildFile; fileRef = 81F2DEE517B877490058AC62 /* fontawesome-webfont.ttf */; };
		8BE0B9CD1F547A2800B68E3B /* UIPopoverController+iPhone.m in Sources */ = {isa = PBXBuildFile; fileRef = 8BE0B9CC1F547A2800B68E3B /* UIPopoverController+iPhone.m */; };
		C8D52752834EB687BBCE051E /* libPods-Generika.a in Frameworks */ = {isa = PBXBuildFile; fileRef = 6033EDCABCCB5F8CC1D93C5E /* libPods-Generika.a */; };
		CF04B1902DD72F8B00B78973 /* LocalAuthentication.framework in Frameworks */ = {isa = PBXBuildFile; fileRef = CF04B18F2DD72F8B00B78973 /* LocalAuthentication.framework */; };
		CF04B1932DD825AB00B78973 /* SettingsManager.m in Sources */ = {isa = PBXBuildFile; fileRef = CF04B1922DD825AB00B78973 /* SettingsManager.m */; };
		CF04B1942DD825AB00B78973 /* SettingsManager.m in Sources */ = {isa = PBXBuildFile; fileRef = CF04B1922DD825AB00B78973 /* SettingsManager.m */; };
		CF0E574E2EAE592800D4313B /* PriceComparisonTableViewCell.m in Sources */ = {isa = PBXBuildFile; fileRef = CF0E574C2EAE592800D4313B /* PriceComparisonTableViewCell.m */; };
		CF0E574F2EAE592800D4313B /* PriceComparisonTableViewCell.xib in Resources */ = {isa = PBXBuildFile; fileRef = CF0E574D2EAE592800D4313B /* PriceComparisonTableViewCell.xib */; };
		CF0E57562EAE6C3F00D4313B /* PriceComparisonViewController.m in Sources */ = {isa = PBXBuildFile; fileRef = CF0E57542EAE6C3F00D4313B /* PriceComparisonViewController.m */; };
		CF0E57572EAE6C3F00D4313B /* PriceComparisonViewController.xib in Resources */ = {isa = PBXBuildFile; fileRef = CF0E57552EAE6C3F00D4313B /* PriceComparisonViewController.xib */; };
		CF0E575B2EB097EE00D4313B /* PatinfoViewController.m in Sources */ = {isa = PBXBuildFile; fileRef = CF0E57592EB097EE00D4313B /* PatinfoViewController.m */; };
		CF0E575C2EB097EE00D4313B /* PatinfoViewController.xib in Resources */ = {isa = PBXBuildFile; fileRef = CF0E575A2EB097EE00D4313B /* PatinfoViewController.xib */; };
		CF0E575E2EB0F76900D4313B /* amiko_stylesheet.css in Resources */ = {isa = PBXBuildFile; fileRef = CF0E575D2EB0F76900D4313B /* amiko_stylesheet.css */; };
		CF0E57612EB0F77800D4313B /* color-scheme-dark.css in Resources */ = {isa = PBXBuildFile; fileRef = CF0E575F2EB0F77800D4313B /* color-scheme-dark.css */; };
		CF0E57622EB0F77800D4313B /* color-scheme-light.css in Resources */ = {isa = PBXBuildFile; fileRef = CF0E57602EB0F77800D4313B /* color-scheme-light.css */; };
		CF0E57652EB0FA9500D4313B /* PatinfoChapterTableViewController.m in Sources */ = {isa = PBXBuildFile; fileRef = CF0E57642EB0FA9500D4313B /* PatinfoChapterTableViewController.m */; };
		CF11C57B2CFD7CA400078620 /* ZurRoseAddress.m in Sources */ = {isa = PBXBuildFile; fileRef = CF11C56F2CFD7CA400078620 /* ZurRoseAddress.m */; };
		CF11C57C2CFD7CA400078620 /* ZurRosePatientAddress.m in Sources */ = {isa = PBXBuildFile; fileRef = CF11C5712CFD7CA400078620 /* ZurRosePatientAddress.m */; };
		CF11C57D2CFD7CA400078620 /* ZurRosePosology.m in Sources */ = {isa = PBXBuildFile; fileRef = CF11C5732CFD7CA400078620 /* ZurRosePosology.m */; };
		CF11C57E2CFD7CA400078620 /* ZurRosePrescription.m in Sources */ = {isa = PBXBuildFile; fileRef = CF11C5752CFD7CA400078620 /* ZurRosePrescription.m */; };
		CF11C57F2CFD7CA400078620 /* ZurRosePrescriptorAddress.m in Sources */ = {isa = PBXBuildFile; fileRef = CF11C5772CFD7CA400078620 /* ZurRosePrescriptorAddress.m */; };
		CF11C5802CFD7CA400078620 /* ZurRoseProduct.m in Sources */ = {isa = PBXBuildFile; fileRef = CF11C5792CFD7CA400078620 /* ZurRoseProduct.m */; };
		CF11C5822CFDF94600078620 /* client.p12 in Resources */ = {isa = PBXBuildFile; fileRef = CF11C5812CFDF94600078620 /* client.p12 */; };
		CF1E95EE2E1F5BAC00454816 /* AuthenticationServices.framework in Frameworks */ = {isa = PBXBuildFile; fileRef = CF1E95ED2E1F5BAC00454816 /* AuthenticationServices.framework */; };
		CF1E95F12E1FFE5400454816 /* SessionManager.m in Sources */ = {isa = PBXBuildFile; fileRef = CF1E95F02E1FFE5400454816 /* SessionManager.m */; };
		CF1E95F42E20EC1200454816 /* SessionToken.m in Sources */ = {isa = PBXBuildFile; fileRef = CF1E95F32E20EC1200454816 /* SessionToken.m */; };
		CF1E95F72E20F68C00454816 /* SessionAccount.m in Sources */ = {isa = PBXBuildFile; fileRef = CF1E95F62E20F68C00454816 /* SessionAccount.m */; };
		CF30D4682D953BA000164F52 /* SettingsProfileTableViewController.m in Sources */ = {isa = PBXBuildFile; fileRef = CF30D4672D953BA000164F52 /* SettingsProfileTableViewController.m */; };
		CF4B16CA21AEE5FE0005C693 /* DataMatrixResult.m in Sources */ = {isa = PBXBuildFile; fileRef = CF4B16C921AEE5FE0005C693 /* DataMatrixResult.m */; };
		CF4B16CD21AEEC120005C693 /* BarcodeExtractor.m in Sources */ = {isa = PBXBuildFile; fileRef = CF4B16CC21AEEC120005C693 /* BarcodeExtractor.m */; };
		CF6224D721B4197E00A52CAC /* BarcodeExtractorTests.m in Sources */ = {isa = PBXBuildFile; fileRef = CF6224D621B4197E00A52CAC /* BarcodeExtractorTests.m */; };
		CF67853921ACE789006B786A /* Vision.framework in Frameworks */ = {isa = PBXBuildFile; fileRef = CF67853821ACE789006B786A /* Vision.framework */; };
		CF67853C21ACEDBB006B786A /* ScannerViewController.m in Sources */ = {isa = PBXBuildFile; fileRef = CF67853B21ACEDBB006B786A /* ScannerViewController.m */; };
		CF86BDD9236198FB004FF092 /* UIColorBackport.m in Sources */ = {isa = PBXBuildFile; fileRef = CF86BDD8236198FB004FF092 /* UIColorBackport.m */; };
		CF88E3342361C669003CF887 /* BarcodeExtractor.m in Sources */ = {isa = PBXBuildFile; fileRef = CF4B16CC21AEEC120005C693 /* BarcodeExtractor.m */; };
		CF88E3352361CC4D003CF887 /* UIColorBackport.m in Sources */ = {isa = PBXBuildFile; fileRef = CF86BDD8236198FB004FF092 /* UIColorBackport.m */; };
		CF9027F52E11738D00EC7BD4 /* VisionKit.framework in Frameworks */ = {isa = PBXBuildFile; fileRef = CF9027F42E11738D00EC7BD4 /* VisionKit.framework */; };
		CF9027F72E11839A00EC7BD4 /* MessageUI.framework in Frameworks */ = {isa = PBXBuildFile; fileRef = CF9027F62E11839A00EC7BD4 /* MessageUI.framework */; };
		CFA37CF82CEEFF8600187BE6 /* EPrescription.m in Sources */ = {isa = PBXBuildFile; fileRef = CFA37CF72CEEFF8600187BE6 /* EPrescription.m */; };
		CFA77AFC2EA66C7A0015E084 /* libsqlite3.tbd in Frameworks */ = {isa = PBXBuildFile; fileRef = CFFC02D62EA3DB1C00FFF3F9 /* libsqlite3.tbd */; };
		CFB2A3EF2D0AB28D00014AFA /* swiss-zip-to-kanton.json in Resources */ = {isa = PBXBuildFile; fileRef = CFB2A3EE2D0AB28D00014AFA /* swiss-zip-to-kanton.json */; };
/* End PBXBuildFile section */

/* Begin PBXContainerItemProxy section */
		8192738F1535D56E0060859C /* PBXContainerItemProxy */ = {
			isa = PBXContainerItemProxy;
			containerPortal = 8192735A1535D56D0060859C /* Project object */;
			proxyType = 1;
			remoteGlobalIDString = 819273621535D56E0060859C;
			remoteInfo = Generika;
		};
/* End PBXContainerItemProxy section */

/* Begin PBXFileReference section */
		0CF9631F19C2569452A76CE5 /* Pods-Generika.release.xcconfig */ = {isa = PBXFileReference; includeInIndex = 1; lastKnownFileType = text.xcconfig; name = "Pods-Generika.release.xcconfig"; path = "Pods/Target Support Files/Pods-Generika/Pods-Generika.release.xcconfig"; sourceTree = "<group>"; };
		2A1FFF20E1446C46E024C55C /* Pods-GenerikaTests.generika_appstore.xcconfig */ = {isa = PBXFileReference; includeInIndex = 1; lastKnownFileType = text.xcconfig; name = "Pods-GenerikaTests.generika_appstore.xcconfig"; path = "Pods/Target Support Files/Pods-GenerikaTests/Pods-GenerikaTests.generika_appstore.xcconfig"; sourceTree = "<group>"; };
		6033EDCABCCB5F8CC1D93C5E /* libPods-Generika.a */ = {isa = PBXFileReference; explicitFileType = archive.ar; includeInIndex = 0; path = "libPods-Generika.a"; sourceTree = BUILT_PRODUCTS_DIR; };
		810A928C179CD50A00DAA963 /* Security.framework */ = {isa = PBXFileReference; lastKnownFileType = wrapper.framework; name = Security.framework; path = System/Library/Frameworks/Security.framework; sourceTree = SDKROOT; };
		81245DC617D70E1500995F5C /* Generika.entitlements */ = {isa = PBXFileReference; lastKnownFileType = text.xml; path = Generika.entitlements; sourceTree = "<group>"; };
		8127F27B201C4BA20029F080 /* Helper.m */ = {isa = PBXFileReference; fileEncoding = 4; lastKnownFileType = sourcecode.c.objc; path = Helper.m; sourceTree = "<group>"; };
		8127F27C201C4BA30029F080 /* Helper.h */ = {isa = PBXFileReference; fileEncoding = 4; lastKnownFileType = sourcecode.c.h; path = Helper.h; sourceTree = "<group>"; };
		8127F27E201CBEE90029F080 /* ReceiptViewController.m */ = {isa = PBXFileReference; fileEncoding = 4; lastKnownFileType = sourcecode.c.objc; path = ReceiptViewController.m; sourceTree = "<group>"; };
		8127F27F201CBEE90029F080 /* ReceiptViewController.h */ = {isa = PBXFileReference; fileEncoding = 4; lastKnownFileType = sourcecode.c.h; path = ReceiptViewController.h; sourceTree = "<group>"; };
		8129BA54153D46F100CB5896 /* Reachability.h */ = {isa = PBXFileReference; fileEncoding = 4; lastKnownFileType = sourcecode.c.h; path = Reachability.h; sourceTree = "<group>"; };
		8129BA55153D46F100CB5896 /* Reachability.m */ = {isa = PBXFileReference; fileEncoding = 4; lastKnownFileType = sourcecode.c.objc; path = Reachability.m; sourceTree = "<group>"; };
		8129BA58153D480100CB5896 /* SystemConfiguration.framework */ = {isa = PBXFileReference; lastKnownFileType = wrapper.framework; name = SystemConfiguration.framework; path = System/Library/Frameworks/SystemConfiguration.framework; sourceTree = SDKROOT; };
		812B9A4B17AF7DF50001A5A8 /* SettingsViewController.h */ = {isa = PBXFileReference; fileEncoding = 4; lastKnownFileType = sourcecode.c.h; path = SettingsViewController.h; sourceTree = "<group>"; };
		812B9A4C17AF7DF50001A5A8 /* SettingsViewController.m */ = {isa = PBXFileReference; fileEncoding = 4; lastKnownFileType = sourcecode.c.objc; path = SettingsViewController.m; sourceTree = "<group>"; };
		812C846E1FDCEB650020AD87 /* images.xcassets */ = {isa = PBXFileReference; lastKnownFileType = folder.assetcatalog; name = images.xcassets; path = resources/images.xcassets; sourceTree = "<group>"; };
		812C84711FDCEB7B0020AD87 /* screen */ = {isa = PBXFileReference; lastKnownFileType = folder; name = screen; path = resources/screen; sourceTree = "<group>"; };
		812C84721FDCEB7B0020AD87 /* icon */ = {isa = PBXFileReference; lastKnownFileType = folder; name = icon; path = resources/icon; sourceTree = "<group>"; };
		813316651FE66BB8002B07D8 /* Receipt.h */ = {isa = PBXFileReference; fileEncoding = 4; lastKnownFileType = sourcecode.c.h; path = Receipt.h; sourceTree = "<group>"; };
		813316661FE66BC2002B07D8 /* ReceiptManager.h */ = {isa = PBXFileReference; fileEncoding = 4; lastKnownFileType = sourcecode.c.h; path = ReceiptManager.h; sourceTree = "<group>"; };
		813316671FE66E62002B07D8 /* Receipt.m */ = {isa = PBXFileReference; fileEncoding = 4; lastKnownFileType = sourcecode.c.objc; path = Receipt.m; sourceTree = "<group>"; };
		813316691FE66E70002B07D8 /* ReceiptManager.m */ = {isa = PBXFileReference; fileEncoding = 4; lastKnownFileType = sourcecode.c.objc; path = ReceiptManager.m; sourceTree = "<group>"; };
		8145D9EB1FD3D958002779FD /* ProductTests.m */ = {isa = PBXFileReference; fileEncoding = 4; lastKnownFileType = sourcecode.c.objc; path = ProductTests.m; sourceTree = "<group>"; };
		8148C65917B0B9530037EE81 /* SettingsDetailViewController.h */ = {isa = PBXFileReference; fileEncoding = 4; lastKnownFileType = sourcecode.c.h; path = SettingsDetailViewController.h; sourceTree = "<group>"; };
		8148C65A17B0B9530037EE81 /* SettingsDetailViewController.m */ = {isa = PBXFileReference; fileEncoding = 4; lastKnownFileType = sourcecode.c.objc; path = SettingsDetailViewController.m; sourceTree = "<group>"; };
		8173D3E11FDE73C300C7CFF4 /* ProductManagerTests.m */ = {isa = PBXFileReference; fileEncoding = 4; lastKnownFileType = sourcecode.c.objc; path = ProductManagerTests.m; sourceTree = "<group>"; };
		8181AD8A1A31BB9D004454C8 /* generika.app */ = {isa = PBXFileReference; explicitFileType = wrapper.application; includeInIndex = 0; path = generika.app; sourceTree = BUILT_PRODUCTS_DIR; };
		8181AD8B1A31BC9F004454C8 /* generikaTests.xctest */ = {isa = PBXFileReference; explicitFileType = wrapper.cfbundle; includeInIndex = 0; path = generikaTests.xctest; sourceTree = BUILT_PRODUCTS_DIR; };
		81888E1A20133F2B00515D3D /* ReceiptUsageViewController.m */ = {isa = PBXFileReference; fileEncoding = 4; lastKnownFileType = sourcecode.c.objc; path = ReceiptUsageViewController.m; sourceTree = "<group>"; };
		81888E1B20133F2B00515D3D /* ReceiptUsageViewController.h */ = {isa = PBXFileReference; fileEncoding = 4; lastKnownFileType = sourcecode.c.h; path = ReceiptUsageViewController.h; sourceTree = "<group>"; };
		819273671535D56E0060859C /* UIKit.framework */ = {isa = PBXFileReference; lastKnownFileType = wrapper.framework; name = UIKit.framework; path = System/Library/Frameworks/UIKit.framework; sourceTree = SDKROOT; };
		819273691535D56E0060859C /* Foundation.framework */ = {isa = PBXFileReference; lastKnownFileType = wrapper.framework; name = Foundation.framework; path = System/Library/Frameworks/Foundation.framework; sourceTree = SDKROOT; };
		8192736B1535D56E0060859C /* CoreGraphics.framework */ = {isa = PBXFileReference; lastKnownFileType = wrapper.framework; name = CoreGraphics.framework; path = System/Library/Frameworks/CoreGraphics.framework; sourceTree = SDKROOT; };
		8192736F1535D56E0060859C /* Generika-Info.plist */ = {isa = PBXFileReference; lastKnownFileType = text.plist.xml; path = "Generika-Info.plist"; sourceTree = "<group>"; };
		819273711535D56E0060859C /* en */ = {isa = PBXFileReference; lastKnownFileType = text.plist.strings; name = en; path = resources/en.lproj/InfoPlist.strings; sourceTree = "<group>"; };
		819273731535D56E0060859C /* main.m */ = {isa = PBXFileReference; lastKnownFileType = sourcecode.c.objc; path = main.m; sourceTree = "<group>"; };
		819273751535D56E0060859C /* Generika-Prefix.pch */ = {isa = PBXFileReference; lastKnownFileType = sourcecode.c.h; path = "Generika-Prefix.pch"; sourceTree = "<group>"; };
		819273761535D56E0060859C /* AppDelegate.h */ = {isa = PBXFileReference; lastKnownFileType = sourcecode.c.h; path = AppDelegate.h; sourceTree = "<group>"; };
		819273771535D56E0060859C /* AppDelegate.m */ = {isa = PBXFileReference; lastKnownFileType = sourcecode.c.objc; path = AppDelegate.m; sourceTree = "<group>"; };
		8192737F1535D56E0060859C /* MasterViewController.h */ = {isa = PBXFileReference; lastKnownFileType = sourcecode.c.h; path = MasterViewController.h; sourceTree = "<group>"; };
		819273801535D56E0060859C /* MasterViewController.m */ = {isa = PBXFileReference; lastKnownFileType = sourcecode.c.objc; path = MasterViewController.m; sourceTree = "<group>"; };
		819273931535D56E0060859C /* GenerikaTests-Info.plist */ = {isa = PBXFileReference; lastKnownFileType = text.plist.xml; path = "GenerikaTests-Info.plist"; sourceTree = "<group>"; };
		819273951535D56E0060859C /* en */ = {isa = PBXFileReference; lastKnownFileType = text.plist.strings; name = en; path = resources/en.lproj/InfoPlist.strings; sourceTree = "<group>"; };
		819273981535D56E0060859C /* GenerikaTests.m */ = {isa = PBXFileReference; lastKnownFileType = sourcecode.c.objc; path = GenerikaTests.m; sourceTree = "<group>"; };
		819273A21535D5D90060859C /* AVFoundation.framework */ = {isa = PBXFileReference; lastKnownFileType = wrapper.framework; name = AVFoundation.framework; path = System/Library/Frameworks/AVFoundation.framework; sourceTree = SDKROOT; };
		819273A41535D6780060859C /* CoreMedia.framework */ = {isa = PBXFileReference; lastKnownFileType = wrapper.framework; name = CoreMedia.framework; path = System/Library/Frameworks/CoreMedia.framework; sourceTree = SDKROOT; };
		819273A61535D6870060859C /* CoreVideo.framework */ = {isa = PBXFileReference; lastKnownFileType = wrapper.framework; name = CoreVideo.framework; path = System/Library/Frameworks/CoreVideo.framework; sourceTree = SDKROOT; };
		819273A81535D6990060859C /* QuartzCore.framework */ = {isa = PBXFileReference; lastKnownFileType = wrapper.framework; name = QuartzCore.framework; path = System/Library/Frameworks/QuartzCore.framework; sourceTree = SDKROOT; };
		819E165717B20E8B00B315B3 /* Constant.h */ = {isa = PBXFileReference; fileEncoding = 4; lastKnownFileType = sourcecode.c.h; path = Constant.h; sourceTree = "<group>"; };
		819E165817B20E8B00B315B3 /* Constant.m */ = {isa = PBXFileReference; fileEncoding = 4; lastKnownFileType = sourcecode.c.objc; path = Constant.m; sourceTree = "<group>"; };
		81B8621E153704330054EA0A /* WebViewController.h */ = {isa = PBXFileReference; fileEncoding = 4; lastKnownFileType = sourcecode.c.h; path = WebViewController.h; sourceTree = "<group>"; };
		81B8621F153704330054EA0A /* WebViewController.m */ = {isa = PBXFileReference; fileEncoding = 4; lastKnownFileType = sourcecode.c.objc; path = WebViewController.m; sourceTree = "<group>"; };
		81B8CEB717D46EDE00DF463B /* Product.h */ = {isa = PBXFileReference; fileEncoding = 4; lastKnownFileType = sourcecode.c.h; path = Product.h; sourceTree = "<group>"; };
		81B8CEB817D46EDE00DF463B /* Product.m */ = {isa = PBXFileReference; fileEncoding = 4; lastKnownFileType = sourcecode.c.objc; path = Product.m; sourceTree = "<group>"; };
		81B8CEBE17D4767500DF463B /* ProductManager.h */ = {isa = PBXFileReference; fileEncoding = 4; lastKnownFileType = sourcecode.c.h; path = ProductManager.h; sourceTree = "<group>"; };
		81B8CEBF17D4767500DF463B /* ProductManager.m */ = {isa = PBXFileReference; fileEncoding = 4; lastKnownFileType = sourcecode.c.objc; path = ProductManager.m; sourceTree = "<group>"; };
		81F2DEE517B877490058AC62 /* fontawesome-webfont.ttf */ = {isa = PBXFileReference; lastKnownFileType = file; name = "fontawesome-webfont.ttf"; path = "resources/fontawesome-webfont.ttf"; sourceTree = "<group>"; };
		8BE0B9CB1F547A2800B68E3B /* UIPopoverController+iPhone.h */ = {isa = PBXFileReference; fileEncoding = 4; lastKnownFileType = sourcecode.c.h; path = "UIPopoverController+iPhone.h"; sourceTree = "<group>"; };
		8BE0B9CC1F547A2800B68E3B /* UIPopoverController+iPhone.m */ = {isa = PBXFileReference; fileEncoding = 4; lastKnownFileType = sourcecode.c.objc; path = "UIPopoverController+iPhone.m"; sourceTree = "<group>"; };
		9BE9B58F1D2656261ADD6A0F /* Pods-GenerikaTests.release.xcconfig */ = {isa = PBXFileReference; includeInIndex = 1; lastKnownFileType = text.xcconfig; name = "Pods-GenerikaTests.release.xcconfig"; path = "Pods/Target Support Files/Pods-GenerikaTests/Pods-GenerikaTests.release.xcconfig"; sourceTree = "<group>"; };
		B0638EBF595B6D8A30BBE8C0 /* Pods-Generika.generika_appstore.xcconfig */ = {isa = PBXFileReference; includeInIndex = 1; lastKnownFileType = text.xcconfig; name = "Pods-Generika.generika_appstore.xcconfig"; path = "Pods/Target Support Files/Pods-Generika/Pods-Generika.generika_appstore.xcconfig"; sourceTree = "<group>"; };
		CF04B18F2DD72F8B00B78973 /* LocalAuthentication.framework */ = {isa = PBXFileReference; lastKnownFileType = wrapper.framework; name = LocalAuthentication.framework; path = System/Library/Frameworks/LocalAuthentication.framework; sourceTree = SDKROOT; };
		CF04B1912DD825AB00B78973 /* SettingsManager.h */ = {isa = PBXFileReference; lastKnownFileType = sourcecode.c.h; path = SettingsManager.h; sourceTree = "<group>"; };
		CF04B1922DD825AB00B78973 /* SettingsManager.m */ = {isa = PBXFileReference; lastKnownFileType = sourcecode.c.objc; path = SettingsManager.m; sourceTree = "<group>"; };
		CF0E574B2EAE592800D4313B /* PriceComparisonTableViewCell.h */ = {isa = PBXFileReference; lastKnownFileType = sourcecode.c.h; path = PriceComparisonTableViewCell.h; sourceTree = "<group>"; };
		CF0E574C2EAE592800D4313B /* PriceComparisonTableViewCell.m */ = {isa = PBXFileReference; lastKnownFileType = sourcecode.c.objc; path = PriceComparisonTableViewCell.m; sourceTree = "<group>"; };
		CF0E574D2EAE592800D4313B /* PriceComparisonTableViewCell.xib */ = {isa = PBXFileReference; lastKnownFileType = file.xib; path = PriceComparisonTableViewCell.xib; sourceTree = "<group>"; };
		CF0E57532EAE6C3F00D4313B /* PriceComparisonViewController.h */ = {isa = PBXFileReference; lastKnownFileType = sourcecode.c.h; path = PriceComparisonViewController.h; sourceTree = "<group>"; };
		CF0E57542EAE6C3F00D4313B /* PriceComparisonViewController.m */ = {isa = PBXFileReference; lastKnownFileType = sourcecode.c.objc; path = PriceComparisonViewController.m; sourceTree = "<group>"; };
		CF0E57552EAE6C3F00D4313B /* PriceComparisonViewController.xib */ = {isa = PBXFileReference; lastKnownFileType = file.xib; path = PriceComparisonViewController.xib; sourceTree = "<group>"; };
		CF0E57582EB097EE00D4313B /* PatinfoViewController.h */ = {isa = PBXFileReference; lastKnownFileType = sourcecode.c.h; path = PatinfoViewController.h; sourceTree = "<group>"; };
		CF0E57592EB097EE00D4313B /* PatinfoViewController.m */ = {isa = PBXFileReference; lastKnownFileType = sourcecode.c.objc; path = PatinfoViewController.m; sourceTree = "<group>"; };
		CF0E575A2EB097EE00D4313B /* PatinfoViewController.xib */ = {isa = PBXFileReference; lastKnownFileType = file.xib; path = PatinfoViewController.xib; sourceTree = "<group>"; };
		CF0E575D2EB0F76900D4313B /* amiko_stylesheet.css */ = {isa = PBXFileReference; lastKnownFileType = text.css; path = amiko_stylesheet.css; sourceTree = "<group>"; };
		CF0E575F2EB0F77800D4313B /* color-scheme-dark.css */ = {isa = PBXFileReference; lastKnownFileType = text.css; path = "color-scheme-dark.css"; sourceTree = "<group>"; };
		CF0E57602EB0F77800D4313B /* color-scheme-light.css */ = {isa = PBXFileReference; lastKnownFileType = text.css; path = "color-scheme-light.css"; sourceTree = "<group>"; };
		CF0E57632EB0FA9500D4313B /* PatinfoChapterTableViewController.h */ = {isa = PBXFileReference; lastKnownFileType = sourcecode.c.h; path = PatinfoChapterTableViewController.h; sourceTree = "<group>"; };
		CF0E57642EB0FA9500D4313B /* PatinfoChapterTableViewController.m */ = {isa = PBXFileReference; lastKnownFileType = sourcecode.c.objc; path = PatinfoChapterTableViewController.m; sourceTree = "<group>"; };
		CF11C56E2CFD7CA400078620 /* ZurRoseAddress.h */ = {isa = PBXFileReference; lastKnownFileType = sourcecode.c.h; path = ZurRoseAddress.h; sourceTree = "<group>"; };
		CF11C56F2CFD7CA400078620 /* ZurRoseAddress.m */ = {isa = PBXFileReference; lastKnownFileType = sourcecode.c.objc; path = ZurRoseAddress.m; sourceTree = "<group>"; };
		CF11C5702CFD7CA400078620 /* ZurRosePatientAddress.h */ = {isa = PBXFileReference; lastKnownFileType = sourcecode.c.h; path = ZurRosePatientAddress.h; sourceTree = "<group>"; };
		CF11C5712CFD7CA400078620 /* ZurRosePatientAddress.m */ = {isa = PBXFileReference; lastKnownFileType = sourcecode.c.objc; path = ZurRosePatientAddress.m; sourceTree = "<group>"; };
		CF11C5722CFD7CA400078620 /* ZurRosePosology.h */ = {isa = PBXFileReference; lastKnownFileType = sourcecode.c.h; path = ZurRosePosology.h; sourceTree = "<group>"; };
		CF11C5732CFD7CA400078620 /* ZurRosePosology.m */ = {isa = PBXFileReference; lastKnownFileType = sourcecode.c.objc; path = ZurRosePosology.m; sourceTree = "<group>"; };
		CF11C5742CFD7CA400078620 /* ZurRosePrescription.h */ = {isa = PBXFileReference; lastKnownFileType = sourcecode.c.h; path = ZurRosePrescription.h; sourceTree = "<group>"; };
		CF11C5752CFD7CA400078620 /* ZurRosePrescription.m */ = {isa = PBXFileReference; lastKnownFileType = sourcecode.c.objc; path = ZurRosePrescription.m; sourceTree = "<group>"; };
		CF11C5762CFD7CA400078620 /* ZurRosePrescriptorAddress.h */ = {isa = PBXFileReference; lastKnownFileType = sourcecode.c.h; path = ZurRosePrescriptorAddress.h; sourceTree = "<group>"; };
		CF11C5772CFD7CA400078620 /* ZurRosePrescriptorAddress.m */ = {isa = PBXFileReference; lastKnownFileType = sourcecode.c.objc; path = ZurRosePrescriptorAddress.m; sourceTree = "<group>"; };
		CF11C5782CFD7CA400078620 /* ZurRoseProduct.h */ = {isa = PBXFileReference; lastKnownFileType = sourcecode.c.h; path = ZurRoseProduct.h; sourceTree = "<group>"; };
		CF11C5792CFD7CA400078620 /* ZurRoseProduct.m */ = {isa = PBXFileReference; lastKnownFileType = sourcecode.c.objc; path = ZurRoseProduct.m; sourceTree = "<group>"; };
		CF11C5812CFDF94600078620 /* client.p12 */ = {isa = PBXFileReference; lastKnownFileType = file; path = client.p12; sourceTree = "<group>"; };
		CF11C5832CFEA4FF00078620 /* ZurRoseCredential.h */ = {isa = PBXFileReference; lastKnownFileType = sourcecode.c.h; path = ZurRoseCredential.h; sourceTree = "<group>"; };
		CF1E95ED2E1F5BAC00454816 /* AuthenticationServices.framework */ = {isa = PBXFileReference; lastKnownFileType = wrapper.framework; name = AuthenticationServices.framework; path = System/Library/Frameworks/AuthenticationServices.framework; sourceTree = SDKROOT; };
		CF1E95EF2E1FFE5400454816 /* SessionManager.h */ = {isa = PBXFileReference; lastKnownFileType = sourcecode.c.h; path = SessionManager.h; sourceTree = "<group>"; };
		CF1E95F02E1FFE5400454816 /* SessionManager.m */ = {isa = PBXFileReference; lastKnownFileType = sourcecode.c.objc; path = SessionManager.m; sourceTree = "<group>"; };
		CF1E95F22E20EC1200454816 /* SessionToken.h */ = {isa = PBXFileReference; lastKnownFileType = sourcecode.c.h; path = SessionToken.h; sourceTree = "<group>"; };
		CF1E95F32E20EC1200454816 /* SessionToken.m */ = {isa = PBXFileReference; lastKnownFileType = sourcecode.c.objc; path = SessionToken.m; sourceTree = "<group>"; };
		CF1E95F52E20F68C00454816 /* SessionAccount.h */ = {isa = PBXFileReference; lastKnownFileType = sourcecode.c.h; path = SessionAccount.h; sourceTree = "<group>"; };
		CF1E95F62E20F68C00454816 /* SessionAccount.m */ = {isa = PBXFileReference; lastKnownFileType = sourcecode.c.objc; path = SessionAccount.m; sourceTree = "<group>"; };
		CF30D4662D953BA000164F52 /* SettingsProfileTableViewController.h */ = {isa = PBXFileReference; lastKnownFileType = sourcecode.c.h; path = SettingsProfileTableViewController.h; sourceTree = "<group>"; };
		CF30D4672D953BA000164F52 /* SettingsProfileTableViewController.m */ = {isa = PBXFileReference; lastKnownFileType = sourcecode.c.objc; path = SettingsProfileTableViewController.m; sourceTree = "<group>"; };
		CF4B16C821AEE5FE0005C693 /* DataMatrixResult.h */ = {isa = PBXFileReference; lastKnownFileType = sourcecode.c.h; path = DataMatrixResult.h; sourceTree = "<group>"; };
		CF4B16C921AEE5FE0005C693 /* DataMatrixResult.m */ = {isa = PBXFileReference; lastKnownFileType = sourcecode.c.objc; path = DataMatrixResult.m; sourceTree = "<group>"; };
		CF4B16CB21AEEC120005C693 /* BarcodeExtractor.h */ = {isa = PBXFileReference; lastKnownFileType = sourcecode.c.h; path = BarcodeExtractor.h; sourceTree = "<group>"; };
		CF4B16CC21AEEC120005C693 /* BarcodeExtractor.m */ = {isa = PBXFileReference; lastKnownFileType = sourcecode.c.objc; path = BarcodeExtractor.m; sourceTree = "<group>"; };
		CF6224D621B4197E00A52CAC /* BarcodeExtractorTests.m */ = {isa = PBXFileReference; lastKnownFileType = sourcecode.c.objc; path = BarcodeExtractorTests.m; sourceTree = "<group>"; };
		CF67853821ACE789006B786A /* Vision.framework */ = {isa = PBXFileReference; lastKnownFileType = wrapper.framework; name = Vision.framework; path = System/Library/Frameworks/Vision.framework; sourceTree = SDKROOT; };
		CF67853A21ACEDBB006B786A /* ScannerViewController.h */ = {isa = PBXFileReference; lastKnownFileType = sourcecode.c.h; path = ScannerViewController.h; sourceTree = "<group>"; };
		CF67853B21ACEDBB006B786A /* ScannerViewController.m */ = {isa = PBXFileReference; lastKnownFileType = sourcecode.c.objc; path = ScannerViewController.m; sourceTree = "<group>"; };
		CF86BDD7236198FB004FF092 /* UIColorBackport.h */ = {isa = PBXFileReference; lastKnownFileType = sourcecode.c.h; path = UIColorBackport.h; sourceTree = "<group>"; };
		CF86BDD8236198FB004FF092 /* UIColorBackport.m */ = {isa = PBXFileReference; lastKnownFileType = sourcecode.c.objc; path = UIColorBackport.m; sourceTree = "<group>"; };
		CF9027F42E11738D00EC7BD4 /* VisionKit.framework */ = {isa = PBXFileReference; lastKnownFileType = wrapper.framework; name = VisionKit.framework; path = System/Library/Frameworks/VisionKit.framework; sourceTree = SDKROOT; };
		CF9027F62E11839A00EC7BD4 /* MessageUI.framework */ = {isa = PBXFileReference; lastKnownFileType = wrapper.framework; name = MessageUI.framework; path = System/Library/Frameworks/MessageUI.framework; sourceTree = SDKROOT; };
		CFA37CF62CEEFF8600187BE6 /* EPrescription.h */ = {isa = PBXFileReference; lastKnownFileType = sourcecode.c.h; path = EPrescription.h; sourceTree = "<group>"; };
		CFA37CF72CEEFF8600187BE6 /* EPrescription.m */ = {isa = PBXFileReference; lastKnownFileType = sourcecode.c.objc; path = EPrescription.m; sourceTree = "<group>"; };
		CFA77AFB2EA66C750015E084 /* libsqlite3.0.tbd */ = {isa = PBXFileReference; lastKnownFileType = "sourcecode.text-based-dylib-definition"; name = libsqlite3.0.tbd; path = usr/lib/libsqlite3.0.tbd; sourceTree = SDKROOT; };
		CFB2A3EE2D0AB28D00014AFA /* swiss-zip-to-kanton.json */ = {isa = PBXFileReference; lastKnownFileType = text.json; path = "swiss-zip-to-kanton.json"; sourceTree = "<group>"; };
		CFFC02D62EA3DB1C00FFF3F9 /* libsqlite3.tbd */ = {isa = PBXFileReference; lastKnownFileType = "sourcecode.text-based-dylib-definition"; name = libsqlite3.tbd; path = usr/lib/libsqlite3.tbd; sourceTree = SDKROOT; };
		D11259016471743A2A72EF97 /* Pods-Generika.debug.xcconfig */ = {isa = PBXFileReference; includeInIndex = 1; lastKnownFileType = text.xcconfig; name = "Pods-Generika.debug.xcconfig"; path = "Pods/Target Support Files/Pods-Generika/Pods-Generika.debug.xcconfig"; sourceTree = "<group>"; };
		EB5FAC97AB01AFB8DAA522EC /* libPods-GenerikaTests.a */ = {isa = PBXFileReference; explicitFileType = archive.ar; includeInIndex = 0; path = "libPods-GenerikaTests.a"; sourceTree = BUILT_PRODUCTS_DIR; };
		F0DCFF12E0D159B951492A27 /* Pods-GenerikaTests.debug.xcconfig */ = {isa = PBXFileReference; includeInIndex = 1; lastKnownFileType = text.xcconfig; name = "Pods-GenerikaTests.debug.xcconfig"; path = "Pods/Target Support Files/Pods-GenerikaTests/Pods-GenerikaTests.debug.xcconfig"; sourceTree = "<group>"; };
/* End PBXFileReference section */

/* Begin PBXFileSystemSynchronizedRootGroup section */
		CFFC02D02EA3D24800FFF3F9 /* Databases */ = {isa = PBXFileSystemSynchronizedRootGroup; explicitFileTypes = {}; explicitFolders = (); path = Databases; sourceTree = "<group>"; };
		CFFC02D72EA6673600FFF3F9 /* AmikoDatabase */ = {isa = PBXFileSystemSynchronizedRootGroup; explicitFileTypes = {}; explicitFolders = (); path = AmikoDatabase; sourceTree = "<group>"; };
/* End PBXFileSystemSynchronizedRootGroup section */

/* Begin PBXFrameworksBuildPhase section */
		819273601535D56E0060859C /* Frameworks */ = {
			isa = PBXFrameworksBuildPhase;
			buildActionMask = 2147483647;
			files = (
				CF9027F72E11839A00EC7BD4 /* MessageUI.framework in Frameworks */,
				CF67853921ACE789006B786A /* Vision.framework in Frameworks */,
				CFA77AFC2EA66C7A0015E084 /* libsqlite3.tbd in Frameworks */,
				810A928D179CD50A00DAA963 /* Security.framework in Frameworks */,
				8129BA59153D480100CB5896 /* SystemConfiguration.framework in Frameworks */,
				819273A91535D6990060859C /* QuartzCore.framework in Frameworks */,
				CF04B1902DD72F8B00B78973 /* LocalAuthentication.framework in Frameworks */,
				CF1E95EE2E1F5BAC00454816 /* AuthenticationServices.framework in Frameworks */,
				819273A71535D6870060859C /* CoreVideo.framework in Frameworks */,
				819273A51535D6780060859C /* CoreMedia.framework in Frameworks */,
				819273A31535D5D90060859C /* AVFoundation.framework in Frameworks */,
				819273681535D56E0060859C /* UIKit.framework in Frameworks */,
				8192736A1535D56E0060859C /* Foundation.framework in Frameworks */,
				8192736C1535D56E0060859C /* CoreGraphics.framework in Frameworks */,
				CF9027F52E11738D00EC7BD4 /* VisionKit.framework in Frameworks */,
				C8D52752834EB687BBCE051E /* libPods-Generika.a in Frameworks */,
			);
			runOnlyForDeploymentPostprocessing = 0;
		};
		819273861535D56E0060859C /* Frameworks */ = {
			isa = PBXFrameworksBuildPhase;
			buildActionMask = 2147483647;
			files = (
				8192738D1535D56E0060859C /* UIKit.framework in Frameworks */,
				8192738E1535D56E0060859C /* Foundation.framework in Frameworks */,
				655D0B626DC9948729287B91 /* libPods-GenerikaTests.a in Frameworks */,
			);
			runOnlyForDeploymentPostprocessing = 0;
		};
/* End PBXFrameworksBuildPhase section */

/* Begin PBXGroup section */
		2A25348721585000EAB4AC22 /* Pods */ = {
			isa = PBXGroup;
			children = (
				D11259016471743A2A72EF97 /* Pods-Generika.debug.xcconfig */,
				0CF9631F19C2569452A76CE5 /* Pods-Generika.release.xcconfig */,
				B0638EBF595B6D8A30BBE8C0 /* Pods-Generika.generika_appstore.xcconfig */,
				F0DCFF12E0D159B951492A27 /* Pods-GenerikaTests.debug.xcconfig */,
				9BE9B58F1D2656261ADD6A0F /* Pods-GenerikaTests.release.xcconfig */,
				2A1FFF20E1446C46E024C55C /* Pods-GenerikaTests.generika_appstore.xcconfig */,
			);
			name = Pods;
			sourceTree = "<group>";
		};
		8181AD8C1A31BCB4004454C8 /* Products */ = {
			isa = PBXGroup;
			children = (
				8181AD8B1A31BC9F004454C8 /* generikaTests.xctest */,
				8181AD8A1A31BB9D004454C8 /* generika.app */,
			);
			name = Products;
			sourceTree = "<group>";
		};
		819273581535D56D0060859C = {
			isa = PBXGroup;
			children = (
				8192736D1535D56E0060859C /* Generika */,
				819273911535D56E0060859C /* GenerikaTests */,
				819273661535D56E0060859C /* Frameworks */,
				8181AD8C1A31BCB4004454C8 /* Products */,
				2A25348721585000EAB4AC22 /* Pods */,
			);
			sourceTree = "<group>";
		};
		819273661535D56E0060859C /* Frameworks */ = {
			isa = PBXGroup;
			children = (
				CFA77AFB2EA66C750015E084 /* libsqlite3.0.tbd */,
				CFFC02D62EA3DB1C00FFF3F9 /* libsqlite3.tbd */,
				CF1E95ED2E1F5BAC00454816 /* AuthenticationServices.framework */,
				CF9027F62E11839A00EC7BD4 /* MessageUI.framework */,
				CF9027F42E11738D00EC7BD4 /* VisionKit.framework */,
				CF04B18F2DD72F8B00B78973 /* LocalAuthentication.framework */,
				CF67853821ACE789006B786A /* Vision.framework */,
				810A928C179CD50A00DAA963 /* Security.framework */,
				8129BA58153D480100CB5896 /* SystemConfiguration.framework */,
				819273A81535D6990060859C /* QuartzCore.framework */,
				819273A61535D6870060859C /* CoreVideo.framework */,
				819273A41535D6780060859C /* CoreMedia.framework */,
				819273A21535D5D90060859C /* AVFoundation.framework */,
				819273671535D56E0060859C /* UIKit.framework */,
				819273691535D56E0060859C /* Foundation.framework */,
				8192736B1535D56E0060859C /* CoreGraphics.framework */,
				6033EDCABCCB5F8CC1D93C5E /* libPods-Generika.a */,
				EB5FAC97AB01AFB8DAA522EC /* libPods-GenerikaTests.a */,
			);
			name = Frameworks;
			sourceTree = "<group>";
		};
		8192736D1535D56E0060859C /* Generika */ = {
			isa = PBXGroup;
			children = (
				819273731535D56E0060859C /* main.m */,
				81B8CEBB17D4724E00DF463B /* Model */,
				81B8CEBC17D473C300DF463B /* UI */,
				81B8CEBD17D4762600DF463B /* Utility */,
				CFFC02D02EA3D24800FFF3F9 /* Databases */,
				81FEDA1F1538962900756CAE /* Resources */,
				8192736E1535D56E0060859C /* Supporting Files */,
			);
			path = Generika;
			sourceTree = "<group>";
		};
		8192736E1535D56E0060859C /* Supporting Files */ = {
			isa = PBXGroup;
			children = (
				81245DC617D70E1500995F5C /* Generika.entitlements */,
				8192736F1535D56E0060859C /* Generika-Info.plist */,
				819273701535D56E0060859C /* InfoPlist.strings */,
				819273751535D56E0060859C /* Generika-Prefix.pch */,
			);
			name = "Supporting Files";
			sourceTree = "<group>";
		};
		819273911535D56E0060859C /* GenerikaTests */ = {
			isa = PBXGroup;
			children = (
				8173D3E11FDE73C300C7CFF4 /* ProductManagerTests.m */,
				8145D9EB1FD3D958002779FD /* ProductTests.m */,
				819273981535D56E0060859C /* GenerikaTests.m */,
				CF6224D621B4197E00A52CAC /* BarcodeExtractorTests.m */,
				819273921535D56E0060859C /* Supporting Files */,
			);
			path = GenerikaTests;
			sourceTree = "<group>";
		};
		819273921535D56E0060859C /* Supporting Files */ = {
			isa = PBXGroup;
			children = (
				819273931535D56E0060859C /* GenerikaTests-Info.plist */,
				819273941535D56E0060859C /* InfoPlist.strings */,
			);
			name = "Supporting Files";
			sourceTree = "<group>";
		};
		81B8CEBB17D4724E00DF463B /* Model */ = {
			isa = PBXGroup;
			children = (
				813316651FE66BB8002B07D8 /* Receipt.h */,
				813316671FE66E62002B07D8 /* Receipt.m */,
				813316661FE66BC2002B07D8 /* ReceiptManager.h */,
				813316691FE66E70002B07D8 /* ReceiptManager.m */,
				81B8CEB717D46EDE00DF463B /* Product.h */,
				81B8CEB817D46EDE00DF463B /* Product.m */,
				81B8CEBE17D4767500DF463B /* ProductManager.h */,
				81B8CEBF17D4767500DF463B /* ProductManager.m */,
				CF4B16C821AEE5FE0005C693 /* DataMatrixResult.h */,
				CF4B16C921AEE5FE0005C693 /* DataMatrixResult.m */,
				CFA37CF62CEEFF8600187BE6 /* EPrescription.h */,
				CFA37CF72CEEFF8600187BE6 /* EPrescription.m */,
				CF1E95EF2E1FFE5400454816 /* SessionManager.h */,
				CF1E95F02E1FFE5400454816 /* SessionManager.m */,
				CF1E95F22E20EC1200454816 /* SessionToken.h */,
				CF1E95F32E20EC1200454816 /* SessionToken.m */,
				CF1E95F52E20F68C00454816 /* SessionAccount.h */,
				CF1E95F62E20F68C00454816 /* SessionAccount.m */,
				CF11C57A2CFD7CA400078620 /* ZurRose */,
				CFFC02D72EA6673600FFF3F9 /* AmikoDatabase */,
			);
			name = Model;
			sourceTree = "<group>";
		};
		81B8CEBC17D473C300DF463B /* UI */ = {
			isa = PBXGroup;
			children = (
				8BE0B9CB1F547A2800B68E3B /* UIPopoverController+iPhone.h */,
				8BE0B9CC1F547A2800B68E3B /* UIPopoverController+iPhone.m */,
				819273761535D56E0060859C /* AppDelegate.h */,
				819273771535D56E0060859C /* AppDelegate.m */,
				8192737F1535D56E0060859C /* MasterViewController.h */,
				819273801535D56E0060859C /* MasterViewController.m */,
				CF67853A21ACEDBB006B786A /* ScannerViewController.h */,
				CF67853B21ACEDBB006B786A /* ScannerViewController.m */,
				812B9A4B17AF7DF50001A5A8 /* SettingsViewController.h */,
				812B9A4C17AF7DF50001A5A8 /* SettingsViewController.m */,
				8148C65917B0B9530037EE81 /* SettingsDetailViewController.h */,
				8148C65A17B0B9530037EE81 /* SettingsDetailViewController.m */,
				CF30D4662D953BA000164F52 /* SettingsProfileTableViewController.h */,
				CF30D4672D953BA000164F52 /* SettingsProfileTableViewController.m */,
				8127F27F201CBEE90029F080 /* ReceiptViewController.h */,
				8127F27E201CBEE90029F080 /* ReceiptViewController.m */,
				81888E1B20133F2B00515D3D /* ReceiptUsageViewController.h */,
				81888E1A20133F2B00515D3D /* ReceiptUsageViewController.m */,
				81B8621E153704330054EA0A /* WebViewController.h */,
				81B8621F153704330054EA0A /* WebViewController.m */,
				CF0E57532EAE6C3F00D4313B /* PriceComparisonViewController.h */,
				CF0E57542EAE6C3F00D4313B /* PriceComparisonViewController.m */,
				CF0E57552EAE6C3F00D4313B /* PriceComparisonViewController.xib */,
				CF0E574B2EAE592800D4313B /* PriceComparisonTableViewCell.h */,
				CF0E574C2EAE592800D4313B /* PriceComparisonTableViewCell.m */,
				CF0E574D2EAE592800D4313B /* PriceComparisonTableViewCell.xib */,
				CF0E57582EB097EE00D4313B /* PatinfoViewController.h */,
				CF0E57592EB097EE00D4313B /* PatinfoViewController.m */,
				CF0E575A2EB097EE00D4313B /* PatinfoViewController.xib */,
				CF0E57632EB0FA9500D4313B /* PatinfoChapterTableViewController.h */,
				CF0E57642EB0FA9500D4313B /* PatinfoChapterTableViewController.m */,
			);
			name = UI;
			sourceTree = "<group>";
		};
		81B8CEBD17D4762600DF463B /* Utility */ = {
			isa = PBXGroup;
			children = (
				819E165717B20E8B00B315B3 /* Constant.h */,
				819E165817B20E8B00B315B3 /* Constant.m */,
				8127F27C201C4BA30029F080 /* Helper.h */,
				8127F27B201C4BA20029F080 /* Helper.m */,
				8129BA54153D46F100CB5896 /* Reachability.h */,
				8129BA55153D46F100CB5896 /* Reachability.m */,
				CF4B16CB21AEEC120005C693 /* BarcodeExtractor.h */,
				CF4B16CC21AEEC120005C693 /* BarcodeExtractor.m */,
				CF86BDD7236198FB004FF092 /* UIColorBackport.h */,
				CF86BDD8236198FB004FF092 /* UIColorBackport.m */,
				CF04B1912DD825AB00B78973 /* SettingsManager.h */,
				CF04B1922DD825AB00B78973 /* SettingsManager.m */,
			);
			name = Utility;
			sourceTree = "<group>";
		};
		81FEDA1F1538962900756CAE /* Resources */ = {
			isa = PBXGroup;
			children = (
				812C84721FDCEB7B0020AD87 /* icon */,
				812C84711FDCEB7B0020AD87 /* screen */,
				812C846E1FDCEB650020AD87 /* images.xcassets */,
				81F2DEE517B877490058AC62 /* fontawesome-webfont.ttf */,
				CFB2A3EE2D0AB28D00014AFA /* swiss-zip-to-kanton.json */,
				CF0E575D2EB0F76900D4313B /* amiko_stylesheet.css */,
				CF0E575F2EB0F77800D4313B /* color-scheme-dark.css */,
				CF0E57602EB0F77800D4313B /* color-scheme-light.css */,
			);
			name = Resources;
			sourceTree = "<group>";
		};
		CF11C57A2CFD7CA400078620 /* ZurRose */ = {
			isa = PBXGroup;
			children = (
				CF11C56E2CFD7CA400078620 /* ZurRoseAddress.h */,
				CF11C56F2CFD7CA400078620 /* ZurRoseAddress.m */,
				CF11C5702CFD7CA400078620 /* ZurRosePatientAddress.h */,
				CF11C5712CFD7CA400078620 /* ZurRosePatientAddress.m */,
				CF11C5722CFD7CA400078620 /* ZurRosePosology.h */,
				CF11C5732CFD7CA400078620 /* ZurRosePosology.m */,
				CF11C5742CFD7CA400078620 /* ZurRosePrescription.h */,
				CF11C5752CFD7CA400078620 /* ZurRosePrescription.m */,
				CF11C5762CFD7CA400078620 /* ZurRosePrescriptorAddress.h */,
				CF11C5772CFD7CA400078620 /* ZurRosePrescriptorAddress.m */,
				CF11C5782CFD7CA400078620 /* ZurRoseProduct.h */,
				CF11C5792CFD7CA400078620 /* ZurRoseProduct.m */,
				CF11C5832CFEA4FF00078620 /* ZurRoseCredential.h */,
				CF11C5812CFDF94600078620 /* client.p12 */,
			);
			path = ZurRose;
			sourceTree = "<group>";
		};
/* End PBXGroup section */

/* Begin PBXNativeTarget section */
		819273621535D56E0060859C /* Generika */ = {
			isa = PBXNativeTarget;
			buildConfigurationList = 8192739C1535D56E0060859C /* Build configuration list for PBXNativeTarget "Generika" */;
			buildPhases = (
				A218F00D0A4C7EC498B9055A /* [CP] Check Pods Manifest.lock */,
				8192735F1535D56E0060859C /* Sources */,
				819273601535D56E0060859C /* Frameworks */,
				819273611535D56E0060859C /* Resources */,
			);
			buildRules = (
			);
			dependencies = (
			);
			fileSystemSynchronizedGroups = (
				CFFC02D02EA3D24800FFF3F9 /* Databases */,
				CFFC02D72EA6673600FFF3F9 /* AmikoDatabase */,
			);
			name = Generika;
			productName = Generika;
			productReference = 8181AD8A1A31BB9D004454C8 /* generika.app */;
			productType = "com.apple.product-type.application";
		};
		819273891535D56E0060859C /* GenerikaTests */ = {
			isa = PBXNativeTarget;
			buildConfigurationList = 8192739F1535D56E0060859C /* Build configuration list for PBXNativeTarget "GenerikaTests" */;
			buildPhases = (
				373E64B17D12D2CDEBE84062 /* [CP] Check Pods Manifest.lock */,
				819273851535D56E0060859C /* Sources */,
				819273861535D56E0060859C /* Frameworks */,
				819273871535D56E0060859C /* Resources */,
			);
			buildRules = (
			);
			dependencies = (
				819273901535D56E0060859C /* PBXTargetDependency */,
			);
			name = GenerikaTests;
			productName = GenerikaTests;
			productReference = 8181AD8B1A31BC9F004454C8 /* generikaTests.xctest */;
			productType = "com.apple.product-type.bundle.unit-test";
		};
/* End PBXNativeTarget section */

/* Begin PBXProject section */
		8192735A1535D56D0060859C /* Project object */ = {
			isa = PBXProject;
			attributes = {
				LastTestingUpgradeCheck = 0610;
				LastUpgradeCheck = 1110;
				ORGANIZATIONNAME = "ywesee GmbH";
				TargetAttributes = {
					819273621535D56E0060859C = {
						DevelopmentTeam = 4B37356EGR;
						SystemCapabilities = {
							com.apple.iCloud = {
								enabled = 1;
							};
						};
					};
					819273891535D56E0060859C = {
						TestTargetID = 819273621535D56E0060859C;
					};
				};
			};
			buildConfigurationList = 8192735D1535D56D0060859C /* Build configuration list for PBXProject "Generika" */;
			compatibilityVersion = "Xcode 3.2";
			developmentRegion = en;
			hasScannedForEncodings = 0;
			knownRegions = (
				en,
				Base,
			);
			mainGroup = 819273581535D56D0060859C;
			productRefGroup = 819273581535D56D0060859C;
			projectDirPath = "";
			projectRoot = "";
			targets = (
				819273621535D56E0060859C /* Generika */,
				819273891535D56E0060859C /* GenerikaTests */,
			);
		};
/* End PBXProject section */

/* Begin PBXResourcesBuildPhase section */
		819273611535D56E0060859C /* Resources */ = {
			isa = PBXResourcesBuildPhase;
			buildActionMask = 2147483647;
			files = (
				CF0E574F2EAE592800D4313B /* PriceComparisonTableViewCell.xib in Resources */,
				812C84741FDCEB7B0020AD87 /* screen in Resources */,
				812C846F1FDCEB660020AD87 /* images.xcassets in Resources */,
				CF11C5822CFDF94600078620 /* client.p12 in Resources */,
				CF0E57572EAE6C3F00D4313B /* PriceComparisonViewController.xib in Resources */,
				819273721535D56E0060859C /* InfoPlist.strings in Resources */,
				812C84751FDCEB7B0020AD87 /* icon in Resources */,
				CF0E575C2EB097EE00D4313B /* PatinfoViewController.xib in Resources */,
				CF0E575E2EB0F76900D4313B /* amiko_stylesheet.css in Resources */,
				CFB2A3EF2D0AB28D00014AFA /* swiss-zip-to-kanton.json in Resources */,
				81F2DEE817B877490058AC62 /* fontawesome-webfont.ttf in Resources */,
				CF0E57612EB0F77800D4313B /* color-scheme-dark.css in Resources */,
				CF0E57622EB0F77800D4313B /* color-scheme-light.css in Resources */,
			);
			runOnlyForDeploymentPostprocessing = 0;
		};
		819273871535D56E0060859C /* Resources */ = {
			isa = PBXResourcesBuildPhase;
			buildActionMask = 2147483647;
			files = (
				819273961535D56E0060859C /* InfoPlist.strings in Resources */,
				81F2DEE917B877490058AC62 /* fontawesome-webfont.ttf in Resources */,
			);
			runOnlyForDeploymentPostprocessing = 0;
		};
/* End PBXResourcesBuildPhase section */

/* Begin PBXShellScriptBuildPhase section */
		373E64B17D12D2CDEBE84062 /* [CP] Check Pods Manifest.lock */ = {
			isa = PBXShellScriptBuildPhase;
			buildActionMask = 2147483647;
			files = (
			);
			inputPaths = (
				"${PODS_PODFILE_DIR_PATH}/Podfile.lock",
				"${PODS_ROOT}/Manifest.lock",
			);
			name = "[CP] Check Pods Manifest.lock";
			outputPaths = (
				"$(DERIVED_FILE_DIR)/Pods-GenerikaTests-checkManifestLockResult.txt",
			);
			runOnlyForDeploymentPostprocessing = 0;
			shellPath = /bin/sh;
			shellScript = "diff \"${PODS_PODFILE_DIR_PATH}/Podfile.lock\" \"${PODS_ROOT}/Manifest.lock\" > /dev/null\nif [ $? != 0 ] ; then\n    # print error to STDERR\n    echo \"error: The sandbox is not in sync with the Podfile.lock. Run 'pod install' or update your CocoaPods installation.\" >&2\n    exit 1\nfi\n# This output is used by Xcode 'outputs' to avoid re-running this script phase.\necho \"SUCCESS\" > \"${SCRIPT_OUTPUT_FILE_0}\"\n";
			showEnvVarsInLog = 0;
		};
		A218F00D0A4C7EC498B9055A /* [CP] Check Pods Manifest.lock */ = {
			isa = PBXShellScriptBuildPhase;
			buildActionMask = 2147483647;
			files = (
			);
			inputPaths = (
				"${PODS_PODFILE_DIR_PATH}/Podfile.lock",
				"${PODS_ROOT}/Manifest.lock",
			);
			name = "[CP] Check Pods Manifest.lock";
			outputPaths = (
				"$(DERIVED_FILE_DIR)/Pods-Generika-checkManifestLockResult.txt",
			);
			runOnlyForDeploymentPostprocessing = 0;
			shellPath = /bin/sh;
			shellScript = "diff \"${PODS_PODFILE_DIR_PATH}/Podfile.lock\" \"${PODS_ROOT}/Manifest.lock\" > /dev/null\nif [ $? != 0 ] ; then\n    # print error to STDERR\n    echo \"error: The sandbox is not in sync with the Podfile.lock. Run 'pod install' or update your CocoaPods installation.\" >&2\n    exit 1\nfi\n# This output is used by Xcode 'outputs' to avoid re-running this script phase.\necho \"SUCCESS\" > \"${SCRIPT_OUTPUT_FILE_0}\"\n";
			showEnvVarsInLog = 0;
		};
/* End PBXShellScriptBuildPhase section */

/* Begin PBXSourcesBuildPhase section */
		8192735F1535D56E0060859C /* Sources */ = {
			isa = PBXSourcesBuildPhase;
			buildActionMask = 2147483647;
			files = (
				CF1E95F12E1FFE5400454816 /* SessionManager.m in Sources */,
				CF1E95F42E20EC1200454816 /* SessionToken.m in Sources */,
				8133166A1FE66E70002B07D8 /* ReceiptManager.m in Sources */,
				CFA37CF82CEEFF8600187BE6 /* EPrescription.m in Sources */,
				8127F280201CBEEA0029F080 /* ReceiptViewController.m in Sources */,
				CF4B16CA21AEE5FE0005C693 /* DataMatrixResult.m in Sources */,
				CF0E57562EAE6C3F00D4313B /* PriceComparisonViewController.m in Sources */,
				CF30D4682D953BA000164F52 /* SettingsProfileTableViewController.m in Sources */,
				819273741535D56E0060859C /* main.m in Sources */,
				CF0E57652EB0FA9500D4313B /* PatinfoChapterTableViewController.m in Sources */,
				819273781535D56E0060859C /* AppDelegate.m in Sources */,
				CF4B16CD21AEEC120005C693 /* BarcodeExtractor.m in Sources */,
				8BE0B9CD1F547A2800B68E3B /* UIPopoverController+iPhone.m in Sources */,
				CF04B1932DD825AB00B78973 /* SettingsManager.m in Sources */,
				8127F27D201C4BA30029F080 /* Helper.m in Sources */,
				CF67853C21ACEDBB006B786A /* ScannerViewController.m in Sources */,
				81B8CEB917D46EDE00DF463B /* Product.m in Sources */,
				819273811535D56E0060859C /* MasterViewController.m in Sources */,
				CF86BDD9236198FB004FF092 /* UIColorBackport.m in Sources */,
				81888E1C20133F2B00515D3D /* ReceiptUsageViewController.m in Sources */,
				CF0E575B2EB097EE00D4313B /* PatinfoViewController.m in Sources */,
				81B86220153704330054EA0A /* WebViewController.m in Sources */,
				CF11C57B2CFD7CA400078620 /* ZurRoseAddress.m in Sources */,
				CF11C57C2CFD7CA400078620 /* ZurRosePatientAddress.m in Sources */,
				CF11C57D2CFD7CA400078620 /* ZurRosePosology.m in Sources */,
				CF11C57E2CFD7CA400078620 /* ZurRosePrescription.m in Sources */,
				CF11C57F2CFD7CA400078620 /* ZurRosePrescriptorAddress.m in Sources */,
				CF11C5802CFD7CA400078620 /* ZurRoseProduct.m in Sources */,
				813316681FE66E62002B07D8 /* Receipt.m in Sources */,
				8148C65B17B0B9530037EE81 /* SettingsDetailViewController.m in Sources */,
				CF0E574E2EAE592800D4313B /* PriceComparisonTableViewCell.m in Sources */,
				CF1E95F72E20F68C00454816 /* SessionAccount.m in Sources */,
				8129BA56153D46F100CB5896 /* Reachability.m in Sources */,
				81B8CEC017D4767500DF463B /* ProductManager.m in Sources */,
				812B9A4D17AF7DF50001A5A8 /* SettingsViewController.m in Sources */,
				819E165917B20E8B00B315B3 /* Constant.m in Sources */,
			);
			runOnlyForDeploymentPostprocessing = 0;
		};
		819273851535D56E0060859C /* Sources */ = {
			isa = PBXSourcesBuildPhase;
			buildActionMask = 2147483647;
			files = (
				8148C65C17B0B9530037EE81 /* SettingsDetailViewController.m in Sources */,
				81B8CEC117D4767500DF463B /* ProductManager.m in Sources */,
				819273991535D56E0060859C /* GenerikaTests.m in Sources */,
				81B8CEBA17D46EDE00DF463B /* Product.m in Sources */,
				CF04B1942DD825AB00B78973 /* SettingsManager.m in Sources */,
				819E165A17B20E8B00B315B3 /* Constant.m in Sources */,
				CF88E3342361C669003CF887 /* BarcodeExtractor.m in Sources */,
				8173D3E21FDE73C300C7CFF4 /* ProductManagerTests.m in Sources */,
				8145D9EC1FD3D959002779FD /* ProductTests.m in Sources */,
				812B9A4E17AF7DF50001A5A8 /* SettingsViewController.m in Sources */,
				CF6224D721B4197E00A52CAC /* BarcodeExtractorTests.m in Sources */,
				CF88E3352361CC4D003CF887 /* UIColorBackport.m in Sources */,
			);
			runOnlyForDeploymentPostprocessing = 0;
		};
/* End PBXSourcesBuildPhase section */

/* Begin PBXTargetDependency section */
		819273901535D56E0060859C /* PBXTargetDependency */ = {
			isa = PBXTargetDependency;
			target = 819273621535D56E0060859C /* Generika */;
			targetProxy = 8192738F1535D56E0060859C /* PBXContainerItemProxy */;
		};
/* End PBXTargetDependency section */

/* Begin PBXVariantGroup section */
		819273701535D56E0060859C /* InfoPlist.strings */ = {
			isa = PBXVariantGroup;
			children = (
				819273711535D56E0060859C /* en */,
			);
			name = InfoPlist.strings;
			sourceTree = "<group>";
		};
		819273941535D56E0060859C /* InfoPlist.strings */ = {
			isa = PBXVariantGroup;
			children = (
				819273951535D56E0060859C /* en */,
			);
			name = InfoPlist.strings;
			sourceTree = "<group>";
		};
/* End PBXVariantGroup section */

/* Begin XCBuildConfiguration section */
		8192739A1535D56E0060859C /* Debug */ = {
			isa = XCBuildConfiguration;
			buildSettings = {
				ALWAYS_SEARCH_USER_PATHS = NO;
				CLANG_ANALYZER_LOCALIZABILITY_NONLOCALIZED = YES;
				CLANG_ENABLE_OBJC_ARC = YES;
				CLANG_WARN_BLOCK_CAPTURE_AUTORELEASING = YES;
				CLANG_WARN_BOOL_CONVERSION = YES;
				CLANG_WARN_COMMA = YES;
				CLANG_WARN_CONSTANT_CONVERSION = YES;
				CLANG_WARN_DEPRECATED_OBJC_IMPLEMENTATIONS = YES;
				CLANG_WARN_EMPTY_BODY = YES;
				CLANG_WARN_ENUM_CONVERSION = YES;
				CLANG_WARN_INFINITE_RECURSION = YES;
				CLANG_WARN_INT_CONVERSION = YES;
				CLANG_WARN_NON_LITERAL_NULL_CONVERSION = YES;
				CLANG_WARN_OBJC_IMPLICIT_RETAIN_SELF = YES;
				CLANG_WARN_OBJC_LITERAL_CONVERSION = YES;
				CLANG_WARN_RANGE_LOOP_ANALYSIS = YES;
				CLANG_WARN_STRICT_PROTOTYPES = YES;
				CLANG_WARN_SUSPICIOUS_MOVE = YES;
				CLANG_WARN_UNREACHABLE_CODE = YES;
				CLANG_WARN__DUPLICATE_METHOD_MATCH = YES;
				CODE_SIGN_IDENTITY = "iPhone Developer";
				"CODE_SIGN_IDENTITY[sdk=iphoneos*]" = "iPhone Developer";
				COPY_PHASE_STRIP = NO;
				DEBUG_ACTIVITY_MODE = "";
				"DEBUG_ACTIVITY_MODE[arch=*]" = disable;
				ENABLE_STRICT_OBJC_MSGSEND = YES;
				ENABLE_TESTABILITY = YES;
				FRAMEWORK_SEARCH_PATHS = "$(inherited)";
				GCC_C_LANGUAGE_STANDARD = gnu99;
				GCC_DYNAMIC_NO_PIC = NO;
				GCC_NO_COMMON_BLOCKS = YES;
				GCC_OPTIMIZATION_LEVEL = 0;
				GCC_PREPROCESSOR_DEFINITIONS = (
					"DEBUG=1",
					"$(inherited)",
				);
				GCC_SYMBOLS_PRIVATE_EXTERN = NO;
				GCC_VERSION = com.apple.compilers.llvm.clang.1_0;
				GCC_WARN_64_TO_32_BIT_CONVERSION = YES;
				GCC_WARN_ABOUT_RETURN_TYPE = YES;
				GCC_WARN_UNDECLARED_SELECTOR = YES;
				GCC_WARN_UNINITIALIZED_AUTOS = YES;
				GCC_WARN_UNUSED_FUNCTION = YES;
				GCC_WARN_UNUSED_VARIABLE = YES;
				HEADER_SEARCH_PATHS = "$(inherited)";
				IPHONEOS_DEPLOYMENT_TARGET = 8.1;
				LIBRARY_SEARCH_PATHS = "$(inherited)";
				ONLY_ACTIVE_ARCH = YES;
				OTHER_LDFLAGS = "$(inherited)";
				PROVISIONING_PROFILE = "";
				SDKROOT = iphoneos;
				TARGETED_DEVICE_FAMILY = "1,2";
				VALID_ARCHS = "armv7 armv7s arm64";
			};
			name = Debug;
		};
		8192739B1535D56E0060859C /* Release */ = {
			isa = XCBuildConfiguration;
			buildSettings = {
				ALWAYS_SEARCH_USER_PATHS = NO;
				CLANG_ANALYZER_LOCALIZABILITY_NONLOCALIZED = YES;
				CLANG_ENABLE_OBJC_ARC = YES;
				CLANG_WARN_BLOCK_CAPTURE_AUTORELEASING = YES;
				CLANG_WARN_BOOL_CONVERSION = YES;
				CLANG_WARN_COMMA = YES;
				CLANG_WARN_CONSTANT_CONVERSION = YES;
				CLANG_WARN_DEPRECATED_OBJC_IMPLEMENTATIONS = YES;
				CLANG_WARN_EMPTY_BODY = YES;
				CLANG_WARN_ENUM_CONVERSION = YES;
				CLANG_WARN_INFINITE_RECURSION = YES;
				CLANG_WARN_INT_CONVERSION = YES;
				CLANG_WARN_NON_LITERAL_NULL_CONVERSION = YES;
				CLANG_WARN_OBJC_IMPLICIT_RETAIN_SELF = YES;
				CLANG_WARN_OBJC_LITERAL_CONVERSION = YES;
				CLANG_WARN_RANGE_LOOP_ANALYSIS = YES;
				CLANG_WARN_STRICT_PROTOTYPES = YES;
				CLANG_WARN_SUSPICIOUS_MOVE = YES;
				CLANG_WARN_UNREACHABLE_CODE = YES;
				CLANG_WARN__DUPLICATE_METHOD_MATCH = YES;
				CODE_SIGN_IDENTITY = "iPhone Developer";
				"CODE_SIGN_IDENTITY[sdk=iphoneos*]" = "iPhone Developer";
				COPY_PHASE_STRIP = YES;
				DEBUG_ACTIVITY_MODE = "";
				ENABLE_STRICT_OBJC_MSGSEND = YES;
				FRAMEWORK_SEARCH_PATHS = "$(inherited)";
				GCC_C_LANGUAGE_STANDARD = gnu99;
				GCC_NO_COMMON_BLOCKS = YES;
				GCC_VERSION = com.apple.compilers.llvm.clang.1_0;
				GCC_WARN_64_TO_32_BIT_CONVERSION = YES;
				GCC_WARN_ABOUT_RETURN_TYPE = YES;
				GCC_WARN_UNDECLARED_SELECTOR = YES;
				GCC_WARN_UNINITIALIZED_AUTOS = YES;
				GCC_WARN_UNUSED_FUNCTION = YES;
				GCC_WARN_UNUSED_VARIABLE = YES;
				HEADER_SEARCH_PATHS = "$(inherited)";
				IPHONEOS_DEPLOYMENT_TARGET = 8.1;
				LIBRARY_SEARCH_PATHS = "$(inherited)";
				ONLY_ACTIVE_ARCH = YES;
				OTHER_CFLAGS = "-DNS_BLOCK_ASSERTIONS=1";
				OTHER_LDFLAGS = "$(inherited)";
				PROVISIONING_PROFILE = "";
				"PROVISIONING_PROFILE[sdk=iphoneos*]" = "";
				SDKROOT = iphoneos;
				TARGETED_DEVICE_FAMILY = "1,2";
				VALIDATE_PRODUCT = YES;
				VALID_ARCHS = "armv7 armv7s arm64";
			};
			name = Release;
		};
		8192739D1535D56E0060859C /* Debug */ = {
			isa = XCBuildConfiguration;
			baseConfigurationReference = D11259016471743A2A72EF97 /* Pods-Generika.debug.xcconfig */;
			buildSettings = {
				ASSETCATALOG_COMPILER_APPICON_NAME = AppIcon;
				ASSETCATALOG_COMPILER_LAUNCHIMAGE_NAME = LaunchImage;
				CLANG_ALLOW_NON_MODULAR_INCLUDES_IN_FRAMEWORK_MODULES = NO;
				CLANG_ENABLE_OBJC_ARC = YES;
				CODE_SIGN_ENTITLEMENTS = Generika/Generika.entitlements;
				CODE_SIGN_IDENTITY = "iPhone Developer";
				"CODE_SIGN_IDENTITY[sdk=iphoneos*]" = "iPhone Developer";
				CURRENT_PROJECT_VERSION = 20250912;
				DEVELOPMENT_TEAM = 4B37356EGR;
				GCC_PRECOMPILE_PREFIX_HEADER = YES;
				GCC_PREFIX_HEADER = "Generika/Generika-Prefix.pch";
				GCC_VERSION = com.apple.compilers.llvm.clang.1_0;
				GCC_WARN_INHIBIT_ALL_WARNINGS = YES;
				GCC_WARN_UNINITIALIZED_AUTOS = YES;
				INFOPLIST_FILE = "Generika/Generika-Info.plist";
				IPHONEOS_DEPLOYMENT_TARGET = 11.0;
				LIBRARY_SEARCH_PATHS = "$(inherited)";
				MARKETING_VERSION = 2.1.41;
				ONLY_ACTIVE_ARCH = YES;
				OTHER_LDFLAGS = (
					"$(inherited)",
					"-l\"AFNetworking\"",
					"-l\"NTMonthYearPicker\"",
					"-l\"iconv\"",
					"-framework",
					"\"AVFoundation\"",
					"-framework",
					"\"CoreGraphics\"",
					"-framework",
					"\"CoreMedia\"",
					"-framework",
					"\"CoreVideo\"",
					"-framework",
					"\"MobileCoreServices\"",
					"-framework",
					"\"QuartzCore\"",
					"-framework",
					"\"Security\"",
					"-framework",
					"\"SystemConfiguration\"",
				);
				PRODUCT_BUNDLE_IDENTIFIER = "org.oddb.${PRODUCT_NAME:rfc1034identifier}";
				PRODUCT_NAME = generika;
				PROVISIONING_PROFILE = "";
				"PROVISIONING_PROFILE[sdk=iphoneos*]" = "";
				SDKROOT = iphoneos;
				VALIDATE_PRODUCT = NO;
				VALID_ARCHS = "armv7 armv7s arm64";
				WRAPPER_EXTENSION = app;
			};
			name = Debug;
		};
		8192739E1535D56E0060859C /* Release */ = {
			isa = XCBuildConfiguration;
			baseConfigurationReference = 0CF9631F19C2569452A76CE5 /* Pods-Generika.release.xcconfig */;
			buildSettings = {
				ASSETCATALOG_COMPILER_APPICON_NAME = AppIcon;
				ASSETCATALOG_COMPILER_LAUNCHIMAGE_NAME = LaunchImage;
				CLANG_ALLOW_NON_MODULAR_INCLUDES_IN_FRAMEWORK_MODULES = NO;
				CLANG_ENABLE_OBJC_ARC = YES;
				CODE_SIGN_ENTITLEMENTS = Generika/Generika.entitlements;
				CODE_SIGN_IDENTITY = "iPhone Developer";
				"CODE_SIGN_IDENTITY[sdk=iphoneos*]" = "iPhone Developer";
				CURRENT_PROJECT_VERSION = 20250912;
				DEVELOPMENT_TEAM = 4B37356EGR;
				GCC_PRECOMPILE_PREFIX_HEADER = YES;
				GCC_PREFIX_HEADER = "Generika/Generika-Prefix.pch";
				GCC_VERSION = com.apple.compilers.llvm.clang.1_0;
				GCC_WARN_INHIBIT_ALL_WARNINGS = YES;
				GCC_WARN_UNINITIALIZED_AUTOS = YES;
				INFOPLIST_FILE = "Generika/Generika-Info.plist";
				IPHONEOS_DEPLOYMENT_TARGET = 11.0;
				LIBRARY_SEARCH_PATHS = "$(inherited)";
				MARKETING_VERSION = 2.1.41;
				ONLY_ACTIVE_ARCH = NO;
				OTHER_LDFLAGS = (
					"$(inherited)",
					"-l\"AFNetworking\"",
					"-l\"NTMonthYearPicker\"",
					"-l\"iconv\"",
					"-framework",
					"\"AVFoundation\"",
					"-framework",
					"\"CoreGraphics\"",
					"-framework",
					"\"CoreMedia\"",
					"-framework",
					"\"CoreVideo\"",
					"-framework",
					"\"MobileCoreServices\"",
					"-framework",
					"\"QuartzCore\"",
					"-framework",
					"\"Security\"",
					"-framework",
					"\"SystemConfiguration\"",
				);
				PRODUCT_BUNDLE_IDENTIFIER = "org.oddb.${PRODUCT_NAME:rfc1034identifier}";
				PRODUCT_NAME = generika;
				PROVISIONING_PROFILE = "";
				"PROVISIONING_PROFILE[sdk=iphoneos*]" = "";
				SDKROOT = iphoneos;
				VALIDATE_PRODUCT = YES;
				VALID_ARCHS = "armv7 armv7s arm64";
				WRAPPER_EXTENSION = app;
			};
			name = Release;
		};
		819273A01535D56E0060859C /* Debug */ = {
			isa = XCBuildConfiguration;
			baseConfigurationReference = F0DCFF12E0D159B951492A27 /* Pods-GenerikaTests.debug.xcconfig */;
			buildSettings = {
				BUNDLE_LOADER = "$(TEST_HOST)";
				CODE_SIGN_IDENTITY = "iPhone Developer";
				"CODE_SIGN_IDENTITY[sdk=iphoneos*]" = "iPhone Developer";
				ENABLE_BITCODE = YES;
				ENABLE_ON_DEMAND_RESOURCES = NO;
				FRAMEWORK_SEARCH_PATHS = (
					"$(SDKROOT)/Developer/Library/Frameworks",
					"$(inherited)",
				);
				GCC_PRECOMPILE_PREFIX_HEADER = YES;
				GCC_PREFIX_HEADER = "Generika/Generika-Prefix.pch";
				INFOPLIST_FILE = "GenerikaTests/GenerikaTests-Info.plist";
				LIBRARY_SEARCH_PATHS = "$(inherited)";
				ONLY_ACTIVE_ARCH = YES;
				PRODUCT_BUNDLE_IDENTIFIER = "org.oddb.${PRODUCT_NAME:rfc1034identifier}";
				PRODUCT_NAME = generikaTests;
				PROVISIONING_PROFILE = "";
				TEST_HOST = "$(BUILT_PRODUCTS_DIR)/generika.app/generika";
				VALID_ARCHS = "armv7 armv7s arm64";
			};
			name = Debug;
		};
		819273A11535D56E0060859C /* Release */ = {
			isa = XCBuildConfiguration;
			baseConfigurationReference = 9BE9B58F1D2656261ADD6A0F /* Pods-GenerikaTests.release.xcconfig */;
			buildSettings = {
				BUNDLE_LOADER = "$(TEST_HOST)";
				CODE_SIGN_IDENTITY = "iPhone Developer";
				"CODE_SIGN_IDENTITY[sdk=iphoneos*]" = "iPhone Developer";
				ENABLE_BITCODE = YES;
				ENABLE_ON_DEMAND_RESOURCES = NO;
				FRAMEWORK_SEARCH_PATHS = (
					"$(SDKROOT)/Developer/Library/Frameworks",
					"$(inherited)",
				);
				GCC_PRECOMPILE_PREFIX_HEADER = YES;
				GCC_PREFIX_HEADER = "Generika/Generika-Prefix.pch";
				INFOPLIST_FILE = "GenerikaTests/GenerikaTests-Info.plist";
				LIBRARY_SEARCH_PATHS = "$(inherited)";
				ONLY_ACTIVE_ARCH = NO;
				PRODUCT_BUNDLE_IDENTIFIER = "org.oddb.${PRODUCT_NAME:rfc1034identifier}";
				PRODUCT_NAME = generikaTests;
				PROVISIONING_PROFILE = "";
				"PROVISIONING_PROFILE[sdk=iphoneos*]" = "";
				TEST_HOST = "$(BUILT_PRODUCTS_DIR)/generika.app/generika";
				VALID_ARCHS = "armv7 armv7s arm64";
			};
			name = Release;
		};
		935F8A45153DBCBE00642BDB /* Generika_AppStore */ = {
			isa = XCBuildConfiguration;
			buildSettings = {
				ALWAYS_SEARCH_USER_PATHS = NO;
				CLANG_ANALYZER_LOCALIZABILITY_NONLOCALIZED = YES;
				CLANG_ENABLE_OBJC_ARC = YES;
				CLANG_WARN_BLOCK_CAPTURE_AUTORELEASING = YES;
				CLANG_WARN_COMMA = YES;
				CLANG_WARN_CONSTANT_CONVERSION = YES;
				CLANG_WARN_DEPRECATED_OBJC_IMPLEMENTATIONS = YES;
				CLANG_WARN_ENUM_CONVERSION = YES;
				CLANG_WARN_INFINITE_RECURSION = YES;
				CLANG_WARN_INT_CONVERSION = YES;
				CLANG_WARN_NON_LITERAL_NULL_CONVERSION = YES;
				CLANG_WARN_OBJC_IMPLICIT_RETAIN_SELF = YES;
				CLANG_WARN_OBJC_LITERAL_CONVERSION = YES;
				CLANG_WARN_RANGE_LOOP_ANALYSIS = YES;
				CLANG_WARN_STRICT_PROTOTYPES = YES;
				CLANG_WARN_SUSPICIOUS_MOVE = YES;
				CLANG_WARN_UNREACHABLE_CODE = YES;
				CLANG_WARN__DUPLICATE_METHOD_MATCH = YES;
				CODE_SIGN_IDENTITY = "iPhone Distribution";
				"CODE_SIGN_IDENTITY[sdk=iphoneos*]" = "iPhone Distribution";
				COPY_PHASE_STRIP = YES;
				DEBUG_ACTIVITY_MODE = "";
				ENABLE_STRICT_OBJC_MSGSEND = YES;
				FRAMEWORK_SEARCH_PATHS = "$(inherited)";
				GCC_C_LANGUAGE_STANDARD = gnu99;
				GCC_NO_COMMON_BLOCKS = YES;
				GCC_VERSION = com.apple.compilers.llvm.clang.1_0;
				GCC_WARN_64_TO_32_BIT_CONVERSION = YES;
				GCC_WARN_ABOUT_RETURN_TYPE = YES;
				GCC_WARN_UNDECLARED_SELECTOR = YES;
				GCC_WARN_UNINITIALIZED_AUTOS = YES;
				GCC_WARN_UNUSED_FUNCTION = YES;
				GCC_WARN_UNUSED_VARIABLE = YES;
				HEADER_SEARCH_PATHS = "$(inherited)";
				IPHONEOS_DEPLOYMENT_TARGET = 8.1;
				LIBRARY_SEARCH_PATHS = "$(inherited)";
				ONLY_ACTIVE_ARCH = YES;
				OTHER_CFLAGS = "-DNS_BLOCK_ASSERTIONS=1";
				OTHER_LDFLAGS = "$(inherited)";
				PROVISIONING_PROFILE = "";
				"PROVISIONING_PROFILE[sdk=iphoneos*]" = "";
				SDKROOT = iphoneos;
				TARGETED_DEVICE_FAMILY = "1,2";
				VALIDATE_PRODUCT = YES;
				VALID_ARCHS = "armv7 armv7s arm64";
			};
			name = Generika_AppStore;
		};
		935F8A46153DBCBE00642BDB /* Generika_AppStore */ = {
			isa = XCBuildConfiguration;
			baseConfigurationReference = B0638EBF595B6D8A30BBE8C0 /* Pods-Generika.generika_appstore.xcconfig */;
			buildSettings = {
				ASSETCATALOG_COMPILER_APPICON_NAME = AppIcon;
				ASSETCATALOG_COMPILER_LAUNCHIMAGE_NAME = LaunchImage;
				CLANG_ALLOW_NON_MODULAR_INCLUDES_IN_FRAMEWORK_MODULES = NO;
				CLANG_ENABLE_OBJC_ARC = YES;
				CODE_SIGN_ENTITLEMENTS = Generika/Generika.entitlements;
				CODE_SIGN_IDENTITY = "iPhone Developer";
				"CODE_SIGN_IDENTITY[sdk=iphoneos*]" = "iPhone Developer";
				CURRENT_PROJECT_VERSION = 20250912;
				DEVELOPMENT_TEAM = 4B37356EGR;
				GCC_PRECOMPILE_PREFIX_HEADER = YES;
				GCC_PREFIX_HEADER = "Generika/Generika-Prefix.pch";
				GCC_VERSION = com.apple.compilers.llvm.clang.1_0;
				GCC_WARN_INHIBIT_ALL_WARNINGS = YES;
				GCC_WARN_UNINITIALIZED_AUTOS = YES;
				INFOPLIST_FILE = "Generika/Generika-Info.plist";
				IPHONEOS_DEPLOYMENT_TARGET = 11.0;
				LIBRARY_SEARCH_PATHS = "$(inherited)";
				MARKETING_VERSION = 2.1.41;
				ONLY_ACTIVE_ARCH = NO;
				OTHER_LDFLAGS = (
					"$(inherited)",
					"-l\"AFNetworking\"",
					"-l\"NTMonthYearPicker\"",
					"-l\"iconv\"",
					"-framework",
					"\"AVFoundation\"",
					"-framework",
					"\"CoreGraphics\"",
					"-framework",
					"\"CoreMedia\"",
					"-framework",
					"\"CoreVideo\"",
					"-framework",
					"\"MobileCoreServices\"",
					"-framework",
					"\"QuartzCore\"",
					"-framework",
					"\"Security\"",
					"-framework",
					"\"SystemConfiguration\"",
				);
				PRODUCT_BUNDLE_IDENTIFIER = "org.oddb.${PRODUCT_NAME:rfc1034identifier}";
				PRODUCT_NAME = generika;
				PROVISIONING_PROFILE = "";
				"PROVISIONING_PROFILE[sdk=*]" = "";
				"PROVISIONING_PROFILE[sdk=iphoneos*]" = "";
				SDKROOT = iphoneos;
				VALID_ARCHS = "armv7 armv7s arm64";
				WRAPPER_EXTENSION = app;
			};
			name = Generika_AppStore;
		};
		935F8A47153DBCBE00642BDB /* Generika_AppStore */ = {
			isa = XCBuildConfiguration;
			baseConfigurationReference = 2A1FFF20E1446C46E024C55C /* Pods-GenerikaTests.generika_appstore.xcconfig */;
			buildSettings = {
				BUNDLE_LOADER = "$(TEST_HOST)";
				CODE_SIGN_IDENTITY = "iPhone Distribution";
				"CODE_SIGN_IDENTITY[sdk=iphoneos*]" = "iPhone Distribution";
				ENABLE_BITCODE = YES;
				ENABLE_ON_DEMAND_RESOURCES = NO;
				FRAMEWORK_SEARCH_PATHS = (
					"$(SDKROOT)/Developer/Library/Frameworks",
					"$(inherited)",
				);
				GCC_PRECOMPILE_PREFIX_HEADER = YES;
				GCC_PREFIX_HEADER = "Generika/Generika-Prefix.pch";
				INFOPLIST_FILE = "GenerikaTests/GenerikaTests-Info.plist";
				LIBRARY_SEARCH_PATHS = "$(inherited)";
				ONLY_ACTIVE_ARCH = NO;
				PRODUCT_BUNDLE_IDENTIFIER = "org.oddb.${PRODUCT_NAME:rfc1034identifier}";
				PRODUCT_NAME = generikaTests;
				PROVISIONING_PROFILE = "";
				"PROVISIONING_PROFILE[sdk=iphoneos*]" = "";
				TEST_HOST = "$(BUILT_PRODUCTS_DIR)/generika.app/generika";
				VALID_ARCHS = "armv7 armv7s arm64";
			};
			name = Generika_AppStore;
		};
/* End XCBuildConfiguration section */

/* Begin XCConfigurationList section */
		8192735D1535D56D0060859C /* Build configuration list for PBXProject "Generika" */ = {
			isa = XCConfigurationList;
			buildConfigurations = (
				8192739A1535D56E0060859C /* Debug */,
				8192739B1535D56E0060859C /* Release */,
				935F8A45153DBCBE00642BDB /* Generika_AppStore */,
			);
			defaultConfigurationIsVisible = 0;
			defaultConfigurationName = Debug;
		};
		8192739C1535D56E0060859C /* Build configuration list for PBXNativeTarget "Generika" */ = {
			isa = XCConfigurationList;
			buildConfigurations = (
				8192739D1535D56E0060859C /* Debug */,
				8192739E1535D56E0060859C /* Release */,
				935F8A46153DBCBE00642BDB /* Generika_AppStore */,
			);
			defaultConfigurationIsVisible = 0;
			defaultConfigurationName = Debug;
		};
		8192739F1535D56E0060859C /* Build configuration list for PBXNativeTarget "GenerikaTests" */ = {
			isa = XCConfigurationList;
			buildConfigurations = (
				819273A01535D56E0060859C /* Debug */,
				819273A11535D56E0060859C /* Release */,
				935F8A47153DBCBE00642BDB /* Generika_AppStore */,
			);
			defaultConfigurationIsVisible = 0;
			defaultConfigurationName = Debug;
		};
/* End XCConfigurationList section */
	};
	rootObject = 8192735A1535D56D0060859C /* Project object */;
}
