// !$*UTF8*$!
{
	archiveVersion = 1;
	classes = {
	};
	objectVersion = 46;
	objects = {

/* Begin PBXBuildFile section */
		655D0B626DC9948729287B91 /* libPods-GenerikaTests.a in Frameworks */ = {isa = PBXBuildFile; fileRef = EB5FAC97AB01AFB8DAA522EC /* libPods-GenerikaTests.a */; };
		810A928D179CD50A00DAA963 /* Security.framework in Frameworks */ = {isa = PBXBuildFile; fileRef = 810A928C179CD50A00DAA963 /* Security.framework */; };
		8129BA56153D46F100CB5896 /* Reachability.m in Sources */ = {isa = PBXBuildFile; fileRef = 8129BA55153D46F100CB5896 /* Reachability.m */; };
		8129BA59153D480100CB5896 /* SystemConfiguration.framework in Frameworks */ = {isa = PBXBuildFile; fileRef = 8129BA58153D480100CB5896 /* SystemConfiguration.framework */; };
		812B9A4D17AF7DF50001A5A8 /* SettingsViewController.m in Sources */ = {isa = PBXBuildFile; fileRef = 812B9A4C17AF7DF50001A5A8 /* SettingsViewController.m */; };
		812B9A4E17AF7DF50001A5A8 /* SettingsViewController.m in Sources */ = {isa = PBXBuildFile; fileRef = 812B9A4C17AF7DF50001A5A8 /* SettingsViewController.m */; };
		812C846F1FDCEB660020AD87 /* images.xcassets in Resources */ = {isa = PBXBuildFile; fileRef = 812C846E1FDCEB650020AD87 /* images.xcassets */; };
		812C84741FDCEB7B0020AD87 /* screen in Resources */ = {isa = PBXBuildFile; fileRef = 812C84711FDCEB7B0020AD87 /* screen */; };
		812C84751FDCEB7B0020AD87 /* icon in Resources */ = {isa = PBXBuildFile; fileRef = 812C84721FDCEB7B0020AD87 /* icon */; };
		8145D9EC1FD3D959002779FD /* ProductTests.m in Sources */ = {isa = PBXBuildFile; fileRef = 8145D9EB1FD3D958002779FD /* ProductTests.m */; };
		8148C65B17B0B9530037EE81 /* SettingsDetailViewController.m in Sources */ = {isa = PBXBuildFile; fileRef = 8148C65A17B0B9530037EE81 /* SettingsDetailViewController.m */; };
		8148C65C17B0B9530037EE81 /* SettingsDetailViewController.m in Sources */ = {isa = PBXBuildFile; fileRef = 8148C65A17B0B9530037EE81 /* SettingsDetailViewController.m */; };
		818CED2B1A3AF1B800A68885 /* ReaderViewController.m in Sources */ = {isa = PBXBuildFile; fileRef = 818CED2A1A3AF1B800A68885 /* ReaderViewController.m */; settings = {COMPILER_FLAGS = "-fno-objc-arc"; }; };
		818CED2C1A3AF1B800A68885 /* ReaderViewController.m in Sources */ = {isa = PBXBuildFile; fileRef = 818CED2A1A3AF1B800A68885 /* ReaderViewController.m */; };
		819273681535D56E0060859C /* UIKit.framework in Frameworks */ = {isa = PBXBuildFile; fileRef = 819273671535D56E0060859C /* UIKit.framework */; };
		8192736A1535D56E0060859C /* Foundation.framework in Frameworks */ = {isa = PBXBuildFile; fileRef = 819273691535D56E0060859C /* Foundation.framework */; };
		8192736C1535D56E0060859C /* CoreGraphics.framework in Frameworks */ = {isa = PBXBuildFile; fileRef = 8192736B1535D56E0060859C /* CoreGraphics.framework */; };
		819273721535D56E0060859C /* InfoPlist.strings in Resources */ = {isa = PBXBuildFile; fileRef = 819273701535D56E0060859C /* InfoPlist.strings */; };
		819273741535D56E0060859C /* main.m in Sources */ = {isa = PBXBuildFile; fileRef = 819273731535D56E0060859C /* main.m */; };
		819273781535D56E0060859C /* AppDelegate.m in Sources */ = {isa = PBXBuildFile; fileRef = 819273771535D56E0060859C /* AppDelegate.m */; };
		819273811535D56E0060859C /* MasterViewController.m in Sources */ = {isa = PBXBuildFile; fileRef = 819273801535D56E0060859C /* MasterViewController.m */; };
		8192738D1535D56E0060859C /* UIKit.framework in Frameworks */ = {isa = PBXBuildFile; fileRef = 819273671535D56E0060859C /* UIKit.framework */; };
		8192738E1535D56E0060859C /* Foundation.framework in Frameworks */ = {isa = PBXBuildFile; fileRef = 819273691535D56E0060859C /* Foundation.framework */; };
		819273961535D56E0060859C /* InfoPlist.strings in Resources */ = {isa = PBXBuildFile; fileRef = 819273941535D56E0060859C /* InfoPlist.strings */; };
		819273991535D56E0060859C /* GenerikaTests.m in Sources */ = {isa = PBXBuildFile; fileRef = 819273981535D56E0060859C /* GenerikaTests.m */; };
		819273A31535D5D90060859C /* AVFoundation.framework in Frameworks */ = {isa = PBXBuildFile; fileRef = 819273A21535D5D90060859C /* AVFoundation.framework */; };
		819273A51535D6780060859C /* CoreMedia.framework in Frameworks */ = {isa = PBXBuildFile; fileRef = 819273A41535D6780060859C /* CoreMedia.framework */; };
		819273A71535D6870060859C /* CoreVideo.framework in Frameworks */ = {isa = PBXBuildFile; fileRef = 819273A61535D6870060859C /* CoreVideo.framework */; };
		819273A91535D6990060859C /* QuartzCore.framework in Frameworks */ = {isa = PBXBuildFile; fileRef = 819273A81535D6990060859C /* QuartzCore.framework */; };
		819E165917B20E8B00B315B3 /* Constant.m in Sources */ = {isa = PBXBuildFile; fileRef = 819E165817B20E8B00B315B3 /* Constant.m */; };
		819E165A17B20E8B00B315B3 /* Constant.m in Sources */ = {isa = PBXBuildFile; fileRef = 819E165817B20E8B00B315B3 /* Constant.m */; };
		81B86220153704330054EA0A /* WebViewController.m in Sources */ = {isa = PBXBuildFile; fileRef = 81B8621F153704330054EA0A /* WebViewController.m */; };
		81B8CEB917D46EDE00DF463B /* Product.m in Sources */ = {isa = PBXBuildFile; fileRef = 81B8CEB817D46EDE00DF463B /* Product.m */; };
		81B8CEBA17D46EDE00DF463B /* Product.m in Sources */ = {isa = PBXBuildFile; fileRef = 81B8CEB817D46EDE00DF463B /* Product.m */; };
		81B8CEC017D4767500DF463B /* ProductManager.m in Sources */ = {isa = PBXBuildFile; fileRef = 81B8CEBF17D4767500DF463B /* ProductManager.m */; };
		81B8CEC117D4767500DF463B /* ProductManager.m in Sources */ = {isa = PBXBuildFile; fileRef = 81B8CEBF17D4767500DF463B /* ProductManager.m */; };
		81F2DEE817B877490058AC62 /* fontawesome-webfont.ttf in Resources */ = {isa = PBXBuildFile; fileRef = 81F2DEE517B877490058AC62 /* fontawesome-webfont.ttf */; };
		81F2DEE917B877490058AC62 /* fontawesome-webfont.ttf in Resources */ = {isa = PBXBuildFile; fileRef = 81F2DEE517B877490058AC62 /* fontawesome-webfont.ttf */; };
		8BE0B9CD1F547A2800B68E3B /* UIPopoverController+iPhone.m in Sources */ = {isa = PBXBuildFile; fileRef = 8BE0B9CC1F547A2800B68E3B /* UIPopoverController+iPhone.m */; };
		C8D52752834EB687BBCE051E /* libPods-Generika.a in Frameworks */ = {isa = PBXBuildFile; fileRef = 6033EDCABCCB5F8CC1D93C5E /* libPods-Generika.a */; };
/* End PBXBuildFile section */

/* Begin PBXContainerItemProxy section */
		8192738F1535D56E0060859C /* PBXContainerItemProxy */ = {
			isa = PBXContainerItemProxy;
			containerPortal = 8192735A1535D56D0060859C /* Project object */;
			proxyType = 1;
			remoteGlobalIDString = 819273621535D56E0060859C;
			remoteInfo = Generika;
		};
/* End PBXContainerItemProxy section */

/* Begin PBXFileReference section */
		0CF9631F19C2569452A76CE5 /* Pods-Generika.release.xcconfig */ = {isa = PBXFileReference; includeInIndex = 1; lastKnownFileType = text.xcconfig; name = "Pods-Generika.release.xcconfig"; path = "Pods/Target Support Files/Pods-Generika/Pods-Generika.release.xcconfig"; sourceTree = "<group>"; };
		2A1FFF20E1446C46E024C55C /* Pods-GenerikaTests.generika_appstore.xcconfig */ = {isa = PBXFileReference; includeInIndex = 1; lastKnownFileType = text.xcconfig; name = "Pods-GenerikaTests.generika_appstore.xcconfig"; path = "Pods/Target Support Files/Pods-GenerikaTests/Pods-GenerikaTests.generika_appstore.xcconfig"; sourceTree = "<group>"; };
		6033EDCABCCB5F8CC1D93C5E /* libPods-Generika.a */ = {isa = PBXFileReference; explicitFileType = archive.ar; includeInIndex = 0; path = "libPods-Generika.a"; sourceTree = BUILT_PRODUCTS_DIR; };
		810A928C179CD50A00DAA963 /* Security.framework */ = {isa = PBXFileReference; lastKnownFileType = wrapper.framework; name = Security.framework; path = System/Library/Frameworks/Security.framework; sourceTree = SDKROOT; };
		81245DC617D70E1500995F5C /* Generika.entitlements */ = {isa = PBXFileReference; lastKnownFileType = text.xml; path = Generika.entitlements; sourceTree = "<group>"; };
		8129BA54153D46F100CB5896 /* Reachability.h */ = {isa = PBXFileReference; fileEncoding = 4; lastKnownFileType = sourcecode.c.h; path = Reachability.h; sourceTree = "<group>"; };
		8129BA55153D46F100CB5896 /* Reachability.m */ = {isa = PBXFileReference; fileEncoding = 4; lastKnownFileType = sourcecode.c.objc; path = Reachability.m; sourceTree = "<group>"; };
		8129BA58153D480100CB5896 /* SystemConfiguration.framework */ = {isa = PBXFileReference; lastKnownFileType = wrapper.framework; name = SystemConfiguration.framework; path = System/Library/Frameworks/SystemConfiguration.framework; sourceTree = SDKROOT; };
		812B9A4B17AF7DF50001A5A8 /* SettingsViewController.h */ = {isa = PBXFileReference; fileEncoding = 4; lastKnownFileType = sourcecode.c.h; path = SettingsViewController.h; sourceTree = "<group>"; };
		812B9A4C17AF7DF50001A5A8 /* SettingsViewController.m */ = {isa = PBXFileReference; fileEncoding = 4; lastKnownFileType = sourcecode.c.objc; path = SettingsViewController.m; sourceTree = "<group>"; };
		812C846E1FDCEB650020AD87 /* images.xcassets */ = {isa = PBXFileReference; lastKnownFileType = folder.assetcatalog; name = images.xcassets; path = resources/images.xcassets; sourceTree = "<group>"; };
		812C84711FDCEB7B0020AD87 /* screen */ = {isa = PBXFileReference; lastKnownFileType = folder; name = screen; path = resources/screen; sourceTree = "<group>"; };
		812C84721FDCEB7B0020AD87 /* icon */ = {isa = PBXFileReference; lastKnownFileType = folder; name = icon; path = resources/icon; sourceTree = "<group>"; };
		8145D9EB1FD3D958002779FD /* ProductTests.m */ = {isa = PBXFileReference; fileEncoding = 4; lastKnownFileType = sourcecode.c.objc; path = ProductTests.m; sourceTree = "<group>"; };
		8148C65917B0B9530037EE81 /* SettingsDetailViewController.h */ = {isa = PBXFileReference; fileEncoding = 4; lastKnownFileType = sourcecode.c.h; path = SettingsDetailViewController.h; sourceTree = "<group>"; };
		8148C65A17B0B9530037EE81 /* SettingsDetailViewController.m */ = {isa = PBXFileReference; fileEncoding = 4; lastKnownFileType = sourcecode.c.objc; path = SettingsDetailViewController.m; sourceTree = "<group>"; };
		8181AD8A1A31BB9D004454C8 /* generika.app */ = {isa = PBXFileReference; explicitFileType = wrapper.application; includeInIndex = 0; path = generika.app; sourceTree = BUILT_PRODUCTS_DIR; };
		8181AD8B1A31BC9F004454C8 /* generikaTests.xctest */ = {isa = PBXFileReference; explicitFileType = wrapper.cfbundle; includeInIndex = 0; path = generikaTests.xctest; sourceTree = BUILT_PRODUCTS_DIR; };
		818CED291A3AF17C00A68885 /* ReaderViewController.h */ = {isa = PBXFileReference; fileEncoding = 4; lastKnownFileType = sourcecode.c.h; path = ReaderViewController.h; sourceTree = "<group>"; };
		818CED2A1A3AF1B800A68885 /* ReaderViewController.m */ = {isa = PBXFileReference; fileEncoding = 4; lastKnownFileType = sourcecode.c.objc; path = ReaderViewController.m; sourceTree = "<group>"; };
		819273671535D56E0060859C /* UIKit.framework */ = {isa = PBXFileReference; lastKnownFileType = wrapper.framework; name = UIKit.framework; path = System/Library/Frameworks/UIKit.framework; sourceTree = SDKROOT; };
		819273691535D56E0060859C /* Foundation.framework */ = {isa = PBXFileReference; lastKnownFileType = wrapper.framework; name = Foundation.framework; path = System/Library/Frameworks/Foundation.framework; sourceTree = SDKROOT; };
		8192736B1535D56E0060859C /* CoreGraphics.framework */ = {isa = PBXFileReference; lastKnownFileType = wrapper.framework; name = CoreGraphics.framework; path = System/Library/Frameworks/CoreGraphics.framework; sourceTree = SDKROOT; };
		8192736F1535D56E0060859C /* Generika-Info.plist */ = {isa = PBXFileReference; lastKnownFileType = text.plist.xml; path = "Generika-Info.plist"; sourceTree = "<group>"; };
		819273711535D56E0060859C /* en */ = {isa = PBXFileReference; lastKnownFileType = text.plist.strings; name = en; path = resources/en.lproj/InfoPlist.strings; sourceTree = "<group>"; };
		819273731535D56E0060859C /* main.m */ = {isa = PBXFileReference; lastKnownFileType = sourcecode.c.objc; path = main.m; sourceTree = "<group>"; };
		819273751535D56E0060859C /* Generika-Prefix.pch */ = {isa = PBXFileReference; lastKnownFileType = sourcecode.c.h; path = "Generika-Prefix.pch"; sourceTree = "<group>"; };
		819273761535D56E0060859C /* AppDelegate.h */ = {isa = PBXFileReference; lastKnownFileType = sourcecode.c.h; path = AppDelegate.h; sourceTree = "<group>"; };
		819273771535D56E0060859C /* AppDelegate.m */ = {isa = PBXFileReference; lastKnownFileType = sourcecode.c.objc; path = AppDelegate.m; sourceTree = "<group>"; };
		8192737F1535D56E0060859C /* MasterViewController.h */ = {isa = PBXFileReference; lastKnownFileType = sourcecode.c.h; path = MasterViewController.h; sourceTree = "<group>"; };
		819273801535D56E0060859C /* MasterViewController.m */ = {isa = PBXFileReference; lastKnownFileType = sourcecode.c.objc; path = MasterViewController.m; sourceTree = "<group>"; };
		819273931535D56E0060859C /* GenerikaTests-Info.plist */ = {isa = PBXFileReference; lastKnownFileType = text.plist.xml; path = "GenerikaTests-Info.plist"; sourceTree = "<group>"; };
		819273951535D56E0060859C /* en */ = {isa = PBXFileReference; lastKnownFileType = text.plist.strings; name = en; path = resources/en.lproj/InfoPlist.strings; sourceTree = "<group>"; };
		819273981535D56E0060859C /* GenerikaTests.m */ = {isa = PBXFileReference; lastKnownFileType = sourcecode.c.objc; path = GenerikaTests.m; sourceTree = "<group>"; };
		819273A21535D5D90060859C /* AVFoundation.framework */ = {isa = PBXFileReference; lastKnownFileType = wrapper.framework; name = AVFoundation.framework; path = System/Library/Frameworks/AVFoundation.framework; sourceTree = SDKROOT; };
		819273A41535D6780060859C /* CoreMedia.framework */ = {isa = PBXFileReference; lastKnownFileType = wrapper.framework; name = CoreMedia.framework; path = System/Library/Frameworks/CoreMedia.framework; sourceTree = SDKROOT; };
		819273A61535D6870060859C /* CoreVideo.framework */ = {isa = PBXFileReference; lastKnownFileType = wrapper.framework; name = CoreVideo.framework; path = System/Library/Frameworks/CoreVideo.framework; sourceTree = SDKROOT; };
		819273A81535D6990060859C /* QuartzCore.framework */ = {isa = PBXFileReference; lastKnownFileType = wrapper.framework; name = QuartzCore.framework; path = System/Library/Frameworks/QuartzCore.framework; sourceTree = SDKROOT; };
		819E165717B20E8B00B315B3 /* Constant.h */ = {isa = PBXFileReference; fileEncoding = 4; lastKnownFileType = sourcecode.c.h; path = Constant.h; sourceTree = "<group>"; };
		819E165817B20E8B00B315B3 /* Constant.m */ = {isa = PBXFileReference; fileEncoding = 4; lastKnownFileType = sourcecode.c.objc; path = Constant.m; sourceTree = "<group>"; };
		81B8621E153704330054EA0A /* WebViewController.h */ = {isa = PBXFileReference; fileEncoding = 4; lastKnownFileType = sourcecode.c.h; path = WebViewController.h; sourceTree = "<group>"; };
		81B8621F153704330054EA0A /* WebViewController.m */ = {isa = PBXFileReference; fileEncoding = 4; lastKnownFileType = sourcecode.c.objc; path = WebViewController.m; sourceTree = "<group>"; };
		81B8CEB717D46EDE00DF463B /* Product.h */ = {isa = PBXFileReference; fileEncoding = 4; lastKnownFileType = sourcecode.c.h; path = Product.h; sourceTree = "<group>"; };
		81B8CEB817D46EDE00DF463B /* Product.m */ = {isa = PBXFileReference; fileEncoding = 4; lastKnownFileType = sourcecode.c.objc; path = Product.m; sourceTree = "<group>"; };
		81B8CEBE17D4767500DF463B /* ProductManager.h */ = {isa = PBXFileReference; fileEncoding = 4; lastKnownFileType = sourcecode.c.h; path = ProductManager.h; sourceTree = "<group>"; };
		81B8CEBF17D4767500DF463B /* ProductManager.m */ = {isa = PBXFileReference; fileEncoding = 4; lastKnownFileType = sourcecode.c.objc; path = ProductManager.m; sourceTree = "<group>"; };
		81F2DEE517B877490058AC62 /* fontawesome-webfont.ttf */ = {isa = PBXFileReference; lastKnownFileType = file; name = "fontawesome-webfont.ttf"; path = "resources/fontawesome-webfont.ttf"; sourceTree = "<group>"; };
		8BE0B9CB1F547A2800B68E3B /* UIPopoverController+iPhone.h */ = {isa = PBXFileReference; fileEncoding = 4; lastKnownFileType = sourcecode.c.h; path = "UIPopoverController+iPhone.h"; sourceTree = "<group>"; };
		8BE0B9CC1F547A2800B68E3B /* UIPopoverController+iPhone.m */ = {isa = PBXFileReference; fileEncoding = 4; lastKnownFileType = sourcecode.c.objc; path = "UIPopoverController+iPhone.m"; sourceTree = "<group>"; };
		9BE9B58F1D2656261ADD6A0F /* Pods-GenerikaTests.release.xcconfig */ = {isa = PBXFileReference; includeInIndex = 1; lastKnownFileType = text.xcconfig; name = "Pods-GenerikaTests.release.xcconfig"; path = "Pods/Target Support Files/Pods-GenerikaTests/Pods-GenerikaTests.release.xcconfig"; sourceTree = "<group>"; };
		B0638EBF595B6D8A30BBE8C0 /* Pods-Generika.generika_appstore.xcconfig */ = {isa = PBXFileReference; includeInIndex = 1; lastKnownFileType = text.xcconfig; name = "Pods-Generika.generika_appstore.xcconfig"; path = "Pods/Target Support Files/Pods-Generika/Pods-Generika.generika_appstore.xcconfig"; sourceTree = "<group>"; };
		D11259016471743A2A72EF97 /* Pods-Generika.debug.xcconfig */ = {isa = PBXFileReference; includeInIndex = 1; lastKnownFileType = text.xcconfig; name = "Pods-Generika.debug.xcconfig"; path = "Pods/Target Support Files/Pods-Generika/Pods-Generika.debug.xcconfig"; sourceTree = "<group>"; };
		EB5FAC97AB01AFB8DAA522EC /* libPods-GenerikaTests.a */ = {isa = PBXFileReference; explicitFileType = archive.ar; includeInIndex = 0; path = "libPods-GenerikaTests.a"; sourceTree = BUILT_PRODUCTS_DIR; };
		F0DCFF12E0D159B951492A27 /* Pods-GenerikaTests.debug.xcconfig */ = {isa = PBXFileReference; includeInIndex = 1; lastKnownFileType = text.xcconfig; name = "Pods-GenerikaTests.debug.xcconfig"; path = "Pods/Target Support Files/Pods-GenerikaTests/Pods-GenerikaTests.debug.xcconfig"; sourceTree = "<group>"; };
/* End PBXFileReference section */

/* Begin PBXFrameworksBuildPhase section */
		819273601535D56E0060859C /* Frameworks */ = {
			isa = PBXFrameworksBuildPhase;
			buildActionMask = 2147483647;
			files = (
				810A928D179CD50A00DAA963 /* Security.framework in Frameworks */,
				8129BA59153D480100CB5896 /* SystemConfiguration.framework in Frameworks */,
				819273A91535D6990060859C /* QuartzCore.framework in Frameworks */,
				819273A71535D6870060859C /* CoreVideo.framework in Frameworks */,
				819273A51535D6780060859C /* CoreMedia.framework in Frameworks */,
				819273A31535D5D90060859C /* AVFoundation.framework in Frameworks */,
				819273681535D56E0060859C /* UIKit.framework in Frameworks */,
				8192736A1535D56E0060859C /* Foundation.framework in Frameworks */,
				8192736C1535D56E0060859C /* CoreGraphics.framework in Frameworks */,
				C8D52752834EB687BBCE051E /* libPods-Generika.a in Frameworks */,
			);
			runOnlyForDeploymentPostprocessing = 0;
		};
		819273861535D56E0060859C /* Frameworks */ = {
			isa = PBXFrameworksBuildPhase;
			buildActionMask = 2147483647;
			files = (
				8192738D1535D56E0060859C /* UIKit.framework in Frameworks */,
				8192738E1535D56E0060859C /* Foundation.framework in Frameworks */,
				655D0B626DC9948729287B91 /* libPods-GenerikaTests.a in Frameworks */,
			);
			runOnlyForDeploymentPostprocessing = 0;
		};
/* End PBXFrameworksBuildPhase section */

/* Begin PBXGroup section */
		2A25348721585000EAB4AC22 /* Pods */ = {
			isa = PBXGroup;
			children = (
				D11259016471743A2A72EF97 /* Pods-Generika.debug.xcconfig */,
				0CF9631F19C2569452A76CE5 /* Pods-Generika.release.xcconfig */,
				B0638EBF595B6D8A30BBE8C0 /* Pods-Generika.generika_appstore.xcconfig */,
				F0DCFF12E0D159B951492A27 /* Pods-GenerikaTests.debug.xcconfig */,
				9BE9B58F1D2656261ADD6A0F /* Pods-GenerikaTests.release.xcconfig */,
				2A1FFF20E1446C46E024C55C /* Pods-GenerikaTests.generika_appstore.xcconfig */,
			);
			name = Pods;
			sourceTree = "<group>";
		};
		8181AD8C1A31BCB4004454C8 /* Products */ = {
			isa = PBXGroup;
			children = (
				8181AD8B1A31BC9F004454C8 /* generikaTests.xctest */,
				8181AD8A1A31BB9D004454C8 /* generika.app */,
			);
			name = Products;
			sourceTree = "<group>";
		};
		819273581535D56D0060859C = {
			isa = PBXGroup;
			children = (
				8192736D1535D56E0060859C /* Generika */,
				819273911535D56E0060859C /* GenerikaTests */,
				819273661535D56E0060859C /* Frameworks */,
				8181AD8C1A31BCB4004454C8 /* Products */,
				2A25348721585000EAB4AC22 /* Pods */,
			);
			sourceTree = "<group>";
		};
		819273661535D56E0060859C /* Frameworks */ = {
			isa = PBXGroup;
			children = (
				810A928C179CD50A00DAA963 /* Security.framework */,
				8129BA58153D480100CB5896 /* SystemConfiguration.framework */,
				819273A81535D6990060859C /* QuartzCore.framework */,
				819273A61535D6870060859C /* CoreVideo.framework */,
				819273A41535D6780060859C /* CoreMedia.framework */,
				819273A21535D5D90060859C /* AVFoundation.framework */,
				819273671535D56E0060859C /* UIKit.framework */,
				819273691535D56E0060859C /* Foundation.framework */,
				8192736B1535D56E0060859C /* CoreGraphics.framework */,
				6033EDCABCCB5F8CC1D93C5E /* libPods-Generika.a */,
				EB5FAC97AB01AFB8DAA522EC /* libPods-GenerikaTests.a */,
			);
			name = Frameworks;
			sourceTree = "<group>";
		};
		8192736D1535D56E0060859C /* Generika */ = {
			isa = PBXGroup;
			children = (
				81B8CEBB17D4724E00DF463B /* Model */,
				81B8CEBC17D473C300DF463B /* UI */,
				81B8CEBD17D4762600DF463B /* Utility */,
				81FEDA1F1538962900756CAE /* Resources */,
				8192736E1535D56E0060859C /* Supporting Files */,
			);
			path = Generika;
			sourceTree = "<group>";
		};
		8192736E1535D56E0060859C /* Supporting Files */ = {
			isa = PBXGroup;
			children = (
				81245DC617D70E1500995F5C /* Generika.entitlements */,
				8192736F1535D56E0060859C /* Generika-Info.plist */,
				819273701535D56E0060859C /* InfoPlist.strings */,
				819273751535D56E0060859C /* Generika-Prefix.pch */,
			);
			name = "Supporting Files";
			sourceTree = "<group>";
		};
		819273911535D56E0060859C /* GenerikaTests */ = {
			isa = PBXGroup;
			children = (
				8145D9EB1FD3D958002779FD /* ProductTests.m */,
				819273981535D56E0060859C /* GenerikaTests.m */,
				819273921535D56E0060859C /* Supporting Files */,
			);
			path = GenerikaTests;
			sourceTree = "<group>";
		};
		819273921535D56E0060859C /* Supporting Files */ = {
			isa = PBXGroup;
			children = (
				819273931535D56E0060859C /* GenerikaTests-Info.plist */,
				819273941535D56E0060859C /* InfoPlist.strings */,
			);
			name = "Supporting Files";
			sourceTree = "<group>";
		};
		81B8CEBB17D4724E00DF463B /* Model */ = {
			isa = PBXGroup;
			children = (
				81B8CEB717D46EDE00DF463B /* Product.h */,
				81B8CEB817D46EDE00DF463B /* Product.m */,
				81B8CEBE17D4767500DF463B /* ProductManager.h */,
				81B8CEBF17D4767500DF463B /* ProductManager.m */,
			);
			name = Model;
			sourceTree = "<group>";
		};
		81B8CEBC17D473C300DF463B /* UI */ = {
			isa = PBXGroup;
			children = (
				8BE0B9CB1F547A2800B68E3B /* UIPopoverController+iPhone.h */,
				8BE0B9CC1F547A2800B68E3B /* UIPopoverController+iPhone.m */,
				819273761535D56E0060859C /* AppDelegate.h */,
				819273771535D56E0060859C /* AppDelegate.m */,
				819273731535D56E0060859C /* main.m */,
				8192737F1535D56E0060859C /* MasterViewController.h */,
				819273801535D56E0060859C /* MasterViewController.m */,
				81B8621E153704330054EA0A /* WebViewController.h */,
				81B8621F153704330054EA0A /* WebViewController.m */,
				812B9A4B17AF7DF50001A5A8 /* SettingsViewController.h */,
				812B9A4C17AF7DF50001A5A8 /* SettingsViewController.m */,
				8148C65917B0B9530037EE81 /* SettingsDetailViewController.h */,
				8148C65A17B0B9530037EE81 /* SettingsDetailViewController.m */,
				818CED291A3AF17C00A68885 /* ReaderViewController.h */,
				818CED2A1A3AF1B800A68885 /* ReaderViewController.m */,
			);
			name = UI;
			sourceTree = "<group>";
		};
		81B8CEBD17D4762600DF463B /* Utility */ = {
			isa = PBXGroup;
			children = (
				819E165717B20E8B00B315B3 /* Constant.h */,
				819E165817B20E8B00B315B3 /* Constant.m */,
				8129BA54153D46F100CB5896 /* Reachability.h */,
				8129BA55153D46F100CB5896 /* Reachability.m */,
			);
			name = Utility;
			sourceTree = "<group>";
		};
		81FEDA1F1538962900756CAE /* Resources */ = {
			isa = PBXGroup;
			children = (
				812C84721FDCEB7B0020AD87 /* icon */,
				812C84711FDCEB7B0020AD87 /* screen */,
				812C846E1FDCEB650020AD87 /* images.xcassets */,
				81F2DEE517B877490058AC62 /* fontawesome-webfont.ttf */,
			);
			name = Resources;
			sourceTree = "<group>";
		};
/* End PBXGroup section */

/* Begin PBXNativeTarget section */
		819273621535D56E0060859C /* Generika */ = {
			isa = PBXNativeTarget;
			buildConfigurationList = 8192739C1535D56E0060859C /* Build configuration list for PBXNativeTarget "Generika" */;
			buildPhases = (
				A218F00D0A4C7EC498B9055A /* [CP] Check Pods Manifest.lock */,
				8192735F1535D56E0060859C /* Sources */,
				819273601535D56E0060859C /* Frameworks */,
				819273611535D56E0060859C /* Resources */,
				D9623216DF874DB1C29E7927 /* [CP] Embed Pods Frameworks */,
				09346C184EDEB8AFBFC810FF /* [CP] Copy Pods Resources */,
			);
			buildRules = (
			);
			dependencies = (
			);
			name = Generika;
			productName = Generika;
			productReference = 8181AD8A1A31BB9D004454C8 /* generika.app */;
			productType = "com.apple.product-type.application";
		};
		819273891535D56E0060859C /* GenerikaTests */ = {
			isa = PBXNativeTarget;
			buildConfigurationList = 8192739F1535D56E0060859C /* Build configuration list for PBXNativeTarget "GenerikaTests" */;
			buildPhases = (
				373E64B17D12D2CDEBE84062 /* [CP] Check Pods Manifest.lock */,
				819273851535D56E0060859C /* Sources */,
				819273861535D56E0060859C /* Frameworks */,
				819273871535D56E0060859C /* Resources */,
				3C619177517A174B09387DEB /* [CP] Embed Pods Frameworks */,
				E9DB5BE1F3F22A1E757E19B3 /* [CP] Copy Pods Resources */,
			);
			buildRules = (
			);
			dependencies = (
				819273901535D56E0060859C /* PBXTargetDependency */,
			);
			name = GenerikaTests;
			productName = GenerikaTests;
			productReference = 8181AD8B1A31BC9F004454C8 /* generikaTests.xctest */;
			productType = "com.apple.product-type.bundle.unit-test";
		};
/* End PBXNativeTarget section */

/* Begin PBXProject section */
		8192735A1535D56D0060859C /* Project object */ = {
			isa = PBXProject;
			attributes = {
				LastTestingUpgradeCheck = 0610;
				LastUpgradeCheck = 0920;
				ORGANIZATIONNAME = "ywesee GmbH";
				TargetAttributes = {
					819273621535D56E0060859C = {
						DevelopmentTeam = 4B37356EGR;
						SystemCapabilities = {
							com.apple.iCloud = {
								enabled = 1;
							};
						};
					};
					819273891535D56E0060859C = {
						TestTargetID = 819273621535D56E0060859C;
					};
				};
			};
			buildConfigurationList = 8192735D1535D56D0060859C /* Build configuration list for PBXProject "Generika" */;
			compatibilityVersion = "Xcode 3.2";
			developmentRegion = English;
			hasScannedForEncodings = 0;
			knownRegions = (
				en,
			);
			mainGroup = 819273581535D56D0060859C;
			productRefGroup = 819273581535D56D0060859C;
			projectDirPath = "";
			projectRoot = "";
			targets = (
				819273621535D56E0060859C /* Generika */,
				819273891535D56E0060859C /* GenerikaTests */,
			);
		};
/* End PBXProject section */

/* Begin PBXResourcesBuildPhase section */
		819273611535D56E0060859C /* Resources */ = {
			isa = PBXResourcesBuildPhase;
			buildActionMask = 2147483647;
			files = (
				812C84741FDCEB7B0020AD87 /* screen in Resources */,
				812C846F1FDCEB660020AD87 /* images.xcassets in Resources */,
				819273721535D56E0060859C /* InfoPlist.strings in Resources */,
				812C84751FDCEB7B0020AD87 /* icon in Resources */,
				81F2DEE817B877490058AC62 /* fontawesome-webfont.ttf in Resources */,
			);
			runOnlyForDeploymentPostprocessing = 0;
		};
		819273871535D56E0060859C /* Resources */ = {
			isa = PBXResourcesBuildPhase;
			buildActionMask = 2147483647;
			files = (
				819273961535D56E0060859C /* InfoPlist.strings in Resources */,
				81F2DEE917B877490058AC62 /* fontawesome-webfont.ttf in Resources */,
			);
			runOnlyForDeploymentPostprocessing = 0;
		};
/* End PBXResourcesBuildPhase section */

/* Begin PBXShellScriptBuildPhase section */
		09346C184EDEB8AFBFC810FF /* [CP] Copy Pods Resources */ = {
			isa = PBXShellScriptBuildPhase;
			buildActionMask = 2147483647;
			files = (
			);
			inputPaths = (
				"${SRCROOT}/Pods/Target Support Files/Pods-Generika/Pods-Generika-resources.sh",
				"${PODS_ROOT}/ZBarSDK/iphone/res/zbar-back.png",
				"${PODS_ROOT}/ZBarSDK/iphone/res/zbar-help.html",
				"${PODS_ROOT}/ZBarSDK/iphone/res/zbar-helpicons.png",
				"${PODS_ROOT}/ZBarSDK/iphone/res/zbar-samples.png",
			);
			name = "[CP] Copy Pods Resources";
			outputPaths = (
				"${TARGET_BUILD_DIR}/${UNLOCALIZED_RESOURCES_FOLDER_PATH}",
			);
			runOnlyForDeploymentPostprocessing = 0;
			shellPath = /bin/sh;
			shellScript = "\"${SRCROOT}/Pods/Target Support Files/Pods-Generika/Pods-Generika-resources.sh\"\n";
			showEnvVarsInLog = 0;
		};
		373E64B17D12D2CDEBE84062 /* [CP] Check Pods Manifest.lock */ = {
			isa = PBXShellScriptBuildPhase;
			buildActionMask = 2147483647;
			files = (
			);
			inputPaths = (
				"${PODS_PODFILE_DIR_PATH}/Podfile.lock",
				"${PODS_ROOT}/Manifest.lock",
			);
			name = "[CP] Check Pods Manifest.lock";
			outputPaths = (
				"$(DERIVED_FILE_DIR)/Pods-GenerikaTests-checkManifestLockResult.txt",
			);
			runOnlyForDeploymentPostprocessing = 0;
			shellPath = /bin/sh;
			shellScript = "diff \"${PODS_PODFILE_DIR_PATH}/Podfile.lock\" \"${PODS_ROOT}/Manifest.lock\" > /dev/null\nif [ $? != 0 ] ; then\n    # print error to STDERR\n    echo \"error: The sandbox is not in sync with the Podfile.lock. Run 'pod install' or update your CocoaPods installation.\" >&2\n    exit 1\nfi\n# This output is used by Xcode 'outputs' to avoid re-running this script phase.\necho \"SUCCESS\" > \"${SCRIPT_OUTPUT_FILE_0}\"\n";
			showEnvVarsInLog = 0;
		};
		3C619177517A174B09387DEB /* [CP] Embed Pods Frameworks */ = {
			isa = PBXShellScriptBuildPhase;
			buildActionMask = 2147483647;
			files = (
			);
			inputPaths = (
			);
			name = "[CP] Embed Pods Frameworks";
			outputPaths = (
			);
			runOnlyForDeploymentPostprocessing = 0;
			shellPath = /bin/sh;
			shellScript = "\"${SRCROOT}/Pods/Target Support Files/Pods-GenerikaTests/Pods-GenerikaTests-frameworks.sh\"\n";
			showEnvVarsInLog = 0;
		};
		A218F00D0A4C7EC498B9055A /* [CP] Check Pods Manifest.lock */ = {
			isa = PBXShellScriptBuildPhase;
			buildActionMask = 2147483647;
			files = (
			);
			inputPaths = (
				"${PODS_PODFILE_DIR_PATH}/Podfile.lock",
				"${PODS_ROOT}/Manifest.lock",
			);
			name = "[CP] Check Pods Manifest.lock";
			outputPaths = (
				"$(DERIVED_FILE_DIR)/Pods-Generika-checkManifestLockResult.txt",
			);
			runOnlyForDeploymentPostprocessing = 0;
			shellPath = /bin/sh;
			shellScript = "diff \"${PODS_PODFILE_DIR_PATH}/Podfile.lock\" \"${PODS_ROOT}/Manifest.lock\" > /dev/null\nif [ $? != 0 ] ; then\n    # print error to STDERR\n    echo \"error: The sandbox is not in sync with the Podfile.lock. Run 'pod install' or update your CocoaPods installation.\" >&2\n    exit 1\nfi\n# This output is used by Xcode 'outputs' to avoid re-running this script phase.\necho \"SUCCESS\" > \"${SCRIPT_OUTPUT_FILE_0}\"\n";
			showEnvVarsInLog = 0;
		};
		D9623216DF874DB1C29E7927 /* [CP] Embed Pods Frameworks */ = {
			isa = PBXShellScriptBuildPhase;
			buildActionMask = 2147483647;
			files = (
			);
			inputPaths = (
			);
			name = "[CP] Embed Pods Frameworks";
			outputPaths = (
			);
			runOnlyForDeploymentPostprocessing = 0;
			shellPath = /bin/sh;
			shellScript = "\"${SRCROOT}/Pods/Target Support Files/Pods-Generika/Pods-Generika-frameworks.sh\"\n";
			showEnvVarsInLog = 0;
		};
		E9DB5BE1F3F22A1E757E19B3 /* [CP] Copy Pods Resources */ = {
			isa = PBXShellScriptBuildPhase;
			buildActionMask = 2147483647;
			files = (
			);
			inputPaths = (
			);
			name = "[CP] Copy Pods Resources";
			outputPaths = (
			);
			runOnlyForDeploymentPostprocessing = 0;
			shellPath = /bin/sh;
			shellScript = "\"${SRCROOT}/Pods/Target Support Files/Pods-GenerikaTests/Pods-GenerikaTests-resources.sh\"\n";
			showEnvVarsInLog = 0;
		};
/* End PBXShellScriptBuildPhase section */

/* Begin PBXSourcesBuildPhase section */
		8192735F1535D56E0060859C /* Sources */ = {
			isa = PBXSourcesBuildPhase;
			buildActionMask = 2147483647;
			files = (
				819273741535D56E0060859C /* main.m in Sources */,
				819273781535D56E0060859C /* AppDelegate.m in Sources */,
				8BE0B9CD1F547A2800B68E3B /* UIPopoverController+iPhone.m in Sources */,
				818CED2B1A3AF1B800A68885 /* ReaderViewController.m in Sources */,
				81B8CEB917D46EDE00DF463B /* Product.m in Sources */,
				819273811535D56E0060859C /* MasterViewController.m in Sources */,
				81B86220153704330054EA0A /* WebViewController.m in Sources */,
				8148C65B17B0B9530037EE81 /* SettingsDetailViewController.m in Sources */,
				8129BA56153D46F100CB5896 /* Reachability.m in Sources */,
				81B8CEC017D4767500DF463B /* ProductManager.m in Sources */,
				812B9A4D17AF7DF50001A5A8 /* SettingsViewController.m in Sources */,
				819E165917B20E8B00B315B3 /* Constant.m in Sources */,
			);
			runOnlyForDeploymentPostprocessing = 0;
		};
		819273851535D56E0060859C /* Sources */ = {
			isa = PBXSourcesBuildPhase;
			buildActionMask = 2147483647;
			files = (
				8148C65C17B0B9530037EE81 /* SettingsDetailViewController.m in Sources */,
				81B8CEC117D4767500DF463B /* ProductManager.m in Sources */,
				819273991535D56E0060859C /* GenerikaTests.m in Sources */,
				81B8CEBA17D46EDE00DF463B /* Product.m in Sources */,
				819E165A17B20E8B00B315B3 /* Constant.m in Sources */,
				8145D9EC1FD3D959002779FD /* ProductTests.m in Sources */,
				818CED2C1A3AF1B800A68885 /* ReaderViewController.m in Sources */,
				812B9A4E17AF7DF50001A5A8 /* SettingsViewController.m in Sources */,
			);
			runOnlyForDeploymentPostprocessing = 0;
		};
/* End PBXSourcesBuildPhase section */

/* Begin PBXTargetDependency section */
		819273901535D56E0060859C /* PBXTargetDependency */ = {
			isa = PBXTargetDependency;
			target = 819273621535D56E0060859C /* Generika */;
			targetProxy = 8192738F1535D56E0060859C /* PBXContainerItemProxy */;
		};
/* End PBXTargetDependency section */

/* Begin PBXVariantGroup section */
		819273701535D56E0060859C /* InfoPlist.strings */ = {
			isa = PBXVariantGroup;
			children = (
				819273711535D56E0060859C /* en */,
			);
			name = InfoPlist.strings;
			sourceTree = "<group>";
		};
		819273941535D56E0060859C /* InfoPlist.strings */ = {
			isa = PBXVariantGroup;
			children = (
				819273951535D56E0060859C /* en */,
			);
			name = InfoPlist.strings;
			sourceTree = "<group>";
		};
/* End PBXVariantGroup section */

/* Begin XCBuildConfiguration section */
		8192739A1535D56E0060859C /* Debug */ = {
			isa = XCBuildConfiguration;
			buildSettings = {
				ALWAYS_SEARCH_USER_PATHS = NO;
				CLANG_ENABLE_OBJC_ARC = YES;
				CLANG_WARN_BLOCK_CAPTURE_AUTORELEASING = YES;
				CLANG_WARN_BOOL_CONVERSION = YES;
				CLANG_WARN_COMMA = YES;
				CLANG_WARN_CONSTANT_CONVERSION = YES;
				CLANG_WARN_EMPTY_BODY = YES;
				CLANG_WARN_ENUM_CONVERSION = YES;
				CLANG_WARN_INFINITE_RECURSION = YES;
				CLANG_WARN_INT_CONVERSION = YES;
				CLANG_WARN_NON_LITERAL_NULL_CONVERSION = YES;
				CLANG_WARN_OBJC_LITERAL_CONVERSION = YES;
				CLANG_WARN_RANGE_LOOP_ANALYSIS = YES;
				CLANG_WARN_STRICT_PROTOTYPES = YES;
				CLANG_WARN_SUSPICIOUS_MOVE = YES;
				CLANG_WARN_UNREACHABLE_CODE = YES;
				CLANG_WARN__DUPLICATE_METHOD_MATCH = YES;
				CODE_SIGN_IDENTITY = "iPhone Developer";
				"CODE_SIGN_IDENTITY[sdk=iphoneos*]" = "iPhone Developer";
				COPY_PHASE_STRIP = NO;
				ENABLE_STRICT_OBJC_MSGSEND = YES;
				ENABLE_TESTABILITY = YES;
				FRAMEWORK_SEARCH_PATHS = "$(inherited)";
				GCC_C_LANGUAGE_STANDARD = gnu99;
				GCC_DYNAMIC_NO_PIC = NO;
				GCC_NO_COMMON_BLOCKS = YES;
				GCC_OPTIMIZATION_LEVEL = 0;
				GCC_PREPROCESSOR_DEFINITIONS = (
					"DEBUG=1",
					"$(inherited)",
				);
				GCC_SYMBOLS_PRIVATE_EXTERN = NO;
				GCC_VERSION = com.apple.compilers.llvm.clang.1_0;
				GCC_WARN_64_TO_32_BIT_CONVERSION = YES;
				GCC_WARN_ABOUT_RETURN_TYPE = YES;
				GCC_WARN_UNDECLARED_SELECTOR = YES;
				GCC_WARN_UNINITIALIZED_AUTOS = YES;
				GCC_WARN_UNUSED_FUNCTION = YES;
				GCC_WARN_UNUSED_VARIABLE = YES;
				HEADER_SEARCH_PATHS = "$(inherited)";
				IPHONEOS_DEPLOYMENT_TARGET = 8.1;
				LIBRARY_SEARCH_PATHS = "$(inherited)";
				ONLY_ACTIVE_ARCH = YES;
				OTHER_LDFLAGS = "$(inherited)";
				PROVISIONING_PROFILE = "";
				SDKROOT = iphoneos;
				TARGETED_DEVICE_FAMILY = "1,2";
				VALID_ARCHS = "armv7 armv7s arm64";
			};
			name = Debug;
		};
		8192739B1535D56E0060859C /* Release */ = {
			isa = XCBuildConfiguration;
			buildSettings = {
				ALWAYS_SEARCH_USER_PATHS = NO;
				CLANG_ENABLE_OBJC_ARC = YES;
				CLANG_WARN_BLOCK_CAPTURE_AUTORELEASING = YES;
				CLANG_WARN_BOOL_CONVERSION = YES;
				CLANG_WARN_COMMA = YES;
				CLANG_WARN_CONSTANT_CONVERSION = YES;
				CLANG_WARN_EMPTY_BODY = YES;
				CLANG_WARN_ENUM_CONVERSION = YES;
				CLANG_WARN_INFINITE_RECURSION = YES;
				CLANG_WARN_INT_CONVERSION = YES;
				CLANG_WARN_NON_LITERAL_NULL_CONVERSION = YES;
				CLANG_WARN_OBJC_LITERAL_CONVERSION = YES;
				CLANG_WARN_RANGE_LOOP_ANALYSIS = YES;
				CLANG_WARN_STRICT_PROTOTYPES = YES;
				CLANG_WARN_SUSPICIOUS_MOVE = YES;
				CLANG_WARN_UNREACHABLE_CODE = YES;
				CLANG_WARN__DUPLICATE_METHOD_MATCH = YES;
				CODE_SIGN_IDENTITY = "iPhone Developer";
				"CODE_SIGN_IDENTITY[sdk=iphoneos*]" = "iPhone Developer";
				COPY_PHASE_STRIP = YES;
				ENABLE_STRICT_OBJC_MSGSEND = YES;
				FRAMEWORK_SEARCH_PATHS = "$(inherited)";
				GCC_C_LANGUAGE_STANDARD = gnu99;
				GCC_NO_COMMON_BLOCKS = YES;
				GCC_VERSION = com.apple.compilers.llvm.clang.1_0;
				GCC_WARN_64_TO_32_BIT_CONVERSION = YES;
				GCC_WARN_ABOUT_RETURN_TYPE = YES;
				GCC_WARN_UNDECLARED_SELECTOR = YES;
				GCC_WARN_UNINITIALIZED_AUTOS = YES;
				GCC_WARN_UNUSED_FUNCTION = YES;
				GCC_WARN_UNUSED_VARIABLE = YES;
				HEADER_SEARCH_PATHS = "$(inherited)";
				IPHONEOS_DEPLOYMENT_TARGET = 8.1;
				LIBRARY_SEARCH_PATHS = "$(inherited)";
				ONLY_ACTIVE_ARCH = YES;
				OTHER_CFLAGS = "-DNS_BLOCK_ASSERTIONS=1";
				OTHER_LDFLAGS = "$(inherited)";
				PROVISIONING_PROFILE = "";
				"PROVISIONING_PROFILE[sdk=iphoneos*]" = "";
				SDKROOT = iphoneos;
				TARGETED_DEVICE_FAMILY = "1,2";
				VALIDATE_PRODUCT = YES;
				VALID_ARCHS = "armv7 armv7s arm64";
			};
			name = Release;
		};
		8192739D1535D56E0060859C /* Debug */ = {
			isa = XCBuildConfiguration;
			baseConfigurationReference = D11259016471743A2A72EF97 /* Pods-Generika.debug.xcconfig */;
			buildSettings = {
				ASSETCATALOG_COMPILER_APPICON_NAME = AppIcon;
				ASSETCATALOG_COMPILER_LAUNCHIMAGE_NAME = LaunchImage;
				CLANG_ALLOW_NON_MODULAR_INCLUDES_IN_FRAMEWORK_MODULES = NO;
				CLANG_ENABLE_OBJC_ARC = YES;
				CODE_SIGN_ENTITLEMENTS = Generika/Generika.entitlements;
				CODE_SIGN_IDENTITY = "iPhone Developer";
				"CODE_SIGN_IDENTITY[sdk=iphoneos*]" = "iPhone Developer";
				GCC_PRECOMPILE_PREFIX_HEADER = YES;
				GCC_PREFIX_HEADER = "Generika/Generika-Prefix.pch";
				GCC_VERSION = com.apple.compilers.llvm.clang.1_0;
				GCC_WARN_UNINITIALIZED_AUTOS = YES;
				INFOPLIST_FILE = "Generika/Generika-Info.plist";
				IPHONEOS_DEPLOYMENT_TARGET = 8.0;
				LIBRARY_SEARCH_PATHS = "$(inherited)";
				ONLY_ACTIVE_ARCH = YES;
				OTHER_LDFLAGS = (
					"$(inherited)",
					"-l\"AFNetworking\"",
					"-l\"JSONKit-NoWarning\"",
					"-l\"NTMonthYearPicker\"",
					"-l\"ZBarSDK\"",
					"-l\"iconv\"",
					"-framework",
					"\"AVFoundation\"",
					"-framework",
					"\"CoreGraphics\"",
					"-framework",
					"\"CoreMedia\"",
					"-framework",
					"\"CoreVideo\"",
					"-framework",
					"\"MobileCoreServices\"",
					"-framework",
					"\"QuartzCore\"",
					"-framework",
					"\"Security\"",
					"-framework",
					"\"SystemConfiguration\"",
				);
				PRODUCT_BUNDLE_IDENTIFIER = "org.oddb.${PRODUCT_NAME:rfc1034identifier}";
				PRODUCT_NAME = generika;
				PROVISIONING_PROFILE = "";
				"PROVISIONING_PROFILE[sdk=iphoneos*]" = "";
				SDKROOT = iphoneos;
				VALIDATE_PRODUCT = NO;
				VALID_ARCHS = "armv7 armv7s arm64";
				WRAPPER_EXTENSION = app;
			};
			name = Debug;
		};
		8192739E1535D56E0060859C /* Release */ = {
			isa = XCBuildConfiguration;
			baseConfigurationReference = 0CF9631F19C2569452A76CE5 /* Pods-Generika.release.xcconfig */;
			buildSettings = {
				ASSETCATALOG_COMPILER_APPICON_NAME = AppIcon;
				ASSETCATALOG_COMPILER_LAUNCHIMAGE_NAME = LaunchImage;
				CLANG_ALLOW_NON_MODULAR_INCLUDES_IN_FRAMEWORK_MODULES = NO;
				CLANG_ENABLE_OBJC_ARC = YES;
				CODE_SIGN_ENTITLEMENTS = Generika/Generika.entitlements;
				CODE_SIGN_IDENTITY = "iPhone Developer";
				"CODE_SIGN_IDENTITY[sdk=iphoneos*]" = "iPhone Developer";
				GCC_PRECOMPILE_PREFIX_HEADER = YES;
				GCC_PREFIX_HEADER = "Generika/Generika-Prefix.pch";
				GCC_VERSION = com.apple.compilers.llvm.clang.1_0;
				GCC_WARN_UNINITIALIZED_AUTOS = YES;
				INFOPLIST_FILE = "Generika/Generika-Info.plist";
				IPHONEOS_DEPLOYMENT_TARGET = 8.0;
				LIBRARY_SEARCH_PATHS = "$(inherited)";
				ONLY_ACTIVE_ARCH = NO;
				OTHER_LDFLAGS = (
					"$(inherited)",
					"-l\"AFNetworking\"",
					"-l\"JSONKit-NoWarning\"",
					"-l\"NTMonthYearPicker\"",
					"-l\"ZBarSDK\"",
					"-l\"iconv\"",
					"-framework",
					"\"AVFoundation\"",
					"-framework",
					"\"CoreGraphics\"",
					"-framework",
					"\"CoreMedia\"",
					"-framework",
					"\"CoreVideo\"",
					"-framework",
					"\"MobileCoreServices\"",
					"-framework",
					"\"QuartzCore\"",
					"-framework",
					"\"Security\"",
					"-framework",
					"\"SystemConfiguration\"",
				);
				PRODUCT_BUNDLE_IDENTIFIER = "org.oddb.${PRODUCT_NAME:rfc1034identifier}";
				PRODUCT_NAME = generika;
				PROVISIONING_PROFILE = "";
				"PROVISIONING_PROFILE[sdk=iphoneos*]" = "";
				SDKROOT = iphoneos;
				VALIDATE_PRODUCT = YES;
				VALID_ARCHS = "armv7 armv7s arm64";
				WRAPPER_EXTENSION = app;
			};
			name = Release;
		};
		819273A01535D56E0060859C /* Debug */ = {
			isa = XCBuildConfiguration;
			baseConfigurationReference = F0DCFF12E0D159B951492A27 /* Pods-GenerikaTests.debug.xcconfig */;
			buildSettings = {
				BUNDLE_LOADER = "$(TEST_HOST)";
				CODE_SIGN_IDENTITY = "iPhone Developer";
				"CODE_SIGN_IDENTITY[sdk=iphoneos*]" = "iPhone Developer";
				ENABLE_BITCODE = YES;
				ENABLE_ON_DEMAND_RESOURCES = NO;
				FRAMEWORK_SEARCH_PATHS = (
					"$(SDKROOT)/Developer/Library/Frameworks",
					"$(inherited)",
				);
				GCC_PRECOMPILE_PREFIX_HEADER = YES;
				GCC_PREFIX_HEADER = "Generika/Generika-Prefix.pch";
				INFOPLIST_FILE = "GenerikaTests/GenerikaTests-Info.plist";
				LIBRARY_SEARCH_PATHS = "$(inherited)";
				ONLY_ACTIVE_ARCH = YES;
				PRODUCT_BUNDLE_IDENTIFIER = "org.oddb.${PRODUCT_NAME:rfc1034identifier}";
				PRODUCT_NAME = generikaTests;
				PROVISIONING_PROFILE = "";
				TEST_HOST = "$(BUILT_PRODUCTS_DIR)/generika.app/generika";
				VALID_ARCHS = "armv7 armv7s arm64";
			};
			name = Debug;
		};
		819273A11535D56E0060859C /* Release */ = {
			isa = XCBuildConfiguration;
			baseConfigurationReference = 9BE9B58F1D2656261ADD6A0F /* Pods-GenerikaTests.release.xcconfig */;
			buildSettings = {
				BUNDLE_LOADER = "$(TEST_HOST)";
				CODE_SIGN_IDENTITY = "iPhone Developer";
				"CODE_SIGN_IDENTITY[sdk=iphoneos*]" = "iPhone Developer";
				ENABLE_BITCODE = YES;
				ENABLE_ON_DEMAND_RESOURCES = NO;
				FRAMEWORK_SEARCH_PATHS = (
					"$(SDKROOT)/Developer/Library/Frameworks",
					"$(inherited)",
				);
				GCC_PRECOMPILE_PREFIX_HEADER = YES;
				GCC_PREFIX_HEADER = "Generika/Generika-Prefix.pch";
				INFOPLIST_FILE = "GenerikaTests/GenerikaTests-Info.plist";
				LIBRARY_SEARCH_PATHS = "$(inherited)";
				ONLY_ACTIVE_ARCH = NO;
				PRODUCT_BUNDLE_IDENTIFIER = "org.oddb.${PRODUCT_NAME:rfc1034identifier}";
				PRODUCT_NAME = generikaTests;
				PROVISIONING_PROFILE = "";
				"PROVISIONING_PROFILE[sdk=iphoneos*]" = "";
				TEST_HOST = "$(BUILT_PRODUCTS_DIR)/generika.app/generika";
				VALID_ARCHS = "armv7 armv7s arm64";
			};
			name = Release;
		};
		935F8A45153DBCBE00642BDB /* Generika_AppStore */ = {
			isa = XCBuildConfiguration;
			buildSettings = {
				ALWAYS_SEARCH_USER_PATHS = NO;
				CLANG_ENABLE_OBJC_ARC = YES;
				CLANG_WARN_BLOCK_CAPTURE_AUTORELEASING = YES;
				CLANG_WARN_COMMA = YES;
				CLANG_WARN_CONSTANT_CONVERSION = YES;
				CLANG_WARN_ENUM_CONVERSION = YES;
				CLANG_WARN_INFINITE_RECURSION = YES;
				CLANG_WARN_INT_CONVERSION = YES;
				CLANG_WARN_NON_LITERAL_NULL_CONVERSION = YES;
				CLANG_WARN_OBJC_LITERAL_CONVERSION = YES;
				CLANG_WARN_RANGE_LOOP_ANALYSIS = YES;
				CLANG_WARN_STRICT_PROTOTYPES = YES;
				CLANG_WARN_SUSPICIOUS_MOVE = YES;
				CLANG_WARN_UNREACHABLE_CODE = YES;
				CLANG_WARN__DUPLICATE_METHOD_MATCH = YES;
				CODE_SIGN_IDENTITY = "iPhone Distribution";
				"CODE_SIGN_IDENTITY[sdk=iphoneos*]" = "iPhone Distribution";
				COPY_PHASE_STRIP = YES;
				ENABLE_STRICT_OBJC_MSGSEND = YES;
				FRAMEWORK_SEARCH_PATHS = "$(inherited)";
				GCC_C_LANGUAGE_STANDARD = gnu99;
				GCC_NO_COMMON_BLOCKS = YES;
				GCC_VERSION = com.apple.compilers.llvm.clang.1_0;
				GCC_WARN_64_TO_32_BIT_CONVERSION = YES;
				GCC_WARN_ABOUT_RETURN_TYPE = YES;
				GCC_WARN_UNDECLARED_SELECTOR = YES;
				GCC_WARN_UNINITIALIZED_AUTOS = YES;
				GCC_WARN_UNUSED_FUNCTION = YES;
				GCC_WARN_UNUSED_VARIABLE = YES;
				HEADER_SEARCH_PATHS = "$(inherited)";
				IPHONEOS_DEPLOYMENT_TARGET = 8.1;
				LIBRARY_SEARCH_PATHS = "$(inherited)";
				ONLY_ACTIVE_ARCH = YES;
				OTHER_CFLAGS = "-DNS_BLOCK_ASSERTIONS=1";
				OTHER_LDFLAGS = "$(inherited)";
				PROVISIONING_PROFILE = "";
				"PROVISIONING_PROFILE[sdk=iphoneos*]" = "";
				SDKROOT = iphoneos;
				TARGETED_DEVICE_FAMILY = "1,2";
				VALIDATE_PRODUCT = YES;
				VALID_ARCHS = "armv7 armv7s arm64";
			};
			name = Generika_AppStore;
		};
		935F8A46153DBCBE00642BDB /* Generika_AppStore */ = {
			isa = XCBuildConfiguration;
			baseConfigurationReference = B0638EBF595B6D8A30BBE8C0 /* Pods-Generika.generika_appstore.xcconfig */;
			buildSettings = {
				ASSETCATALOG_COMPILER_APPICON_NAME = AppIcon;
				ASSETCATALOG_COMPILER_LAUNCHIMAGE_NAME = LaunchImage;
				CLANG_ALLOW_NON_MODULAR_INCLUDES_IN_FRAMEWORK_MODULES = NO;
				CLANG_ENABLE_OBJC_ARC = YES;
				CODE_SIGN_ENTITLEMENTS = Generika/Generika.entitlements;
				CODE_SIGN_IDENTITY = "iPhone Developer";
				"CODE_SIGN_IDENTITY[sdk=iphoneos*]" = "iPhone Developer";
				GCC_PRECOMPILE_PREFIX_HEADER = YES;
				GCC_PREFIX_HEADER = "Generika/Generika-Prefix.pch";
				GCC_VERSION = com.apple.compilers.llvm.clang.1_0;
				GCC_WARN_UNINITIALIZED_AUTOS = YES;
				INFOPLIST_FILE = "Generika/Generika-Info.plist";
				IPHONEOS_DEPLOYMENT_TARGET = 8.0;
				LIBRARY_SEARCH_PATHS = "$(inherited)";
				ONLY_ACTIVE_ARCH = NO;
				OTHER_LDFLAGS = (
					"$(inherited)",
					"-l\"AFNetworking\"",
					"-l\"JSONKit-NoWarning\"",
					"-l\"NTMonthYearPicker\"",
					"-l\"ZBarSDK\"",
					"-l\"iconv\"",
					"-framework",
					"\"AVFoundation\"",
					"-framework",
					"\"CoreGraphics\"",
					"-framework",
					"\"CoreMedia\"",
					"-framework",
					"\"CoreVideo\"",
					"-framework",
					"\"MobileCoreServices\"",
					"-framework",
					"\"QuartzCore\"",
					"-framework",
					"\"Security\"",
					"-framework",
					"\"SystemConfiguration\"",
				);
				PRODUCT_BUNDLE_IDENTIFIER = "org.oddb.${PRODUCT_NAME:rfc1034identifier}";
				PRODUCT_NAME = generika;
				PROVISIONING_PROFILE = "";
				"PROVISIONING_PROFILE[sdk=*]" = "";
				"PROVISIONING_PROFILE[sdk=iphoneos*]" = "";
				SDKROOT = iphoneos;
				VALID_ARCHS = "armv7 armv7s arm64";
				WRAPPER_EXTENSION = app;
			};
			name = Generika_AppStore;
		};
		935F8A47153DBCBE00642BDB /* Generika_AppStore */ = {
			isa = XCBuildConfiguration;
			baseConfigurationReference = 2A1FFF20E1446C46E024C55C /* Pods-GenerikaTests.generika_appstore.xcconfig */;
			buildSettings = {
				BUNDLE_LOADER = "$(TEST_HOST)";
				CODE_SIGN_IDENTITY = "iPhone Distribution";
				"CODE_SIGN_IDENTITY[sdk=iphoneos*]" = "iPhone Distribution";
				ENABLE_BITCODE = YES;
				ENABLE_ON_DEMAND_RESOURCES = NO;
				FRAMEWORK_SEARCH_PATHS = (
					"$(SDKROOT)/Developer/Library/Frameworks",
					"$(inherited)",
				);
				GCC_PRECOMPILE_PREFIX_HEADER = YES;
				GCC_PREFIX_HEADER = "Generika/Generika-Prefix.pch";
				INFOPLIST_FILE = "GenerikaTests/GenerikaTests-Info.plist";
				LIBRARY_SEARCH_PATHS = "$(inherited)";
				ONLY_ACTIVE_ARCH = NO;
				PRODUCT_BUNDLE_IDENTIFIER = "org.oddb.${PRODUCT_NAME:rfc1034identifier}";
				PRODUCT_NAME = generikaTests;
				PROVISIONING_PROFILE = "";
				"PROVISIONING_PROFILE[sdk=iphoneos*]" = "";
				TEST_HOST = "$(BUILT_PRODUCTS_DIR)/generika.app/generika";
				VALID_ARCHS = "armv7 armv7s arm64";
			};
			name = Generika_AppStore;
		};
/* End XCBuildConfiguration section */

/* Begin XCConfigurationList section */
		8192735D1535D56D0060859C /* Build configuration list for PBXProject "Generika" */ = {
			isa = XCConfigurationList;
			buildConfigurations = (
				8192739A1535D56E0060859C /* Debug */,
				8192739B1535D56E0060859C /* Release */,
				935F8A45153DBCBE00642BDB /* Generika_AppStore */,
			);
			defaultConfigurationIsVisible = 0;
			defaultConfigurationName = Debug;
		};
		8192739C1535D56E0060859C /* Build configuration list for PBXNativeTarget "Generika" */ = {
			isa = XCConfigurationList;
			buildConfigurations = (
				8192739D1535D56E0060859C /* Debug */,
				8192739E1535D56E0060859C /* Release */,
				935F8A46153DBCBE00642BDB /* Generika_AppStore */,
			);
			defaultConfigurationIsVisible = 0;
			defaultConfigurationName = Debug;
		};
		8192739F1535D56E0060859C /* Build configuration list for PBXNativeTarget "GenerikaTests" */ = {
			isa = XCConfigurationList;
			buildConfigurations = (
				819273A01535D56E0060859C /* Debug */,
				819273A11535D56E0060859C /* Release */,
				935F8A47153DBCBE00642BDB /* Generika_AppStore */,
			);
			defaultConfigurationIsVisible = 0;
			defaultConfigurationName = Debug;
		};
/* End XCConfigurationList section */
	};
	rootObject = 8192735A1535D56D0060859C /* Project object */;
}
